// !$*UTF8*$!
{
	archiveVersion = 1;
	classes = {
	};
	objectVersion = 77;
	objects = {

/* Begin PBXBuildFile section */
		004112EE5EE91CBC2EEA5BA2 /* ActionSpeed.swift in Sources */ = {isa = PBXBuildFile; fileRef = BC5D574FF1A0958BF3D7E629 /* ActionSpeed.swift */; };
		037CC6DD35987E1069EC8E30 /* CloudKitPlayerSaveSync.swift in Sources */ = {isa = PBXBuildFile; fileRef = 016D85608EE4392958B395C9 /* CloudKitPlayerSaveSync.swift */; };
		0AC82612ECBE21174731AC5C /* PlayerSaveStore.swift in Sources */ = {isa = PBXBuildFile; fileRef = 3059A4513D7515F092DA04DA /* PlayerSaveStore.swift */; };
		0B90A40C6529B95C49576E45 /* JourneyContentTests.swift in Sources */ = {isa = PBXBuildFile; fileRef = 6D5EA88828F72B5DA0CA525F /* JourneyContentTests.swift */; };
		0FB570DC2519949443867F27 /* CombatantHealthDetail.swift in Sources */ = {isa = PBXBuildFile; fileRef = E0A237DA8D2CB7EB2FEDBA95 /* CombatantHealthDetail.swift */; };
		10420DB76B7753231EF5981D /* SearchSmokeTests.swift in Sources */ = {isa = PBXBuildFile; fileRef = 06E1A20AE7C8994B1A8D47C5 /* SearchSmokeTests.swift */; };
		11F707F7833A236E4137A5AC /* AppEnvironmentTests.swift in Sources */ = {isa = PBXBuildFile; fileRef = AA2A11DAF9962C6785E6B814 /* AppEnvironmentTests.swift */; };
		12CCECCD042C1F806951D0A9 /* HeroDetailSmokeTests.swift in Sources */ = {isa = PBXBuildFile; fileRef = B6F57B4F223357F6A22CCEEB /* HeroDetailSmokeTests.swift */; };
		1512296463DD2CF36F2CFEB8 /* PlayerJourneyStore.swift in Sources */ = {isa = PBXBuildFile; fileRef = 968937AE87F4AF4DA28A5823 /* PlayerJourneyStore.swift */; };
		1A5DF46E565CA6F89A4FBC77 /* CombatantDetail.swift in Sources */ = {isa = PBXBuildFile; fileRef = 347BB1AB82B612306606BC5E /* CombatantDetail.swift */; };
		1B17EF37C44E72F215CACD2F /* EmptySlots.swift in Sources */ = {isa = PBXBuildFile; fileRef = 9BA113D28663DD99A31408B3 /* EmptySlots.swift */; };
		1C4A75FA505FD68E87E9AAB1 /* music_menu_1.m4a in Resources */ = {isa = PBXBuildFile; fileRef = D1D30B98EECEDB98A3608EDB /* music_menu_1.m4a */; };
		1C877714E6F7A158035CA09D /* Enemy.swift in Sources */ = {isa = PBXBuildFile; fileRef = 1532C41155B50F7FF36BB3E7 /* Enemy.swift */; };
		1DD13A8FE70A0115990D3F65 /* CombatantCollectionDetailView.swift in Sources */ = {isa = PBXBuildFile; fileRef = 87841683BEB70D6891DEFE69 /* CombatantCollectionDetailView.swift */; };
		1FBA166114FA95B589384BBA /* PlayerRosterStore.swift in Sources */ = {isa = PBXBuildFile; fileRef = 6E05148A596023F71EC6F7C3 /* PlayerRosterStore.swift */; };
		2779168B15191088A3B97C78 /* CollectionSmokeTests.swift in Sources */ = {isa = PBXBuildFile; fileRef = 24A588423B8C52AF3D9FA851 /* CollectionSmokeTests.swift */; };
		2A0E6AAEB50A8DFB7A7F3845 /* BattleSmokeTests.swift in Sources */ = {isa = PBXBuildFile; fileRef = F84F536115F01471A0ED9BC2 /* BattleSmokeTests.swift */; };
		2BABC6AFAC8CFD19F98B0DE2 /* GameContent.swift in Sources */ = {isa = PBXBuildFile; fileRef = 429D8A44231746AA8118D5EA /* GameContent.swift */; };
		2CA3D242D2D61C8D795CD130 /* AbilityTierPickerSheet.swift in Sources */ = {isa = PBXBuildFile; fileRef = BF4265C96C40FA204B6FBCF3 /* AbilityTierPickerSheet.swift */; };
		2F69665B3C9BED8030C553CE /* SeededRandomNumberGenerator.swift in Sources */ = {isa = PBXBuildFile; fileRef = 89B84FDFE6027513E5DC73E8 /* SeededRandomNumberGenerator.swift */; };
		3053162A7F2673D9819621A9 /* PlayerInventoryStoreTests.swift in Sources */ = {isa = PBXBuildFile; fileRef = 4362E34D0EBFEC0161B41D12 /* PlayerInventoryStoreTests.swift */; };
		3053ECE7D253C0B6E5536E88 /* MusicModels.swift in Sources */ = {isa = PBXBuildFile; fileRef = 568CA731A0659B6B990993E3 /* MusicModels.swift */; };
		326BDC36B29C8CEA8D5B4944 /* PlayerSaveSanitizerTests.swift in Sources */ = {isa = PBXBuildFile; fileRef = A070826715C7CAD963F7C900 /* PlayerSaveSanitizerTests.swift */; };
		3300AE189FC1CA8B733509D2 /* AppEnvironment.swift in Sources */ = {isa = PBXBuildFile; fileRef = 8F4F5008156859F661347AEE /* AppEnvironment.swift */; };
		34B0ABD5A43422308E908004 /* EffectModelTests.swift in Sources */ = {isa = PBXBuildFile; fileRef = C036D108B8D8714857531934 /* EffectModelTests.swift */; };
		381688F1CAF45AF5B8AE41ED /* BattleStateSchedulingTests.swift in Sources */ = {isa = PBXBuildFile; fileRef = 003A0737522A6E1EDF301911 /* BattleStateSchedulingTests.swift */; };
		3AB0340125D10F66A14E0CD4 /* PetsGridView.swift in Sources */ = {isa = PBXBuildFile; fileRef = C1D18968CA4AB10F7D9E651E /* PetsGridView.swift */; };
		3BDA24D7AA0729EED8B60A47 /* music_boss_frostwarden.m4a in Resources */ = {isa = PBXBuildFile; fileRef = D6A71A45CB0232807C35A833 /* music_boss_frostwarden.m4a */; };
		3E7AC8926624B847BBA703C1 /* StageCompletion.swift in Sources */ = {isa = PBXBuildFile; fileRef = 3D8CABFB14B1AB535F450557 /* StageCompletion.swift */; };
		41160DA084928326881122F0 /* PlayerRosterTests.swift in Sources */ = {isa = PBXBuildFile; fileRef = 90DFB68E089F941D1CD8FEEE /* PlayerRosterTests.swift */; };
		41315E737AFF76DE38FBA3EB /* MusicCatalog.generated.swift in Sources */ = {isa = PBXBuildFile; fileRef = B7CA053284B3CEE39DEE9819 /* MusicCatalog.generated.swift */; };
		42A588B79BD53D41FAF692D3 /* SavedEffectRoundtripTests.swift in Sources */ = {isa = PBXBuildFile; fileRef = 64ED3F56EC6B7BDEA6E9ABA3 /* SavedEffectRoundtripTests.swift */; };
		46475D2E1895CC8D41AF7DE7 /* PlayerSaveSanitizer.swift in Sources */ = {isa = PBXBuildFile; fileRef = 001383C7F83FE8437683AD2A /* PlayerSaveSanitizer.swift */; };
		4AD0691025C95E3D170814F5 /* AppStateTests.swift in Sources */ = {isa = PBXBuildFile; fileRef = 8F878C46477AE9CD0197CFD8 /* AppStateTests.swift */; };
		4B8F75949757B5293FC90A9A /* PlayerSaveStoreTests.swift in Sources */ = {isa = PBXBuildFile; fileRef = 2FFB560DF2BEC4AE154564E0 /* PlayerSaveStoreTests.swift */; };
		4C2EF603B37BAF4632847C75 /* BattleVictorySummary.swift in Sources */ = {isa = PBXBuildFile; fileRef = 2336A6145BC2BF1C5EEE6072 /* BattleVictorySummary.swift */; };
		551999D2C8803BDBC5651E4A /* music_boss_forge_golem.m4a in Resources */ = {isa = PBXBuildFile; fileRef = 2FD23B6740A3565027D2A103 /* music_boss_forge_golem.m4a */; };
		5536F751338BCE35A0E116AA /* BattleSimulator.swift in Sources */ = {isa = PBXBuildFile; fileRef = 6BEC9F4E5001820CB674DFC1 /* BattleSimulator.swift */; };
		554CA0EA31452D792F43F2EA /* PlayView.swift in Sources */ = {isa = PBXBuildFile; fileRef = AE9644A89F778120278E7791 /* PlayView.swift */; };
		5B18A0250A2237D41BE2D297 /* PlaceholderTabView.swift in Sources */ = {isa = PBXBuildFile; fileRef = 54F4ECC4FED5B8FAF1266863 /* PlaceholderTabView.swift */; };
		5C9A202736053647F011A2A4 /* music_boss_blight_treant.m4a in Resources */ = {isa = PBXBuildFile; fileRef = F11B241CDB6DAA90DC7E1311 /* music_boss_blight_treant.m4a */; };
		5D4D429EE0126AA1B9CFFEBD /* CombatantCollectionDetailSheet.swift in Sources */ = {isa = PBXBuildFile; fileRef = F5C7110486A1F1BB78BD228C /* CombatantCollectionDetailSheet.swift */; };
		5E6F34A79043BE52BCAB194B /* PlayerSaveFileStore.swift in Sources */ = {isa = PBXBuildFile; fileRef = 9BA07D03CFF5D5ABED8B5894 /* PlayerSaveFileStore.swift */; };
		5FF44064C8DFDB57EDCED7E5 /* BattleFlowUITests.swift in Sources */ = {isa = PBXBuildFile; fileRef = 51450F5568FC102C62BE459D /* BattleFlowUITests.swift */; };
		5FFDA92BAF3539D0427E04CE /* HeroHeaderLayout.swift in Sources */ = {isa = PBXBuildFile; fileRef = 4DDBE5745A194C412DB428CB /* HeroHeaderLayout.swift */; };
		603EA1FAA71B279DCBC53493 /* MotionObserver.swift in Sources */ = {isa = PBXBuildFile; fileRef = 288A748C54E56F2D989F5B93 /* MotionObserver.swift */; };
		62E49A7F4C1F31EF94AB40ED /* CombatantArtwork.swift in Sources */ = {isa = PBXBuildFile; fileRef = 91BF8380DB16DE532A84024C /* CombatantArtwork.swift */; };
		62EA2B3C00AA6E22255E0306 /* PlaySmokeTests.swift in Sources */ = {isa = PBXBuildFile; fileRef = A9BAF344DA6508B76C0355DB /* PlaySmokeTests.swift */; };
		66011609C3194A5920ADF322 /* SavedEffect.swift in Sources */ = {isa = PBXBuildFile; fileRef = 60D15D0BBE17B8209C0E1D04 /* SavedEffect.swift */; };
		6828CEEBA77131DE9D7E7285 /* MusicPlayer.swift in Sources */ = {isa = PBXBuildFile; fileRef = C9DCF85128AEC8577B0356E0 /* MusicPlayer.swift */; };
		6D1EE9C6AFEC6E4608BB0BCB /* HomesteadSmokeTests.swift in Sources */ = {isa = PBXBuildFile; fileRef = 1869BF8BD4946DDA87CE066E /* HomesteadSmokeTests.swift */; };
		6E6ED2C8190DD877CF0E8E78 /* BattleEffectTests.swift in Sources */ = {isa = PBXBuildFile; fileRef = C830DB0F9FAC0426BD7BBBB8 /* BattleEffectTests.swift */; };
		6ED3FDDA384877FC5365759A /* SimulationResults.swift in Sources */ = {isa = PBXBuildFile; fileRef = 28EE3F0126FE07615AA25F11 /* SimulationResults.swift */; };
		6F3E0CEE481E5EA51581FC0A /* HeroesGridView.swift in Sources */ = {isa = PBXBuildFile; fileRef = AFE3AE44DE2A80E47CDC90CD /* HeroesGridView.swift */; };
		6FCB32B1A33C8DCE95D81C03 /* CollectionView.swift in Sources */ = {isa = PBXBuildFile; fileRef = 9F72FEB7E645FFDB20C49A6C /* CollectionView.swift */; };
		70A9B13C5A40602175E3BAC7 /* TabNavigationUITests.swift in Sources */ = {isa = PBXBuildFile; fileRef = B6DB6E4E21780CF00DC3CC2B /* TabNavigationUITests.swift */; };
		70C01EF50D38348CAED72FAF /* PlayerInventoryStore.swift in Sources */ = {isa = PBXBuildFile; fileRef = 7B798B754E4D0AD974583C21 /* PlayerInventoryStore.swift */; };
		715AF42073745528AF1D93BA /* ItemViews.swift in Sources */ = {isa = PBXBuildFile; fileRef = F86390BDE7F14CD4871091E4 /* ItemViews.swift */; };
		716872C35EDD8C442DC523BD /* EquipmentSlotSummaryGrid.swift in Sources */ = {isa = PBXBuildFile; fileRef = C0DB18CAC8448AE724D5B9BE /* EquipmentSlotSummaryGrid.swift */; };
		733B2552B0C049DC60F3A14B /* PlayerState.swift in Sources */ = {isa = PBXBuildFile; fileRef = 86BB382C7061493015E04850 /* PlayerState.swift */; };
		76E82C01E9E1D8478547C4D3 /* AppTypes.swift in Sources */ = {isa = PBXBuildFile; fileRef = 86E45F04BF076FEE8AF6123D /* AppTypes.swift */; };
		7D80BCFC09295EAE8FD68FF4 /* music_menu_4.m4a in Resources */ = {isa = PBXBuildFile; fileRef = 16F1DBD9A4B0ED28C9E417B1 /* music_menu_4.m4a */; };
		7F7DAAE4B73CB12FB4221681 /* Combatant.swift in Sources */ = {isa = PBXBuildFile; fileRef = 26AE7A325D5344AF030C3332 /* Combatant.swift */; };
		80AE6D28568A64FE32F1DB05 /* SavedPlayerState.swift in Sources */ = {isa = PBXBuildFile; fileRef = 4012A1AE6C63CE8396809643 /* SavedPlayerState.swift */; };
		830967275671E8392944E92D /* music_menu_2.m4a in Resources */ = {isa = PBXBuildFile; fileRef = 714E26B9A8CB07A3165594C8 /* music_menu_2.m4a */; };
		832F4F613E5492807C8B5D84 /* EnemyCatalogTests.swift in Sources */ = {isa = PBXBuildFile; fileRef = 14019B868280979361212BB9 /* EnemyCatalogTests.swift */; };
		86AC6EC358108CF14693CBCB /* PlayerSaveSyncStatus.swift in Sources */ = {isa = PBXBuildFile; fileRef = C181884BF9DE72277CF133D3 /* PlayerSaveSyncStatus.swift */; };
		86D13A653AFF678C497E77F6 /* BattleStateTests.swift in Sources */ = {isa = PBXBuildFile; fileRef = 5978C1EA252EEDBADA40D5C1 /* BattleStateTests.swift */; };
		8945939160C9ED005E596039 /* BattleState.swift in Sources */ = {isa = PBXBuildFile; fileRef = E475EE13E1487D90C6976139 /* BattleState.swift */; };
		89A9FC7452C718D9578C45AB /* OptionsSmokeTests.swift in Sources */ = {isa = PBXBuildFile; fileRef = 30B234F2C3D2BB67AE3BB31D /* OptionsSmokeTests.swift */; };
		8D85CF63EFB5707D87D4EBE1 /* PlayerSaveReconcilerTests.swift in Sources */ = {isa = PBXBuildFile; fileRef = 49FADE52B6934F24A407CABB /* PlayerSaveReconcilerTests.swift */; };
		8F4B05322F9DA9D389DDC505 /* music_battle_3.m4a in Resources */ = {isa = PBXBuildFile; fileRef = A036509514F16E54AF1B8F5E /* music_battle_3.m4a */; };
		97CC981C9842EDA07152AA3A /* MusicDirectorTests.swift in Sources */ = {isa = PBXBuildFile; fileRef = C55218B0202C07C8ADF98E68 /* MusicDirectorTests.swift */; };
		9880306A28B13BDE77B68F20 /* TrinketUITestCase.swift in Sources */ = {isa = PBXBuildFile; fileRef = 5A78D4906737C37A4BF10D10 /* TrinketUITestCase.swift */; };
		9C8E96DB792798B0B7ED4AC0 /* SearchView.swift in Sources */ = {isa = PBXBuildFile; fileRef = 437D8A973CF02F94F550E1E4 /* SearchView.swift */; };
		9DB610E0ACCB02E8895D727B /* PlayerSaveSyncFactoryTests.swift in Sources */ = {isa = PBXBuildFile; fileRef = AE3AB8A20EE9D785D395EEC4 /* PlayerSaveSyncFactoryTests.swift */; };
		A067E2E2FD16C165BF101191 /* VolumeOptionRow.swift in Sources */ = {isa = PBXBuildFile; fileRef = 814777C4155CA6CD1EDBDC48 /* VolumeOptionRow.swift */; };
		A06F86806FEEAEA15484A152 /* CombatantHeroHeader.swift in Sources */ = {isa = PBXBuildFile; fileRef = 32417F0F57A32E20F5E8DB26 /* CombatantHeroHeader.swift */; };
		A499447131CC39DB9255ACA8 /* TrinketDesign.swift in Sources */ = {isa = PBXBuildFile; fileRef = BCA51735A5B73B55C602985B /* TrinketDesign.swift */; };
		A4ACA5BA33EF0EBFBDC8458F /* Journey.swift in Sources */ = {isa = PBXBuildFile; fileRef = 91EFDB9DEDDD86FAF28E458E /* Journey.swift */; };
		A99A8B66D37AADBC5CC76007 /* KeywordTests.swift in Sources */ = {isa = PBXBuildFile; fileRef = 1622E57860C4D703995A478F /* KeywordTests.swift */; };
		A9F9536D95E742703E1E2F3D /* OptionsStoreTests.swift in Sources */ = {isa = PBXBuildFile; fileRef = B9EBCA4863102B3F66332996 /* OptionsStoreTests.swift */; };
		AB1B4B77DFDD051161492215 /* PlayerSaveReconciler.swift in Sources */ = {isa = PBXBuildFile; fileRef = EAC96E7654FE5410FCF57F2C /* PlayerSaveReconciler.swift */; };
		AC98C409B0D78A6AC52F6BA3 /* LocalOnlyPlayerSaveSync.swift in Sources */ = {isa = PBXBuildFile; fileRef = 124AAF7854286D40D95E5F14 /* LocalOnlyPlayerSaveSync.swift */; };
		AEDD4527F082E7ABA4521B8F /* AbilityCard.swift in Sources */ = {isa = PBXBuildFile; fileRef = B71B79EAE04A82ABAD865742 /* AbilityCard.swift */; };
		B23C39B8E9A413269913DF5A /* BattleSubviews.swift in Sources */ = {isa = PBXBuildFile; fileRef = 47F7E4BE52697AB762D21587 /* BattleSubviews.swift */; };
		B47074250012BAA11AF30B24 /* Enums.swift in Sources */ = {isa = PBXBuildFile; fileRef = F23440CC93C6AF578800C827 /* Enums.swift */; };
		B4962C96EF42788FC7DE308F /* HeroPetCatalogTests.swift in Sources */ = {isa = PBXBuildFile; fileRef = B26520DF143853D0969FAECD /* HeroPetCatalogTests.swift */; };
		B4C68B2402F5CCE152A80C3C /* Modifiers.swift in Sources */ = {isa = PBXBuildFile; fileRef = A32E33B5B520D1C4ED445063 /* Modifiers.swift */; };
		B55FDF0B6DB7A601885C431D /* MusicDirector.swift in Sources */ = {isa = PBXBuildFile; fileRef = 899EEFA79785C3120C8C8E1E /* MusicDirector.swift */; };
		B580C9F53363446FFFFCF4A5 /* CombatantDetailPane.swift in Sources */ = {isa = PBXBuildFile; fileRef = 2E63D000DD0D87BF69B0536A /* CombatantDetailPane.swift */; };
		B8C20CB1F73F8C11B690C394 /* Item.swift in Sources */ = {isa = PBXBuildFile; fileRef = 4B262CA605CC2AF3BAC40567 /* Item.swift */; };
		BB33F5B0A916F9457D64396D /* music_battle_1.m4a in Resources */ = {isa = PBXBuildFile; fileRef = 6B4E8FD77E55437261556342 /* music_battle_1.m4a */; };
		BC9C45ECBB823F9356789E87 /* ContentView.swift in Sources */ = {isa = PBXBuildFile; fileRef = 32679C1A9BAE8ADE74DBFD34 /* ContentView.swift */; };
		C02A14CACDFA3B55550636F4 /* PlayerSaveSyncing.swift in Sources */ = {isa = PBXBuildFile; fileRef = 766CB88EF7942D0B76F2F24B /* PlayerSaveSyncing.swift */; };
		C0661CA85EC3C684B645087A /* ItemGenerationTests.swift in Sources */ = {isa = PBXBuildFile; fileRef = F4A6868CF214763A40480F37 /* ItemGenerationTests.swift */; };
		C0A4A9DDD830A67EE2F5AFF5 /* AbilitySummaryGrid.swift in Sources */ = {isa = PBXBuildFile; fileRef = 24CA1D20B1A35114D2B61598 /* AbilitySummaryGrid.swift */; };
		C0D4FA8B858D88BB27503F8C /* PlayerSaveSyncCoordinatorTests.swift in Sources */ = {isa = PBXBuildFile; fileRef = 5A7EBBA846F540333707272B /* PlayerSaveSyncCoordinatorTests.swift */; };
		C3641E6D85CD25319DE4298B /* StageRewardTests.swift in Sources */ = {isa = PBXBuildFile; fileRef = E337C436B7698F74EADC51AE /* StageRewardTests.swift */; };
		C3E58F33099DD44C027B4EF2 /* BattleView.swift in Sources */ = {isa = PBXBuildFile; fileRef = F5D3EF948D89460BB07123D6 /* BattleView.swift */; };
		C4A51AF4131CD2CB8D7FD2DD /* PlayerRosterStoreTests.swift in Sources */ = {isa = PBXBuildFile; fileRef = 92CCB0C179E1FB2FF59D94CB /* PlayerRosterStoreTests.swift */; };
		C5E0C9B4A62F0F758A820E15 /* AppState.swift in Sources */ = {isa = PBXBuildFile; fileRef = 46AC8420C0B4328F5187B55D /* AppState.swift */; };
		C5E487CC286D93FF516EA957 /* TrinketApp.swift in Sources */ = {isa = PBXBuildFile; fileRef = 9EB54342F6A6FD993F1FBFCF /* TrinketApp.swift */; };
		CAADB41295C28813A505AA4B /* PlayerSaveSyncCoordinator.swift in Sources */ = {isa = PBXBuildFile; fileRef = F8D51B4459EF2745EE7B905B /* PlayerSaveSyncCoordinator.swift */; };
		CB751728F8372E72384A47F3 /* music_battle_5.m4a in Resources */ = {isa = PBXBuildFile; fileRef = 54EA46B50A26CAD41FEE386A /* music_battle_5.m4a */; };
		CF3BAF87D71A3FD55660341C /* PlayerSaveMigrationTests.swift in Sources */ = {isa = PBXBuildFile; fileRef = DDEEE7C69B927E5A5C87B01B /* PlayerSaveMigrationTests.swift */; };
		CF563346E449A54767ACC2CC /* HeroHeaderLayoutTests.swift in Sources */ = {isa = PBXBuildFile; fileRef = B2D45DDAFB52790838CC4D10 /* HeroHeaderLayoutTests.swift */; };
		CFCCE468F84DF2E2824BF896 /* ItemCard.swift in Sources */ = {isa = PBXBuildFile; fileRef = F134CA07356C4E6289659328 /* ItemCard.swift */; };
		D41D0D42FBE5530854CD6F68 /* PlayerSaveFileStoreTests.swift in Sources */ = {isa = PBXBuildFile; fileRef = 2BDDEAAA72F0F53F0DE9AA8D /* PlayerSaveFileStoreTests.swift */; };
		D4B6C64A1B6B6815884EDBAD /* SearchUITests.swift in Sources */ = {isa = PBXBuildFile; fileRef = B181BBF9AD2C8734B9A493B1 /* SearchUITests.swift */; };
		D78954FC66153D11DB8496CE /* BattleSession.swift in Sources */ = {isa = PBXBuildFile; fileRef = E54669B75A4E2ED6D6E1D3FF /* BattleSession.swift */; };
		DAE36E734A12F7895D44B123 /* music_battle_2.m4a in Resources */ = {isa = PBXBuildFile; fileRef = F586133A7383F3D2E7BD70A8 /* music_battle_2.m4a */; };
		DB43434C1290C0EFD6BDD271 /* ArtCatalog.generated.swift in Sources */ = {isa = PBXBuildFile; fileRef = 28B17566A405416D98A55797 /* ArtCatalog.generated.swift */; };
		DF9CB2AA8BA23DEE836FF522 /* music_boss_iron_bear.m4a in Resources */ = {isa = PBXBuildFile; fileRef = 77D9C77B3383418401FDD73C /* music_boss_iron_bear.m4a */; };
		E0B0375856644938DA605D7B /* CombatantCard.swift in Sources */ = {isa = PBXBuildFile; fileRef = A2AEFB3AF37B08FB51448330 /* CombatantCard.swift */; };
		E33EB16F37A2F2F2AE2B5F92 /* LaunchScreenUITests.swift in Sources */ = {isa = PBXBuildFile; fileRef = 7AD254B2DAD999261D98A70C /* LaunchScreenUITests.swift */; };
		E37D76BD50D4DB03EF7B7082 /* JourneyProgressTests.swift in Sources */ = {isa = PBXBuildFile; fileRef = EAE7D6AFF460347CBC1A5DC9 /* JourneyProgressTests.swift */; };
		E59EE30587F545217362982A /* music_battle_4.m4a in Resources */ = {isa = PBXBuildFile; fileRef = 837744DAF3744FEB7CCC7D33 /* music_battle_4.m4a */; };
		E65ED3179E4512091FFA65C8 /* Ability.swift in Sources */ = {isa = PBXBuildFile; fileRef = 5352B490AF92FFE0D7753298 /* Ability.swift */; };
		E74F7746473D291F0B93322F /* ActiveBattleConfiguration.swift in Sources */ = {isa = PBXBuildFile; fileRef = F3B0BF2908CA3AB98FCCE560 /* ActiveBattleConfiguration.swift */; };
		EC35B35A142514184E036B36 /* PlayerSave.swift in Sources */ = {isa = PBXBuildFile; fileRef = 0B865B185E48E642F8C4418E /* PlayerSave.swift */; };
		ED6F6CE0BB91D552C37C1EE2 /* PlayerSaveMigration.swift in Sources */ = {isa = PBXBuildFile; fileRef = 1B99B58146F18E267DC8B1FB /* PlayerSaveMigration.swift */; };
		EE30D7D59F6902A352FD35F8 /* OptionsView.swift in Sources */ = {isa = PBXBuildFile; fileRef = 3CEC947E893452FC5D8E2081 /* OptionsView.swift */; };
		EE6011AE2C0BE69860F552DF /* KeywordDescriptionText.swift in Sources */ = {isa = PBXBuildFile; fileRef = C1C977B6CD840EBD213B9B05 /* KeywordDescriptionText.swift */; };
		F27756CBB55AB57711793F4C /* music_menu_3.m4a in Resources */ = {isa = PBXBuildFile; fileRef = BA72203384B18518CBD9713B /* music_menu_3.m4a */; };
		F502BFE43A9F6EEA4D8A2126 /* PetDetailSmokeTests.swift in Sources */ = {isa = PBXBuildFile; fileRef = 8EC930AB389358B739A2B97F /* PetDetailSmokeTests.swift */; };
		F9A855C48174CD69565EC047 /* ItemDetailSmokeTests.swift in Sources */ = {isa = PBXBuildFile; fileRef = 91849E69A56975176C347715 /* ItemDetailSmokeTests.swift */; };
		F9D95B8C131F9E36ECEA7C11 /* Assets.xcassets in Resources */ = {isa = PBXBuildFile; fileRef = 8241DDA3B7612A6E5B8B9EDF /* Assets.xcassets */; };
		FAA47725F11C48BC843A3EFD /* OptionsStore.swift in Sources */ = {isa = PBXBuildFile; fileRef = E4B491A0A9519D754A3DAAF9 /* OptionsStore.swift */; };
		FB768D6C41E3CBA4B39F3A8F /* ItemSlotPickerView.swift in Sources */ = {isa = PBXBuildFile; fileRef = 769E5E691395F845BABD973F /* ItemSlotPickerView.swift */; };
		FC1C937AD1C4C47257B9D1BE /* BattleSimulatorTests.swift in Sources */ = {isa = PBXBuildFile; fileRef = 62375A0D4AD99EB4A1D32358 /* BattleSimulatorTests.swift */; };
		FD7A5472E14CCB3F97A9BB09 /* AudioSessionCoordinator.swift in Sources */ = {isa = PBXBuildFile; fileRef = 7E1072E6390668F9CDAFDDF0 /* AudioSessionCoordinator.swift */; };
/* End PBXBuildFile section */

/* Begin PBXContainerItemProxy section */
		7B7B9DC370A5716BDB7204FA /* PBXContainerItemProxy */ = {
			isa = PBXContainerItemProxy;
			containerPortal = 5A9D4A823D9A51FFDE88B050 /* Project object */;
			proxyType = 1;
			remoteGlobalIDString = 86015561E99105F8A5BDDC7D;
			remoteInfo = Trinket;
		};
		CC19ED7A0742D49E50D7ACA3 /* PBXContainerItemProxy */ = {
			isa = PBXContainerItemProxy;
			containerPortal = 5A9D4A823D9A51FFDE88B050 /* Project object */;
			proxyType = 1;
			remoteGlobalIDString = 86015561E99105F8A5BDDC7D;
			remoteInfo = Trinket;
		};
/* End PBXContainerItemProxy section */

/* Begin PBXFileReference section */
		001383C7F83FE8437683AD2A /* PlayerSaveSanitizer.swift */ = {isa = PBXFileReference; lastKnownFileType = sourcecode.swift; path = PlayerSaveSanitizer.swift; sourceTree = "<group>"; };
		003A0737522A6E1EDF301911 /* BattleStateSchedulingTests.swift */ = {isa = PBXFileReference; lastKnownFileType = sourcecode.swift; path = BattleStateSchedulingTests.swift; sourceTree = "<group>"; };
		016D85608EE4392958B395C9 /* CloudKitPlayerSaveSync.swift */ = {isa = PBXFileReference; lastKnownFileType = sourcecode.swift; path = CloudKitPlayerSaveSync.swift; sourceTree = "<group>"; };
		06E1A20AE7C8994B1A8D47C5 /* SearchSmokeTests.swift */ = {isa = PBXFileReference; lastKnownFileType = sourcecode.swift; path = SearchSmokeTests.swift; sourceTree = "<group>"; };
		0B865B185E48E642F8C4418E /* PlayerSave.swift */ = {isa = PBXFileReference; lastKnownFileType = sourcecode.swift; path = PlayerSave.swift; sourceTree = "<group>"; };
		0EE632E24DC0BBC45CF233E6 /* TrinketUITests.xctest */ = {isa = PBXFileReference; includeInIndex = 0; lastKnownFileType = wrapper.cfbundle; path = TrinketUITests.xctest; sourceTree = BUILT_PRODUCTS_DIR; };
		124AAF7854286D40D95E5F14 /* LocalOnlyPlayerSaveSync.swift */ = {isa = PBXFileReference; lastKnownFileType = sourcecode.swift; path = LocalOnlyPlayerSaveSync.swift; sourceTree = "<group>"; };
		14019B868280979361212BB9 /* EnemyCatalogTests.swift */ = {isa = PBXFileReference; lastKnownFileType = sourcecode.swift; path = EnemyCatalogTests.swift; sourceTree = "<group>"; };
		1524241C62BF8C54E3A7CDF8 /* Trinket.app */ = {isa = PBXFileReference; includeInIndex = 0; lastKnownFileType = wrapper.application; path = Trinket.app; sourceTree = BUILT_PRODUCTS_DIR; };
		1532C41155B50F7FF36BB3E7 /* Enemy.swift */ = {isa = PBXFileReference; lastKnownFileType = sourcecode.swift; path = Enemy.swift; sourceTree = "<group>"; };
		1622E57860C4D703995A478F /* KeywordTests.swift */ = {isa = PBXFileReference; lastKnownFileType = sourcecode.swift; path = KeywordTests.swift; sourceTree = "<group>"; };
		16F1DBD9A4B0ED28C9E417B1 /* music_menu_4.m4a */ = {isa = PBXFileReference; path = music_menu_4.m4a; sourceTree = "<group>"; };
		1869BF8BD4946DDA87CE066E /* HomesteadSmokeTests.swift */ = {isa = PBXFileReference; lastKnownFileType = sourcecode.swift; path = HomesteadSmokeTests.swift; sourceTree = "<group>"; };
		1B99B58146F18E267DC8B1FB /* PlayerSaveMigration.swift */ = {isa = PBXFileReference; lastKnownFileType = sourcecode.swift; path = PlayerSaveMigration.swift; sourceTree = "<group>"; };
		2336A6145BC2BF1C5EEE6072 /* BattleVictorySummary.swift */ = {isa = PBXFileReference; lastKnownFileType = sourcecode.swift; path = BattleVictorySummary.swift; sourceTree = "<group>"; };
		24A588423B8C52AF3D9FA851 /* CollectionSmokeTests.swift */ = {isa = PBXFileReference; lastKnownFileType = sourcecode.swift; path = CollectionSmokeTests.swift; sourceTree = "<group>"; };
		24CA1D20B1A35114D2B61598 /* AbilitySummaryGrid.swift */ = {isa = PBXFileReference; lastKnownFileType = sourcecode.swift; path = AbilitySummaryGrid.swift; sourceTree = "<group>"; };
		26AE7A325D5344AF030C3332 /* Combatant.swift */ = {isa = PBXFileReference; lastKnownFileType = sourcecode.swift; path = Combatant.swift; sourceTree = "<group>"; };
		288A748C54E56F2D989F5B93 /* MotionObserver.swift */ = {isa = PBXFileReference; lastKnownFileType = sourcecode.swift; path = MotionObserver.swift; sourceTree = "<group>"; };
		28B17566A405416D98A55797 /* ArtCatalog.generated.swift */ = {isa = PBXFileReference; lastKnownFileType = sourcecode.swift; path = ArtCatalog.generated.swift; sourceTree = "<group>"; };
		28EE3F0126FE07615AA25F11 /* SimulationResults.swift */ = {isa = PBXFileReference; lastKnownFileType = sourcecode.swift; path = SimulationResults.swift; sourceTree = "<group>"; };
		2BDDEAAA72F0F53F0DE9AA8D /* PlayerSaveFileStoreTests.swift */ = {isa = PBXFileReference; lastKnownFileType = sourcecode.swift; path = PlayerSaveFileStoreTests.swift; sourceTree = "<group>"; };
		2E63D000DD0D87BF69B0536A /* CombatantDetailPane.swift */ = {isa = PBXFileReference; lastKnownFileType = sourcecode.swift; path = CombatantDetailPane.swift; sourceTree = "<group>"; };
		2FD23B6740A3565027D2A103 /* music_boss_forge_golem.m4a */ = {isa = PBXFileReference; path = music_boss_forge_golem.m4a; sourceTree = "<group>"; };
		2FFB560DF2BEC4AE154564E0 /* PlayerSaveStoreTests.swift */ = {isa = PBXFileReference; lastKnownFileType = sourcecode.swift; path = PlayerSaveStoreTests.swift; sourceTree = "<group>"; };
		3059A4513D7515F092DA04DA /* PlayerSaveStore.swift */ = {isa = PBXFileReference; lastKnownFileType = sourcecode.swift; path = PlayerSaveStore.swift; sourceTree = "<group>"; };
		30B234F2C3D2BB67AE3BB31D /* OptionsSmokeTests.swift */ = {isa = PBXFileReference; lastKnownFileType = sourcecode.swift; path = OptionsSmokeTests.swift; sourceTree = "<group>"; };
		32417F0F57A32E20F5E8DB26 /* CombatantHeroHeader.swift */ = {isa = PBXFileReference; lastKnownFileType = sourcecode.swift; path = CombatantHeroHeader.swift; sourceTree = "<group>"; };
		32679C1A9BAE8ADE74DBFD34 /* ContentView.swift */ = {isa = PBXFileReference; lastKnownFileType = sourcecode.swift; path = ContentView.swift; sourceTree = "<group>"; };
		347BB1AB82B612306606BC5E /* CombatantDetail.swift */ = {isa = PBXFileReference; lastKnownFileType = sourcecode.swift; path = CombatantDetail.swift; sourceTree = "<group>"; };
		3CEC947E893452FC5D8E2081 /* OptionsView.swift */ = {isa = PBXFileReference; lastKnownFileType = sourcecode.swift; path = OptionsView.swift; sourceTree = "<group>"; };
		3D8CABFB14B1AB535F450557 /* StageCompletion.swift */ = {isa = PBXFileReference; lastKnownFileType = sourcecode.swift; path = StageCompletion.swift; sourceTree = "<group>"; };
		4012A1AE6C63CE8396809643 /* SavedPlayerState.swift */ = {isa = PBXFileReference; lastKnownFileType = sourcecode.swift; path = SavedPlayerState.swift; sourceTree = "<group>"; };
		4058BC1CE8ECD030168E8758 /* Integration.xctestplan */ = {isa = PBXFileReference; path = Integration.xctestplan; sourceTree = "<group>"; };
		429D8A44231746AA8118D5EA /* GameContent.swift */ = {isa = PBXFileReference; lastKnownFileType = sourcecode.swift; path = GameContent.swift; sourceTree = "<group>"; };
		4362E34D0EBFEC0161B41D12 /* PlayerInventoryStoreTests.swift */ = {isa = PBXFileReference; lastKnownFileType = sourcecode.swift; path = PlayerInventoryStoreTests.swift; sourceTree = "<group>"; };
		437D8A973CF02F94F550E1E4 /* SearchView.swift */ = {isa = PBXFileReference; lastKnownFileType = sourcecode.swift; path = SearchView.swift; sourceTree = "<group>"; };
		46AC8420C0B4328F5187B55D /* AppState.swift */ = {isa = PBXFileReference; lastKnownFileType = sourcecode.swift; path = AppState.swift; sourceTree = "<group>"; };
		47F7E4BE52697AB762D21587 /* BattleSubviews.swift */ = {isa = PBXFileReference; lastKnownFileType = sourcecode.swift; path = BattleSubviews.swift; sourceTree = "<group>"; };
		49FADE52B6934F24A407CABB /* PlayerSaveReconcilerTests.swift */ = {isa = PBXFileReference; lastKnownFileType = sourcecode.swift; path = PlayerSaveReconcilerTests.swift; sourceTree = "<group>"; };
		4B262CA605CC2AF3BAC40567 /* Item.swift */ = {isa = PBXFileReference; lastKnownFileType = sourcecode.swift; path = Item.swift; sourceTree = "<group>"; };
		4C88A8ED678690BF22A8EE2B /* Trinket.entitlements */ = {isa = PBXFileReference; lastKnownFileType = text.plist.entitlements; path = Trinket.entitlements; sourceTree = "<group>"; };
		4DDBE5745A194C412DB428CB /* HeroHeaderLayout.swift */ = {isa = PBXFileReference; lastKnownFileType = sourcecode.swift; path = HeroHeaderLayout.swift; sourceTree = "<group>"; };
		51450F5568FC102C62BE459D /* BattleFlowUITests.swift */ = {isa = PBXFileReference; lastKnownFileType = sourcecode.swift; path = BattleFlowUITests.swift; sourceTree = "<group>"; };
		5352B490AF92FFE0D7753298 /* Ability.swift */ = {isa = PBXFileReference; lastKnownFileType = sourcecode.swift; path = Ability.swift; sourceTree = "<group>"; };
		54EA46B50A26CAD41FEE386A /* music_battle_5.m4a */ = {isa = PBXFileReference; path = music_battle_5.m4a; sourceTree = "<group>"; };
		54F4ECC4FED5B8FAF1266863 /* PlaceholderTabView.swift */ = {isa = PBXFileReference; lastKnownFileType = sourcecode.swift; path = PlaceholderTabView.swift; sourceTree = "<group>"; };
		568CA731A0659B6B990993E3 /* MusicModels.swift */ = {isa = PBXFileReference; lastKnownFileType = sourcecode.swift; path = MusicModels.swift; sourceTree = "<group>"; };
		5978C1EA252EEDBADA40D5C1 /* BattleStateTests.swift */ = {isa = PBXFileReference; lastKnownFileType = sourcecode.swift; path = BattleStateTests.swift; sourceTree = "<group>"; };
		5A78D4906737C37A4BF10D10 /* TrinketUITestCase.swift */ = {isa = PBXFileReference; lastKnownFileType = sourcecode.swift; path = TrinketUITestCase.swift; sourceTree = "<group>"; };
		5A7EBBA846F540333707272B /* PlayerSaveSyncCoordinatorTests.swift */ = {isa = PBXFileReference; lastKnownFileType = sourcecode.swift; path = PlayerSaveSyncCoordinatorTests.swift; sourceTree = "<group>"; };
		60D15D0BBE17B8209C0E1D04 /* SavedEffect.swift */ = {isa = PBXFileReference; lastKnownFileType = sourcecode.swift; path = SavedEffect.swift; sourceTree = "<group>"; };
		62375A0D4AD99EB4A1D32358 /* BattleSimulatorTests.swift */ = {isa = PBXFileReference; lastKnownFileType = sourcecode.swift; path = BattleSimulatorTests.swift; sourceTree = "<group>"; };
		64ED3F56EC6B7BDEA6E9ABA3 /* SavedEffectRoundtripTests.swift */ = {isa = PBXFileReference; lastKnownFileType = sourcecode.swift; path = SavedEffectRoundtripTests.swift; sourceTree = "<group>"; };
		6B4E8FD77E55437261556342 /* music_battle_1.m4a */ = {isa = PBXFileReference; path = music_battle_1.m4a; sourceTree = "<group>"; };
		6BEC9F4E5001820CB674DFC1 /* BattleSimulator.swift */ = {isa = PBXFileReference; lastKnownFileType = sourcecode.swift; path = BattleSimulator.swift; sourceTree = "<group>"; };
		6D5EA88828F72B5DA0CA525F /* JourneyContentTests.swift */ = {isa = PBXFileReference; lastKnownFileType = sourcecode.swift; path = JourneyContentTests.swift; sourceTree = "<group>"; };
		6E05148A596023F71EC6F7C3 /* PlayerRosterStore.swift */ = {isa = PBXFileReference; lastKnownFileType = sourcecode.swift; path = PlayerRosterStore.swift; sourceTree = "<group>"; };
		714E26B9A8CB07A3165594C8 /* music_menu_2.m4a */ = {isa = PBXFileReference; path = music_menu_2.m4a; sourceTree = "<group>"; };
		766CB88EF7942D0B76F2F24B /* PlayerSaveSyncing.swift */ = {isa = PBXFileReference; lastKnownFileType = sourcecode.swift; path = PlayerSaveSyncing.swift; sourceTree = "<group>"; };
		769E5E691395F845BABD973F /* ItemSlotPickerView.swift */ = {isa = PBXFileReference; lastKnownFileType = sourcecode.swift; path = ItemSlotPickerView.swift; sourceTree = "<group>"; };
		77D9C77B3383418401FDD73C /* music_boss_iron_bear.m4a */ = {isa = PBXFileReference; path = music_boss_iron_bear.m4a; sourceTree = "<group>"; };
		7AD254B2DAD999261D98A70C /* LaunchScreenUITests.swift */ = {isa = PBXFileReference; lastKnownFileType = sourcecode.swift; path = LaunchScreenUITests.swift; sourceTree = "<group>"; };
		7B798B754E4D0AD974583C21 /* PlayerInventoryStore.swift */ = {isa = PBXFileReference; lastKnownFileType = sourcecode.swift; path = PlayerInventoryStore.swift; sourceTree = "<group>"; };
		7E1072E6390668F9CDAFDDF0 /* AudioSessionCoordinator.swift */ = {isa = PBXFileReference; lastKnownFileType = sourcecode.swift; path = AudioSessionCoordinator.swift; sourceTree = "<group>"; };
		814777C4155CA6CD1EDBDC48 /* VolumeOptionRow.swift */ = {isa = PBXFileReference; lastKnownFileType = sourcecode.swift; path = VolumeOptionRow.swift; sourceTree = "<group>"; };
		8241DDA3B7612A6E5B8B9EDF /* Assets.xcassets */ = {isa = PBXFileReference; lastKnownFileType = folder.assetcatalog; path = Assets.xcassets; sourceTree = "<group>"; };
		837744DAF3744FEB7CCC7D33 /* music_battle_4.m4a */ = {isa = PBXFileReference; path = music_battle_4.m4a; sourceTree = "<group>"; };
		86BB382C7061493015E04850 /* PlayerState.swift */ = {isa = PBXFileReference; lastKnownFileType = sourcecode.swift; path = PlayerState.swift; sourceTree = "<group>"; };
		86E45F04BF076FEE8AF6123D /* AppTypes.swift */ = {isa = PBXFileReference; lastKnownFileType = sourcecode.swift; path = AppTypes.swift; sourceTree = "<group>"; };
		87841683BEB70D6891DEFE69 /* CombatantCollectionDetailView.swift */ = {isa = PBXFileReference; lastKnownFileType = sourcecode.swift; path = CombatantCollectionDetailView.swift; sourceTree = "<group>"; };
		899EEFA79785C3120C8C8E1E /* MusicDirector.swift */ = {isa = PBXFileReference; lastKnownFileType = sourcecode.swift; path = MusicDirector.swift; sourceTree = "<group>"; };
		89B84FDFE6027513E5DC73E8 /* SeededRandomNumberGenerator.swift */ = {isa = PBXFileReference; lastKnownFileType = sourcecode.swift; path = SeededRandomNumberGenerator.swift; sourceTree = "<group>"; };
		8EC930AB389358B739A2B97F /* PetDetailSmokeTests.swift */ = {isa = PBXFileReference; lastKnownFileType = sourcecode.swift; path = PetDetailSmokeTests.swift; sourceTree = "<group>"; };
		8F4F5008156859F661347AEE /* AppEnvironment.swift */ = {isa = PBXFileReference; lastKnownFileType = sourcecode.swift; path = AppEnvironment.swift; sourceTree = "<group>"; };
		8F878C46477AE9CD0197CFD8 /* AppStateTests.swift */ = {isa = PBXFileReference; lastKnownFileType = sourcecode.swift; path = AppStateTests.swift; sourceTree = "<group>"; };
		90DFB68E089F941D1CD8FEEE /* PlayerRosterTests.swift */ = {isa = PBXFileReference; lastKnownFileType = sourcecode.swift; path = PlayerRosterTests.swift; sourceTree = "<group>"; };
		91849E69A56975176C347715 /* ItemDetailSmokeTests.swift */ = {isa = PBXFileReference; lastKnownFileType = sourcecode.swift; path = ItemDetailSmokeTests.swift; sourceTree = "<group>"; };
		91BF8380DB16DE532A84024C /* CombatantArtwork.swift */ = {isa = PBXFileReference; lastKnownFileType = sourcecode.swift; path = CombatantArtwork.swift; sourceTree = "<group>"; };
		91EFDB9DEDDD86FAF28E458E /* Journey.swift */ = {isa = PBXFileReference; lastKnownFileType = sourcecode.swift; path = Journey.swift; sourceTree = "<group>"; };
		92CCB0C179E1FB2FF59D94CB /* PlayerRosterStoreTests.swift */ = {isa = PBXFileReference; lastKnownFileType = sourcecode.swift; path = PlayerRosterStoreTests.swift; sourceTree = "<group>"; };
		968937AE87F4AF4DA28A5823 /* PlayerJourneyStore.swift */ = {isa = PBXFileReference; lastKnownFileType = sourcecode.swift; path = PlayerJourneyStore.swift; sourceTree = "<group>"; };
		9BA07D03CFF5D5ABED8B5894 /* PlayerSaveFileStore.swift */ = {isa = PBXFileReference; lastKnownFileType = sourcecode.swift; path = PlayerSaveFileStore.swift; sourceTree = "<group>"; };
		9BA113D28663DD99A31408B3 /* EmptySlots.swift */ = {isa = PBXFileReference; lastKnownFileType = sourcecode.swift; path = EmptySlots.swift; sourceTree = "<group>"; };
		9EB54342F6A6FD993F1FBFCF /* TrinketApp.swift */ = {isa = PBXFileReference; lastKnownFileType = sourcecode.swift; path = TrinketApp.swift; sourceTree = "<group>"; };
		9F72FEB7E645FFDB20C49A6C /* CollectionView.swift */ = {isa = PBXFileReference; lastKnownFileType = sourcecode.swift; path = CollectionView.swift; sourceTree = "<group>"; };
		A036509514F16E54AF1B8F5E /* music_battle_3.m4a */ = {isa = PBXFileReference; path = music_battle_3.m4a; sourceTree = "<group>"; };
		A070826715C7CAD963F7C900 /* PlayerSaveSanitizerTests.swift */ = {isa = PBXFileReference; lastKnownFileType = sourcecode.swift; path = PlayerSaveSanitizerTests.swift; sourceTree = "<group>"; };
		A2AEFB3AF37B08FB51448330 /* CombatantCard.swift */ = {isa = PBXFileReference; lastKnownFileType = sourcecode.swift; path = CombatantCard.swift; sourceTree = "<group>"; };
		A32E33B5B520D1C4ED445063 /* Modifiers.swift */ = {isa = PBXFileReference; lastKnownFileType = sourcecode.swift; path = Modifiers.swift; sourceTree = "<group>"; };
		A9BAF344DA6508B76C0355DB /* PlaySmokeTests.swift */ = {isa = PBXFileReference; lastKnownFileType = sourcecode.swift; path = PlaySmokeTests.swift; sourceTree = "<group>"; };
		AA2A11DAF9962C6785E6B814 /* AppEnvironmentTests.swift */ = {isa = PBXFileReference; lastKnownFileType = sourcecode.swift; path = AppEnvironmentTests.swift; sourceTree = "<group>"; };
		AE3AB8A20EE9D785D395EEC4 /* PlayerSaveSyncFactoryTests.swift */ = {isa = PBXFileReference; lastKnownFileType = sourcecode.swift; path = PlayerSaveSyncFactoryTests.swift; sourceTree = "<group>"; };
		AE9644A89F778120278E7791 /* PlayView.swift */ = {isa = PBXFileReference; lastKnownFileType = sourcecode.swift; path = PlayView.swift; sourceTree = "<group>"; };
		AFE3AE44DE2A80E47CDC90CD /* HeroesGridView.swift */ = {isa = PBXFileReference; lastKnownFileType = sourcecode.swift; path = HeroesGridView.swift; sourceTree = "<group>"; };
		B181BBF9AD2C8734B9A493B1 /* SearchUITests.swift */ = {isa = PBXFileReference; lastKnownFileType = sourcecode.swift; path = SearchUITests.swift; sourceTree = "<group>"; };
		B26520DF143853D0969FAECD /* HeroPetCatalogTests.swift */ = {isa = PBXFileReference; lastKnownFileType = sourcecode.swift; path = HeroPetCatalogTests.swift; sourceTree = "<group>"; };
		B2D45DDAFB52790838CC4D10 /* HeroHeaderLayoutTests.swift */ = {isa = PBXFileReference; lastKnownFileType = sourcecode.swift; path = HeroHeaderLayoutTests.swift; sourceTree = "<group>"; };
		B6DB6E4E21780CF00DC3CC2B /* TabNavigationUITests.swift */ = {isa = PBXFileReference; lastKnownFileType = sourcecode.swift; path = TabNavigationUITests.swift; sourceTree = "<group>"; };
		B6F57B4F223357F6A22CCEEB /* HeroDetailSmokeTests.swift */ = {isa = PBXFileReference; lastKnownFileType = sourcecode.swift; path = HeroDetailSmokeTests.swift; sourceTree = "<group>"; };
		B71B79EAE04A82ABAD865742 /* AbilityCard.swift */ = {isa = PBXFileReference; lastKnownFileType = sourcecode.swift; path = AbilityCard.swift; sourceTree = "<group>"; };
		B7CA053284B3CEE39DEE9819 /* MusicCatalog.generated.swift */ = {isa = PBXFileReference; lastKnownFileType = sourcecode.swift; path = MusicCatalog.generated.swift; sourceTree = "<group>"; };
		B9EBCA4863102B3F66332996 /* OptionsStoreTests.swift */ = {isa = PBXFileReference; lastKnownFileType = sourcecode.swift; path = OptionsStoreTests.swift; sourceTree = "<group>"; };
		BA72203384B18518CBD9713B /* music_menu_3.m4a */ = {isa = PBXFileReference; path = music_menu_3.m4a; sourceTree = "<group>"; };
		BC5D574FF1A0958BF3D7E629 /* ActionSpeed.swift */ = {isa = PBXFileReference; lastKnownFileType = sourcecode.swift; path = ActionSpeed.swift; sourceTree = "<group>"; };
		BCA51735A5B73B55C602985B /* TrinketDesign.swift */ = {isa = PBXFileReference; lastKnownFileType = sourcecode.swift; path = TrinketDesign.swift; sourceTree = "<group>"; };
		BF4265C96C40FA204B6FBCF3 /* AbilityTierPickerSheet.swift */ = {isa = PBXFileReference; lastKnownFileType = sourcecode.swift; path = AbilityTierPickerSheet.swift; sourceTree = "<group>"; };
		C036D108B8D8714857531934 /* EffectModelTests.swift */ = {isa = PBXFileReference; lastKnownFileType = sourcecode.swift; path = EffectModelTests.swift; sourceTree = "<group>"; };
		C0DB18CAC8448AE724D5B9BE /* EquipmentSlotSummaryGrid.swift */ = {isa = PBXFileReference; lastKnownFileType = sourcecode.swift; path = EquipmentSlotSummaryGrid.swift; sourceTree = "<group>"; };
		C181884BF9DE72277CF133D3 /* PlayerSaveSyncStatus.swift */ = {isa = PBXFileReference; lastKnownFileType = sourcecode.swift; path = PlayerSaveSyncStatus.swift; sourceTree = "<group>"; };
		C1C977B6CD840EBD213B9B05 /* KeywordDescriptionText.swift */ = {isa = PBXFileReference; lastKnownFileType = sourcecode.swift; path = KeywordDescriptionText.swift; sourceTree = "<group>"; };
		C1D18968CA4AB10F7D9E651E /* PetsGridView.swift */ = {isa = PBXFileReference; lastKnownFileType = sourcecode.swift; path = PetsGridView.swift; sourceTree = "<group>"; };
		C55218B0202C07C8ADF98E68 /* MusicDirectorTests.swift */ = {isa = PBXFileReference; lastKnownFileType = sourcecode.swift; path = MusicDirectorTests.swift; sourceTree = "<group>"; };
		C830DB0F9FAC0426BD7BBBB8 /* BattleEffectTests.swift */ = {isa = PBXFileReference; lastKnownFileType = sourcecode.swift; path = BattleEffectTests.swift; sourceTree = "<group>"; };
		C9DCF85128AEC8577B0356E0 /* MusicPlayer.swift */ = {isa = PBXFileReference; lastKnownFileType = sourcecode.swift; path = MusicPlayer.swift; sourceTree = "<group>"; };
		D1D30B98EECEDB98A3608EDB /* music_menu_1.m4a */ = {isa = PBXFileReference; path = music_menu_1.m4a; sourceTree = "<group>"; };
		D6A71A45CB0232807C35A833 /* music_boss_frostwarden.m4a */ = {isa = PBXFileReference; path = music_boss_frostwarden.m4a; sourceTree = "<group>"; };
		D77B1B572840FE4B65134F04 /* Smoke.xctestplan */ = {isa = PBXFileReference; path = Smoke.xctestplan; sourceTree = "<group>"; };
		DDEEE7C69B927E5A5C87B01B /* PlayerSaveMigrationTests.swift */ = {isa = PBXFileReference; lastKnownFileType = sourcecode.swift; path = PlayerSaveMigrationTests.swift; sourceTree = "<group>"; };
		DE85C30567FD7EAF410152C1 /* TrinketTests.xctest */ = {isa = PBXFileReference; includeInIndex = 0; lastKnownFileType = wrapper.cfbundle; path = TrinketTests.xctest; sourceTree = BUILT_PRODUCTS_DIR; };
		E0A237DA8D2CB7EB2FEDBA95 /* CombatantHealthDetail.swift */ = {isa = PBXFileReference; lastKnownFileType = sourcecode.swift; path = CombatantHealthDetail.swift; sourceTree = "<group>"; };
		E337C436B7698F74EADC51AE /* StageRewardTests.swift */ = {isa = PBXFileReference; lastKnownFileType = sourcecode.swift; path = StageRewardTests.swift; sourceTree = "<group>"; };
		E475EE13E1487D90C6976139 /* BattleState.swift */ = {isa = PBXFileReference; lastKnownFileType = sourcecode.swift; path = BattleState.swift; sourceTree = "<group>"; };
		E4B491A0A9519D754A3DAAF9 /* OptionsStore.swift */ = {isa = PBXFileReference; lastKnownFileType = sourcecode.swift; path = OptionsStore.swift; sourceTree = "<group>"; };
		E54669B75A4E2ED6D6E1D3FF /* BattleSession.swift */ = {isa = PBXFileReference; lastKnownFileType = sourcecode.swift; path = BattleSession.swift; sourceTree = "<group>"; };
		EAC96E7654FE5410FCF57F2C /* PlayerSaveReconciler.swift */ = {isa = PBXFileReference; lastKnownFileType = sourcecode.swift; path = PlayerSaveReconciler.swift; sourceTree = "<group>"; };
		EAE7D6AFF460347CBC1A5DC9 /* JourneyProgressTests.swift */ = {isa = PBXFileReference; lastKnownFileType = sourcecode.swift; path = JourneyProgressTests.swift; sourceTree = "<group>"; };
		F11B241CDB6DAA90DC7E1311 /* music_boss_blight_treant.m4a */ = {isa = PBXFileReference; path = music_boss_blight_treant.m4a; sourceTree = "<group>"; };
		F134CA07356C4E6289659328 /* ItemCard.swift */ = {isa = PBXFileReference; lastKnownFileType = sourcecode.swift; path = ItemCard.swift; sourceTree = "<group>"; };
		F23440CC93C6AF578800C827 /* Enums.swift */ = {isa = PBXFileReference; lastKnownFileType = sourcecode.swift; path = Enums.swift; sourceTree = "<group>"; };
		F3B0BF2908CA3AB98FCCE560 /* ActiveBattleConfiguration.swift */ = {isa = PBXFileReference; lastKnownFileType = sourcecode.swift; path = ActiveBattleConfiguration.swift; sourceTree = "<group>"; };
		F4A6868CF214763A40480F37 /* ItemGenerationTests.swift */ = {isa = PBXFileReference; lastKnownFileType = sourcecode.swift; path = ItemGenerationTests.swift; sourceTree = "<group>"; };
		F586133A7383F3D2E7BD70A8 /* music_battle_2.m4a */ = {isa = PBXFileReference; path = music_battle_2.m4a; sourceTree = "<group>"; };
		F5C7110486A1F1BB78BD228C /* CombatantCollectionDetailSheet.swift */ = {isa = PBXFileReference; lastKnownFileType = sourcecode.swift; path = CombatantCollectionDetailSheet.swift; sourceTree = "<group>"; };
		F5D3EF948D89460BB07123D6 /* BattleView.swift */ = {isa = PBXFileReference; lastKnownFileType = sourcecode.swift; path = BattleView.swift; sourceTree = "<group>"; };
		F84F536115F01471A0ED9BC2 /* BattleSmokeTests.swift */ = {isa = PBXFileReference; lastKnownFileType = sourcecode.swift; path = BattleSmokeTests.swift; sourceTree = "<group>"; };
		F86390BDE7F14CD4871091E4 /* ItemViews.swift */ = {isa = PBXFileReference; lastKnownFileType = sourcecode.swift; path = ItemViews.swift; sourceTree = "<group>"; };
		F8D51B4459EF2745EE7B905B /* PlayerSaveSyncCoordinator.swift */ = {isa = PBXFileReference; lastKnownFileType = sourcecode.swift; path = PlayerSaveSyncCoordinator.swift; sourceTree = "<group>"; };
/* End PBXFileReference section */

/* Begin PBXGroup section */
		05E1DC7C16C2ED7A8E2C57AD /* Persistence */ = {
			isa = PBXGroup;
			children = (
				2BDDEAAA72F0F53F0DE9AA8D /* PlayerSaveFileStoreTests.swift */,
				DDEEE7C69B927E5A5C87B01B /* PlayerSaveMigrationTests.swift */,
				49FADE52B6934F24A407CABB /* PlayerSaveReconcilerTests.swift */,
				A070826715C7CAD963F7C900 /* PlayerSaveSanitizerTests.swift */,
				2FFB560DF2BEC4AE154564E0 /* PlayerSaveStoreTests.swift */,
				5A7EBBA846F540333707272B /* PlayerSaveSyncCoordinatorTests.swift */,
				AE3AB8A20EE9D785D395EEC4 /* PlayerSaveSyncFactoryTests.swift */,
				64ED3F56EC6B7BDEA6E9ABA3 /* SavedEffectRoundtripTests.swift */,
			);
			path = Persistence;
			sourceTree = "<group>";
		};
		0CCF8A73EF600C8A4D5E49CC /* Battle */ = {
			isa = PBXGroup;
			children = (
				47F7E4BE52697AB762D21587 /* BattleSubviews.swift */,
				F5D3EF948D89460BB07123D6 /* BattleView.swift */,
			);
			path = Battle;
			sourceTree = "<group>";
		};
		1A71F93D3DDBC27FAF12CE7B /* Journey */ = {
			isa = PBXGroup;
			children = (
				6D5EA88828F72B5DA0CA525F /* JourneyContentTests.swift */,
				EAE7D6AFF460347CBC1A5DC9 /* JourneyProgressTests.swift */,
				E337C436B7698F74EADC51AE /* StageRewardTests.swift */,
			);
			path = Journey;
			sourceTree = "<group>";
		};
		26FA96C4E21CC8C518CD7EFA /* Forms */ = {
			isa = PBXGroup;
			children = (
				814777C4155CA6CD1EDBDC48 /* VolumeOptionRow.swift */,
			);
			path = Forms;
			sourceTree = "<group>";
		};
		29D89DB75BE088E52681572E /* Battle */ = {
			isa = PBXGroup;
			children = (
				51450F5568FC102C62BE459D /* BattleFlowUITests.swift */,
			);
			path = Battle;
			sourceTree = "<group>";
		};
		3256A3EB2AFCA81C26BDCE89 /* Audio */ = {
			isa = PBXGroup;
			children = (
				C55218B0202C07C8ADF98E68 /* MusicDirectorTests.swift */,
			);
			path = Audio;
			sourceTree = "<group>";
		};
		331156400DB970AFD921ECBC /* Collection */ = {
			isa = PBXGroup;
			children = (
				B2D45DDAFB52790838CC4D10 /* HeroHeaderLayoutTests.swift */,
				B26520DF143853D0969FAECD /* HeroPetCatalogTests.swift */,
			);
			path = Collection;
			sourceTree = "<group>";
		};
		34E76F1E0275AF5606A8CE2F /* Products */ = {
			isa = PBXGroup;
			children = (
				1524241C62BF8C54E3A7CDF8 /* Trinket.app */,
				DE85C30567FD7EAF410152C1 /* TrinketTests.xctest */,
				0EE632E24DC0BBC45CF233E6 /* TrinketUITests.xctest */,
			);
			name = Products;
			sourceTree = "<group>";
		};
		353472ED96C56C30C6221DFD /* Support */ = {
			isa = PBXGroup;
			children = (
				288A748C54E56F2D989F5B93 /* MotionObserver.swift */,
			);
			path = Support;
			sourceTree = "<group>";
		};
		38B7CC31799C2F3746FDBC58 /* Search */ = {
			isa = PBXGroup;
			children = (
				437D8A973CF02F94F550E1E4 /* SearchView.swift */,
			);
			path = Search;
			sourceTree = "<group>";
		};
		3E576C58EA67CE2383ED21AA /* Item */ = {
			isa = PBXGroup;
			children = (
				F4A6868CF214763A40480F37 /* ItemGenerationTests.swift */,
			);
			path = Item;
			sourceTree = "<group>";
		};
		3EC6CD3716377F07607D5195 /* Search */ = {
			isa = PBXGroup;
			children = (
				B181BBF9AD2C8734B9A493B1 /* SearchUITests.swift */,
			);
			path = Search;
			sourceTree = "<group>";
		};
		453D010DA38215C39831E9B1 /* DesignSystem */ = {
			isa = PBXGroup;
			children = (
				A32E33B5B520D1C4ED445063 /* Modifiers.swift */,
				BCA51735A5B73B55C602985B /* TrinketDesign.swift */,
			);
			path = DesignSystem;
			sourceTree = "<group>";
		};
		4C496176F4614A5DBFEF2CFF = {
			isa = PBXGroup;
			children = (
				4058BC1CE8ECD030168E8758 /* Integration.xctestplan */,
				D77B1B572840FE4B65134F04 /* Smoke.xctestplan */,
				A4012463DD954CE8411DA9EE /* Trinket */,
				B49A29077FD105628976E325 /* TrinketTests */,
				A76BC34F8DE0E1847F8183C5 /* TrinketUITests */,
				34E76F1E0275AF5606A8CE2F /* Products */,
			);
			sourceTree = "<group>";
		};
		4D3DFE07636D315C007EA262 /* Support */ = {
			isa = PBXGroup;
			children = (
				5A78D4906737C37A4BF10D10 /* TrinketUITestCase.swift */,
			);
			path = Support;
			sourceTree = "<group>";
		};
		5B38279F17AFBCB4BFE99CFA /* Detail */ = {
			isa = PBXGroup;
			children = (
				24CA1D20B1A35114D2B61598 /* AbilitySummaryGrid.swift */,
				BF4265C96C40FA204B6FBCF3 /* AbilityTierPickerSheet.swift */,
				2E63D000DD0D87BF69B0536A /* CombatantDetailPane.swift */,
				E0A237DA8D2CB7EB2FEDBA95 /* CombatantHealthDetail.swift */,
				32417F0F57A32E20F5E8DB26 /* CombatantHeroHeader.swift */,
				C0DB18CAC8448AE724D5B9BE /* EquipmentSlotSummaryGrid.swift */,
				4DDBE5745A194C412DB428CB /* HeroHeaderLayout.swift */,
				769E5E691395F845BABD973F /* ItemSlotPickerView.swift */,
			);
			path = Detail;
			sourceTree = "<group>";
		};
		69160265C209EFF908A916BD /* Models */ = {
			isa = PBXGroup;
			children = (
				5352B490AF92FFE0D7753298 /* Ability.swift */,
				26AE7A325D5344AF030C3332 /* Combatant.swift */,
				347BB1AB82B612306606BC5E /* CombatantDetail.swift */,
				1532C41155B50F7FF36BB3E7 /* Enemy.swift */,
				F23440CC93C6AF578800C827 /* Enums.swift */,
				4B262CA605CC2AF3BAC40567 /* Item.swift */,
				91EFDB9DEDDD86FAF28E458E /* Journey.swift */,
				86BB382C7061493015E04850 /* PlayerState.swift */,
			);
			path = Models;
			sourceTree = "<group>";
		};
		8EFD36283A19BFF4238E7E3F /* Collection */ = {
			isa = PBXGroup;
			children = (
				7AD254B2DAD999261D98A70C /* LaunchScreenUITests.swift */,
				B6DB6E4E21780CF00DC3CC2B /* TabNavigationUITests.swift */,
			);
			path = Collection;
			sourceTree = "<group>";
		};
		957B2E0523CB0FC51D041B44 /* Battle */ = {
			isa = PBXGroup;
			children = (
				C830DB0F9FAC0426BD7BBBB8 /* BattleEffectTests.swift */,
				62375A0D4AD99EB4A1D32358 /* BattleSimulatorTests.swift */,
				003A0737522A6E1EDF301911 /* BattleStateSchedulingTests.swift */,
				5978C1EA252EEDBADA40D5C1 /* BattleStateTests.swift */,
				C036D108B8D8714857531934 /* EffectModelTests.swift */,
				14019B868280979361212BB9 /* EnemyCatalogTests.swift */,
				1622E57860C4D703995A478F /* KeywordTests.swift */,
			);
			path = Battle;
			sourceTree = "<group>";
		};
		9A319AA1F360D3E46B77B417 /* Shared */ = {
			isa = PBXGroup;
			children = (
				C1C977B6CD840EBD213B9B05 /* KeywordDescriptionText.swift */,
				54F4ECC4FED5B8FAF1266863 /* PlaceholderTabView.swift */,
				B131800D03D03F5AADA4F764 /* Cards */,
				5B38279F17AFBCB4BFE99CFA /* Detail */,
				26FA96C4E21CC8C518CD7EFA /* Forms */,
				353472ED96C56C30C6221DFD /* Support */,
			);
			path = Shared;
			sourceTree = "<group>";
		};
		A3855EB5C71F3EC561448717 /* Sync */ = {
			isa = PBXGroup;
			children = (
				016D85608EE4392958B395C9 /* CloudKitPlayerSaveSync.swift */,
				124AAF7854286D40D95E5F14 /* LocalOnlyPlayerSaveSync.swift */,
				EAC96E7654FE5410FCF57F2C /* PlayerSaveReconciler.swift */,
				F8D51B4459EF2745EE7B905B /* PlayerSaveSyncCoordinator.swift */,
				766CB88EF7942D0B76F2F24B /* PlayerSaveSyncing.swift */,
				C181884BF9DE72277CF133D3 /* PlayerSaveSyncStatus.swift */,
			);
			path = Sync;
			sourceTree = "<group>";
		};
		A4012463DD954CE8411DA9EE /* Trinket */ = {
			isa = PBXGroup;
			children = (
				8241DDA3B7612A6E5B8B9EDF /* Assets.xcassets */,
				4C88A8ED678690BF22A8EE2B /* Trinket.entitlements */,
				BE7643485C5460654D5C3A04 /* App */,
				E9F765A6F219C684DBE51927 /* Audio */,
				E540AA067CAA7D99947FA0E1 /* Battle */,
				A57E1181F9FA3B782BEEE2D4 /* Content */,
				453D010DA38215C39831E9B1 /* DesignSystem */,
				D3870F28231D26C51A9BEF55 /* Features */,
				D041615996606263A09BB671 /* Generated */,
				69160265C209EFF908A916BD /* Models */,
				B2CDECC41CB87834D53E88CC /* Resources */,
				9A319AA1F360D3E46B77B417 /* Shared */,
				D5CD742C5932F0CB061764C1 /* State */,
			);
			path = Trinket;
			sourceTree = "<group>";
		};
		A49E3662FDFBFE7CD9119876 /* State */ = {
			isa = PBXGroup;
			children = (
				B9EBCA4863102B3F66332996 /* OptionsStoreTests.swift */,
				4362E34D0EBFEC0161B41D12 /* PlayerInventoryStoreTests.swift */,
			);
			path = State;
			sourceTree = "<group>";
		};
		A57E1181F9FA3B782BEEE2D4 /* Content */ = {
			isa = PBXGroup;
			children = (
				429D8A44231746AA8118D5EA /* GameContent.swift */,
			);
			path = Content;
			sourceTree = "<group>";
		};
		A76BC34F8DE0E1847F8183C5 /* TrinketUITests */ = {
			isa = PBXGroup;
			children = (
				29D89DB75BE088E52681572E /* Battle */,
				8EFD36283A19BFF4238E7E3F /* Collection */,
				3EC6CD3716377F07607D5195 /* Search */,
				D9CDD70F6D13AF227D4B727A /* Smoke */,
				4D3DFE07636D315C007EA262 /* Support */,
			);
			path = TrinketUITests;
			sourceTree = "<group>";
		};
		B131800D03D03F5AADA4F764 /* Cards */ = {
			isa = PBXGroup;
			children = (
				B71B79EAE04A82ABAD865742 /* AbilityCard.swift */,
				91BF8380DB16DE532A84024C /* CombatantArtwork.swift */,
				A2AEFB3AF37B08FB51448330 /* CombatantCard.swift */,
				9BA113D28663DD99A31408B3 /* EmptySlots.swift */,
				F134CA07356C4E6289659328 /* ItemCard.swift */,
			);
			path = Cards;
			sourceTree = "<group>";
		};
		B2CDECC41CB87834D53E88CC /* Resources */ = {
			isa = PBXGroup;
			children = (
				F22A2686184736FFD91F02A6 /* Music */,
			);
			path = Resources;
			sourceTree = "<group>";
		};
		B49A29077FD105628976E325 /* TrinketTests */ = {
			isa = PBXGroup;
			children = (
				C530E5171BD1921A063FBFE0 /* App */,
				3256A3EB2AFCA81C26BDCE89 /* Audio */,
				957B2E0523CB0FC51D041B44 /* Battle */,
				331156400DB970AFD921ECBC /* Collection */,
				3E576C58EA67CE2383ED21AA /* Item */,
				1A71F93D3DDBC27FAF12CE7B /* Journey */,
				05E1DC7C16C2ED7A8E2C57AD /* Persistence */,
				CB75ECDA5EA488608D0FD8DB /* Roster */,
				A49E3662FDFBFE7CD9119876 /* State */,
			);
			path = TrinketTests;
			sourceTree = "<group>";
		};
		BE7643485C5460654D5C3A04 /* App */ = {
			isa = PBXGroup;
			children = (
				8F4F5008156859F661347AEE /* AppEnvironment.swift */,
				86E45F04BF076FEE8AF6123D /* AppTypes.swift */,
				32679C1A9BAE8ADE74DBFD34 /* ContentView.swift */,
				9EB54342F6A6FD993F1FBFCF /* TrinketApp.swift */,
			);
			path = App;
			sourceTree = "<group>";
		};
		C530E5171BD1921A063FBFE0 /* App */ = {
			isa = PBXGroup;
			children = (
				AA2A11DAF9962C6785E6B814 /* AppEnvironmentTests.swift */,
				8F878C46477AE9CD0197CFD8 /* AppStateTests.swift */,
			);
			path = App;
			sourceTree = "<group>";
		};
		C7B68272BE6EE2D9861FCFFD /* Play */ = {
			isa = PBXGroup;
			children = (
				AE9644A89F778120278E7791 /* PlayView.swift */,
			);
			path = Play;
			sourceTree = "<group>";
		};
		CB75ECDA5EA488608D0FD8DB /* Roster */ = {
			isa = PBXGroup;
			children = (
				92CCB0C179E1FB2FF59D94CB /* PlayerRosterStoreTests.swift */,
				90DFB68E089F941D1CD8FEEE /* PlayerRosterTests.swift */,
			);
			path = Roster;
			sourceTree = "<group>";
		};
		D041615996606263A09BB671 /* Generated */ = {
			isa = PBXGroup;
			children = (
				28B17566A405416D98A55797 /* ArtCatalog.generated.swift */,
				B7CA053284B3CEE39DEE9819 /* MusicCatalog.generated.swift */,
			);
			path = Generated;
			sourceTree = "<group>";
		};
		D3870F28231D26C51A9BEF55 /* Features */ = {
			isa = PBXGroup;
			children = (
				0CCF8A73EF600C8A4D5E49CC /* Battle */,
				E28D9B2CB7ED8660A6CC1D0C /* Collection */,
				DFB3E38C23DEEB65A2D3CA23 /* Options */,
				C7B68272BE6EE2D9861FCFFD /* Play */,
				38B7CC31799C2F3746FDBC58 /* Search */,
			);
			path = Features;
			sourceTree = "<group>";
		};
		D5CD742C5932F0CB061764C1 /* State */ = {
			isa = PBXGroup;
			children = (
				46AC8420C0B4328F5187B55D /* AppState.swift */,
				E54669B75A4E2ED6D6E1D3FF /* BattleSession.swift */,
				E4B491A0A9519D754A3DAAF9 /* OptionsStore.swift */,
				7B798B754E4D0AD974583C21 /* PlayerInventoryStore.swift */,
				968937AE87F4AF4DA28A5823 /* PlayerJourneyStore.swift */,
				6E05148A596023F71EC6F7C3 /* PlayerRosterStore.swift */,
				3D8CABFB14B1AB535F450557 /* StageCompletion.swift */,
				EDCFC0AEFF4D3203D0A42EC2 /* Persistence */,
			);
			path = State;
			sourceTree = "<group>";
		};
		D9CDD70F6D13AF227D4B727A /* Smoke */ = {
			isa = PBXGroup;
			children = (
				F84F536115F01471A0ED9BC2 /* BattleSmokeTests.swift */,
				24A588423B8C52AF3D9FA851 /* CollectionSmokeTests.swift */,
				B6F57B4F223357F6A22CCEEB /* HeroDetailSmokeTests.swift */,
				1869BF8BD4946DDA87CE066E /* HomesteadSmokeTests.swift */,
				91849E69A56975176C347715 /* ItemDetailSmokeTests.swift */,
				30B234F2C3D2BB67AE3BB31D /* OptionsSmokeTests.swift */,
				8EC930AB389358B739A2B97F /* PetDetailSmokeTests.swift */,
				A9BAF344DA6508B76C0355DB /* PlaySmokeTests.swift */,
				06E1A20AE7C8994B1A8D47C5 /* SearchSmokeTests.swift */,
			);
			path = Smoke;
			sourceTree = "<group>";
		};
		DFB3E38C23DEEB65A2D3CA23 /* Options */ = {
			isa = PBXGroup;
			children = (
				3CEC947E893452FC5D8E2081 /* OptionsView.swift */,
			);
			path = Options;
			sourceTree = "<group>";
		};
		E28D9B2CB7ED8660A6CC1D0C /* Collection */ = {
			isa = PBXGroup;
			children = (
				9F72FEB7E645FFDB20C49A6C /* CollectionView.swift */,
				F5C7110486A1F1BB78BD228C /* CombatantCollectionDetailSheet.swift */,
				87841683BEB70D6891DEFE69 /* CombatantCollectionDetailView.swift */,
				AFE3AE44DE2A80E47CDC90CD /* HeroesGridView.swift */,
				F86390BDE7F14CD4871091E4 /* ItemViews.swift */,
				C1D18968CA4AB10F7D9E651E /* PetsGridView.swift */,
			);
			path = Collection;
			sourceTree = "<group>";
		};
		E540AA067CAA7D99947FA0E1 /* Battle */ = {
			isa = PBXGroup;
			children = (
				BC5D574FF1A0958BF3D7E629 /* ActionSpeed.swift */,
				F3B0BF2908CA3AB98FCCE560 /* ActiveBattleConfiguration.swift */,
				6BEC9F4E5001820CB674DFC1 /* BattleSimulator.swift */,
				E475EE13E1487D90C6976139 /* BattleState.swift */,
				2336A6145BC2BF1C5EEE6072 /* BattleVictorySummary.swift */,
				89B84FDFE6027513E5DC73E8 /* SeededRandomNumberGenerator.swift */,
				28EE3F0126FE07615AA25F11 /* SimulationResults.swift */,
			);
			path = Battle;
			sourceTree = "<group>";
		};
		E9F765A6F219C684DBE51927 /* Audio */ = {
			isa = PBXGroup;
			children = (
				7E1072E6390668F9CDAFDDF0 /* AudioSessionCoordinator.swift */,
				899EEFA79785C3120C8C8E1E /* MusicDirector.swift */,
				568CA731A0659B6B990993E3 /* MusicModels.swift */,
				C9DCF85128AEC8577B0356E0 /* MusicPlayer.swift */,
			);
			path = Audio;
			sourceTree = "<group>";
		};
		EDCFC0AEFF4D3203D0A42EC2 /* Persistence */ = {
			isa = PBXGroup;
			children = (
				0B865B185E48E642F8C4418E /* PlayerSave.swift */,
				9BA07D03CFF5D5ABED8B5894 /* PlayerSaveFileStore.swift */,
				1B99B58146F18E267DC8B1FB /* PlayerSaveMigration.swift */,
				001383C7F83FE8437683AD2A /* PlayerSaveSanitizer.swift */,
				3059A4513D7515F092DA04DA /* PlayerSaveStore.swift */,
				60D15D0BBE17B8209C0E1D04 /* SavedEffect.swift */,
				4012A1AE6C63CE8396809643 /* SavedPlayerState.swift */,
				A3855EB5C71F3EC561448717 /* Sync */,
			);
			path = Persistence;
			sourceTree = "<group>";
		};
		F22A2686184736FFD91F02A6 /* Music */ = {
			isa = PBXGroup;
			children = (
				6B4E8FD77E55437261556342 /* music_battle_1.m4a */,
				F586133A7383F3D2E7BD70A8 /* music_battle_2.m4a */,
				A036509514F16E54AF1B8F5E /* music_battle_3.m4a */,
				837744DAF3744FEB7CCC7D33 /* music_battle_4.m4a */,
				54EA46B50A26CAD41FEE386A /* music_battle_5.m4a */,
				F11B241CDB6DAA90DC7E1311 /* music_boss_blight_treant.m4a */,
				2FD23B6740A3565027D2A103 /* music_boss_forge_golem.m4a */,
				D6A71A45CB0232807C35A833 /* music_boss_frostwarden.m4a */,
				77D9C77B3383418401FDD73C /* music_boss_iron_bear.m4a */,
				D1D30B98EECEDB98A3608EDB /* music_menu_1.m4a */,
				714E26B9A8CB07A3165594C8 /* music_menu_2.m4a */,
				BA72203384B18518CBD9713B /* music_menu_3.m4a */,
				16F1DBD9A4B0ED28C9E417B1 /* music_menu_4.m4a */,
			);
			path = Music;
			sourceTree = "<group>";
		};
/* End PBXGroup section */

/* Begin PBXNativeTarget section */
		2B112CD93B7BA74516E26AC2 /* TrinketUITests */ = {
			isa = PBXNativeTarget;
			buildConfigurationList = 1B0FB207A2FFB556F374E1B9 /* Build configuration list for PBXNativeTarget "TrinketUITests" */;
			buildPhases = (
				9BAF02F2F9AB43DD87FC4C7C /* Sources */,
			);
			buildRules = (
			);
			dependencies = (
				A8D206298A54DA4621EDEA88 /* PBXTargetDependency */,
			);
			name = TrinketUITests;
			packageProductDependencies = (
			);
			productName = TrinketUITests;
			productReference = 0EE632E24DC0BBC45CF233E6 /* TrinketUITests.xctest */;
			productType = "com.apple.product-type.bundle.ui-testing";
		};
		86015561E99105F8A5BDDC7D /* Trinket */ = {
			isa = PBXNativeTarget;
			buildConfigurationList = 6547600BB0ED4B74D39B3A78 /* Build configuration list for PBXNativeTarget "Trinket" */;
			buildPhases = (
				21E3B7E2E58C6DE18FB70E68 /* Sources */,
				C807398A97BBF4785CD32DAD /* Resources */,
			);
			buildRules = (
			);
			dependencies = (
			);
			name = Trinket;
			packageProductDependencies = (
			);
			productName = Trinket;
			productReference = 1524241C62BF8C54E3A7CDF8 /* Trinket.app */;
			productType = "com.apple.product-type.application";
		};
		F4E69EC44A81B8942F321B2F /* TrinketTests */ = {
			isa = PBXNativeTarget;
			buildConfigurationList = F942381B1944E78647339F8B /* Build configuration list for PBXNativeTarget "TrinketTests" */;
			buildPhases = (
				4479C389B51D310F83EADE2C /* Sources */,
			);
			buildRules = (
			);
			dependencies = (
				A599320A30D893F77C9E9083 /* PBXTargetDependency */,
			);
			name = TrinketTests;
			packageProductDependencies = (
			);
			productName = TrinketTests;
			productReference = DE85C30567FD7EAF410152C1 /* TrinketTests.xctest */;
			productType = "com.apple.product-type.bundle.unit-test";
		};
/* End PBXNativeTarget section */

/* Begin PBXProject section */
		5A9D4A823D9A51FFDE88B050 /* Project object */ = {
			isa = PBXProject;
			attributes = {
				BuildIndependentTargetsInParallel = YES;
				LastUpgradeCheck = 1430;
				TargetAttributes = {
					2B112CD93B7BA74516E26AC2 = {
						TestTargetID = 86015561E99105F8A5BDDC7D;
					};
				};
			};
			buildConfigurationList = 1FF29020ABDCFBE86CBD8C78 /* Build configuration list for PBXProject "Trinket" */;
			developmentRegion = en;
			hasScannedForEncodings = 0;
			knownRegions = (
				Base,
				en,
			);
			mainGroup = 4C496176F4614A5DBFEF2CFF;
			minimizedProjectReferenceProxies = 1;
			preferredProjectObjectVersion = 77;
			productRefGroup = 34E76F1E0275AF5606A8CE2F /* Products */;
			projectDirPath = "";
			projectRoot = "";
			targets = (
				86015561E99105F8A5BDDC7D /* Trinket */,
				F4E69EC44A81B8942F321B2F /* TrinketTests */,
				2B112CD93B7BA74516E26AC2 /* TrinketUITests */,
			);
		};
/* End PBXProject section */

/* Begin PBXResourcesBuildPhase section */
		C807398A97BBF4785CD32DAD /* Resources */ = {
			isa = PBXResourcesBuildPhase;
			buildActionMask = 2147483647;
			files = (
				F9D95B8C131F9E36ECEA7C11 /* Assets.xcassets in Resources */,
				BB33F5B0A916F9457D64396D /* music_battle_1.m4a in Resources */,
				DAE36E734A12F7895D44B123 /* music_battle_2.m4a in Resources */,
				8F4B05322F9DA9D389DDC505 /* music_battle_3.m4a in Resources */,
				E59EE30587F545217362982A /* music_battle_4.m4a in Resources */,
				CB751728F8372E72384A47F3 /* music_battle_5.m4a in Resources */,
				5C9A202736053647F011A2A4 /* music_boss_blight_treant.m4a in Resources */,
				551999D2C8803BDBC5651E4A /* music_boss_forge_golem.m4a in Resources */,
				3BDA24D7AA0729EED8B60A47 /* music_boss_frostwarden.m4a in Resources */,
				DF9CB2AA8BA23DEE836FF522 /* music_boss_iron_bear.m4a in Resources */,
				1C4A75FA505FD68E87E9AAB1 /* music_menu_1.m4a in Resources */,
				830967275671E8392944E92D /* music_menu_2.m4a in Resources */,
				F27756CBB55AB57711793F4C /* music_menu_3.m4a in Resources */,
				7D80BCFC09295EAE8FD68FF4 /* music_menu_4.m4a in Resources */,
			);
			runOnlyForDeploymentPostprocessing = 0;
		};
/* End PBXResourcesBuildPhase section */

/* Begin PBXSourcesBuildPhase section */
		21E3B7E2E58C6DE18FB70E68 /* Sources */ = {
			isa = PBXSourcesBuildPhase;
			buildActionMask = 2147483647;
			files = (
				E65ED3179E4512091FFA65C8 /* Ability.swift in Sources */,
				AEDD4527F082E7ABA4521B8F /* AbilityCard.swift in Sources */,
				C0A4A9DDD830A67EE2F5AFF5 /* AbilitySummaryGrid.swift in Sources */,
				2CA3D242D2D61C8D795CD130 /* AbilityTierPickerSheet.swift in Sources */,
				004112EE5EE91CBC2EEA5BA2 /* ActionSpeed.swift in Sources */,
				E74F7746473D291F0B93322F /* ActiveBattleConfiguration.swift in Sources */,
				3300AE189FC1CA8B733509D2 /* AppEnvironment.swift in Sources */,
				C5E0C9B4A62F0F758A820E15 /* AppState.swift in Sources */,
				76E82C01E9E1D8478547C4D3 /* AppTypes.swift in Sources */,
				DB43434C1290C0EFD6BDD271 /* ArtCatalog.generated.swift in Sources */,
				FD7A5472E14CCB3F97A9BB09 /* AudioSessionCoordinator.swift in Sources */,
				D78954FC66153D11DB8496CE /* BattleSession.swift in Sources */,
				5536F751338BCE35A0E116AA /* BattleSimulator.swift in Sources */,
				8945939160C9ED005E596039 /* BattleState.swift in Sources */,
				B23C39B8E9A413269913DF5A /* BattleSubviews.swift in Sources */,
				4C2EF603B37BAF4632847C75 /* BattleVictorySummary.swift in Sources */,
				C3E58F33099DD44C027B4EF2 /* BattleView.swift in Sources */,
				037CC6DD35987E1069EC8E30 /* CloudKitPlayerSaveSync.swift in Sources */,
				6FCB32B1A33C8DCE95D81C03 /* CollectionView.swift in Sources */,
				7F7DAAE4B73CB12FB4221681 /* Combatant.swift in Sources */,
				62E49A7F4C1F31EF94AB40ED /* CombatantArtwork.swift in Sources */,
				E0B0375856644938DA605D7B /* CombatantCard.swift in Sources */,
				5D4D429EE0126AA1B9CFFEBD /* CombatantCollectionDetailSheet.swift in Sources */,
				1DD13A8FE70A0115990D3F65 /* CombatantCollectionDetailView.swift in Sources */,
				1A5DF46E565CA6F89A4FBC77 /* CombatantDetail.swift in Sources */,
				B580C9F53363446FFFFCF4A5 /* CombatantDetailPane.swift in Sources */,
				0FB570DC2519949443867F27 /* CombatantHealthDetail.swift in Sources */,
				A06F86806FEEAEA15484A152 /* CombatantHeroHeader.swift in Sources */,
				BC9C45ECBB823F9356789E87 /* ContentView.swift in Sources */,
				1B17EF37C44E72F215CACD2F /* EmptySlots.swift in Sources */,
				1C877714E6F7A158035CA09D /* Enemy.swift in Sources */,
				B47074250012BAA11AF30B24 /* Enums.swift in Sources */,
				716872C35EDD8C442DC523BD /* EquipmentSlotSummaryGrid.swift in Sources */,
				2BABC6AFAC8CFD19F98B0DE2 /* GameContent.swift in Sources */,
				5FFDA92BAF3539D0427E04CE /* HeroHeaderLayout.swift in Sources */,
				6F3E0CEE481E5EA51581FC0A /* HeroesGridView.swift in Sources */,
				B8C20CB1F73F8C11B690C394 /* Item.swift in Sources */,
				CFCCE468F84DF2E2824BF896 /* ItemCard.swift in Sources */,
				FB768D6C41E3CBA4B39F3A8F /* ItemSlotPickerView.swift in Sources */,
				715AF42073745528AF1D93BA /* ItemViews.swift in Sources */,
				A4ACA5BA33EF0EBFBDC8458F /* Journey.swift in Sources */,
				EE6011AE2C0BE69860F552DF /* KeywordDescriptionText.swift in Sources */,
				AC98C409B0D78A6AC52F6BA3 /* LocalOnlyPlayerSaveSync.swift in Sources */,
				B4C68B2402F5CCE152A80C3C /* Modifiers.swift in Sources */,
				603EA1FAA71B279DCBC53493 /* MotionObserver.swift in Sources */,
				41315E737AFF76DE38FBA3EB /* MusicCatalog.generated.swift in Sources */,
				B55FDF0B6DB7A601885C431D /* MusicDirector.swift in Sources */,
				3053ECE7D253C0B6E5536E88 /* MusicModels.swift in Sources */,
				6828CEEBA77131DE9D7E7285 /* MusicPlayer.swift in Sources */,
				FAA47725F11C48BC843A3EFD /* OptionsStore.swift in Sources */,
				EE30D7D59F6902A352FD35F8 /* OptionsView.swift in Sources */,
				3AB0340125D10F66A14E0CD4 /* PetsGridView.swift in Sources */,
				5B18A0250A2237D41BE2D297 /* PlaceholderTabView.swift in Sources */,
				554CA0EA31452D792F43F2EA /* PlayView.swift in Sources */,
				70C01EF50D38348CAED72FAF /* PlayerInventoryStore.swift in Sources */,
				1512296463DD2CF36F2CFEB8 /* PlayerJourneyStore.swift in Sources */,
				1FBA166114FA95B589384BBA /* PlayerRosterStore.swift in Sources */,
				EC35B35A142514184E036B36 /* PlayerSave.swift in Sources */,
				5E6F34A79043BE52BCAB194B /* PlayerSaveFileStore.swift in Sources */,
				ED6F6CE0BB91D552C37C1EE2 /* PlayerSaveMigration.swift in Sources */,
				AB1B4B77DFDD051161492215 /* PlayerSaveReconciler.swift in Sources */,
				46475D2E1895CC8D41AF7DE7 /* PlayerSaveSanitizer.swift in Sources */,
				0AC82612ECBE21174731AC5C /* PlayerSaveStore.swift in Sources */,
				CAADB41295C28813A505AA4B /* PlayerSaveSyncCoordinator.swift in Sources */,
				86AC6EC358108CF14693CBCB /* PlayerSaveSyncStatus.swift in Sources */,
				C02A14CACDFA3B55550636F4 /* PlayerSaveSyncing.swift in Sources */,
				733B2552B0C049DC60F3A14B /* PlayerState.swift in Sources */,
				66011609C3194A5920ADF322 /* SavedEffect.swift in Sources */,
				80AE6D28568A64FE32F1DB05 /* SavedPlayerState.swift in Sources */,
				9C8E96DB792798B0B7ED4AC0 /* SearchView.swift in Sources */,
				2F69665B3C9BED8030C553CE /* SeededRandomNumberGenerator.swift in Sources */,
				6ED3FDDA384877FC5365759A /* SimulationResults.swift in Sources */,
				3E7AC8926624B847BBA703C1 /* StageCompletion.swift in Sources */,
				C5E487CC286D93FF516EA957 /* TrinketApp.swift in Sources */,
				A499447131CC39DB9255ACA8 /* TrinketDesign.swift in Sources */,
				A067E2E2FD16C165BF101191 /* VolumeOptionRow.swift in Sources */,
			);
			runOnlyForDeploymentPostprocessing = 0;
		};
		4479C389B51D310F83EADE2C /* Sources */ = {
			isa = PBXSourcesBuildPhase;
			buildActionMask = 2147483647;
			files = (
				11F707F7833A236E4137A5AC /* AppEnvironmentTests.swift in Sources */,
				4AD0691025C95E3D170814F5 /* AppStateTests.swift in Sources */,
				6E6ED2C8190DD877CF0E8E78 /* BattleEffectTests.swift in Sources */,
				FC1C937AD1C4C47257B9D1BE /* BattleSimulatorTests.swift in Sources */,
				381688F1CAF45AF5B8AE41ED /* BattleStateSchedulingTests.swift in Sources */,
				86D13A653AFF678C497E77F6 /* BattleStateTests.swift in Sources */,
				34B0ABD5A43422308E908004 /* EffectModelTests.swift in Sources */,
				832F4F613E5492807C8B5D84 /* EnemyCatalogTests.swift in Sources */,
				CF563346E449A54767ACC2CC /* HeroHeaderLayoutTests.swift in Sources */,
				B4962C96EF42788FC7DE308F /* HeroPetCatalogTests.swift in Sources */,
				C0661CA85EC3C684B645087A /* ItemGenerationTests.swift in Sources */,
				0B90A40C6529B95C49576E45 /* JourneyContentTests.swift in Sources */,
				E37D76BD50D4DB03EF7B7082 /* JourneyProgressTests.swift in Sources */,
				A99A8B66D37AADBC5CC76007 /* KeywordTests.swift in Sources */,
				97CC981C9842EDA07152AA3A /* MusicDirectorTests.swift in Sources */,
				A9F9536D95E742703E1E2F3D /* OptionsStoreTests.swift in Sources */,
				3053162A7F2673D9819621A9 /* PlayerInventoryStoreTests.swift in Sources */,
				C4A51AF4131CD2CB8D7FD2DD /* PlayerRosterStoreTests.swift in Sources */,
				41160DA084928326881122F0 /* PlayerRosterTests.swift in Sources */,
				D41D0D42FBE5530854CD6F68 /* PlayerSaveFileStoreTests.swift in Sources */,
				CF3BAF87D71A3FD55660341C /* PlayerSaveMigrationTests.swift in Sources */,
				8D85CF63EFB5707D87D4EBE1 /* PlayerSaveReconcilerTests.swift in Sources */,
				326BDC36B29C8CEA8D5B4944 /* PlayerSaveSanitizerTests.swift in Sources */,
				4B8F75949757B5293FC90A9A /* PlayerSaveStoreTests.swift in Sources */,
				C0D4FA8B858D88BB27503F8C /* PlayerSaveSyncCoordinatorTests.swift in Sources */,
				9DB610E0ACCB02E8895D727B /* PlayerSaveSyncFactoryTests.swift in Sources */,
				42A588B79BD53D41FAF692D3 /* SavedEffectRoundtripTests.swift in Sources */,
				C3641E6D85CD25319DE4298B /* StageRewardTests.swift in Sources */,
			);
			runOnlyForDeploymentPostprocessing = 0;
		};
		9BAF02F2F9AB43DD87FC4C7C /* Sources */ = {
			isa = PBXSourcesBuildPhase;
			buildActionMask = 2147483647;
			files = (
				5FF44064C8DFDB57EDCED7E5 /* BattleFlowUITests.swift in Sources */,
				2A0E6AAEB50A8DFB7A7F3845 /* BattleSmokeTests.swift in Sources */,
				2779168B15191088A3B97C78 /* CollectionSmokeTests.swift in Sources */,
				12CCECCD042C1F806951D0A9 /* HeroDetailSmokeTests.swift in Sources */,
				6D1EE9C6AFEC6E4608BB0BCB /* HomesteadSmokeTests.swift in Sources */,
				F9A855C48174CD69565EC047 /* ItemDetailSmokeTests.swift in Sources */,
				E33EB16F37A2F2F2AE2B5F92 /* LaunchScreenUITests.swift in Sources */,
				89A9FC7452C718D9578C45AB /* OptionsSmokeTests.swift in Sources */,
				F502BFE43A9F6EEA4D8A2126 /* PetDetailSmokeTests.swift in Sources */,
				62EA2B3C00AA6E22255E0306 /* PlaySmokeTests.swift in Sources */,
				10420DB76B7753231EF5981D /* SearchSmokeTests.swift in Sources */,
				D4B6C64A1B6B6815884EDBAD /* SearchUITests.swift in Sources */,
				70A9B13C5A40602175E3BAC7 /* TabNavigationUITests.swift in Sources */,
				9880306A28B13BDE77B68F20 /* TrinketUITestCase.swift in Sources */,
			);
			runOnlyForDeploymentPostprocessing = 0;
		};
/* End PBXSourcesBuildPhase section */

/* Begin PBXTargetDependency section */
		A599320A30D893F77C9E9083 /* PBXTargetDependency */ = {
			isa = PBXTargetDependency;
			target = 86015561E99105F8A5BDDC7D /* Trinket */;
			targetProxy = 7B7B9DC370A5716BDB7204FA /* PBXContainerItemProxy */;
		};
		A8D206298A54DA4621EDEA88 /* PBXTargetDependency */ = {
			isa = PBXTargetDependency;
			target = 86015561E99105F8A5BDDC7D /* Trinket */;
			targetProxy = CC19ED7A0742D49E50D7ACA3 /* PBXContainerItemProxy */;
		};
/* End PBXTargetDependency section */

/* Begin XCBuildConfiguration section */
		0EFC7BF9EFF176F64263BA73 /* Release */ = {
			isa = XCBuildConfiguration;
			buildSettings = {
				ASSETCATALOG_COMPILER_APPICON_NAME = AppIcon;
				CODE_SIGN_ENTITLEMENTS = Trinket/Trinket.entitlements;
				CODE_SIGN_IDENTITY = "iPhone Developer";
				GENERATE_INFOPLIST_FILE = YES;
				INFOPLIST_KEY_UIApplicationSceneManifest_Generation = YES;
				INFOPLIST_KEY_UIApplicationSupportsIndirectInputEvents = YES;
				INFOPLIST_KEY_UIBackgroundModes = "remote-notification";
				INFOPLIST_KEY_UILaunchScreen_Generation = YES;
				INFOPLIST_KEY_UISupportedInterfaceOrientations_iPhone = UIInterfaceOrientationPortrait;
				IPHONEOS_DEPLOYMENT_TARGET = 26.0;
				LD_RUNPATH_SEARCH_PATHS = (
					"$(inherited)",
					"@executable_path/Frameworks",
				);
				PRODUCT_BUNDLE_IDENTIFIER = com.ryanmcintire.Trinket;
				SDKROOT = iphoneos;
				TARGETED_DEVICE_FAMILY = "1,2";
			};
			name = Release;
		};
		42E56EE548A8A318A0FB6A10 /* Debug */ = {
			isa = XCBuildConfiguration;
			buildSettings = {
				BUNDLE_LOADER = "$(TEST_HOST)";
				GENERATE_INFOPLIST_FILE = YES;
				IPHONEOS_DEPLOYMENT_TARGET = 26.0;
				LD_RUNPATH_SEARCH_PATHS = (
					"$(inherited)",
					"@executable_path/Frameworks",
					"@loader_path/Frameworks",
				);
				PRODUCT_BUNDLE_IDENTIFIER = com.ryanmcintire.TrinketUITests;
				SDKROOT = iphoneos;
				TARGETED_DEVICE_FAMILY = "1,2";
				TEST_TARGET_NAME = Trinket;
			};
			name = Debug;
		};
		61DFBA4B8F7C3DE9B6FF4D35 /* Debug */ = {
			isa = XCBuildConfiguration;
			buildSettings = {
				ALWAYS_SEARCH_USER_PATHS = NO;
				CLANG_ANALYZER_NONNULL = YES;
				CLANG_ANALYZER_NUMBER_OBJECT_CONVERSION = YES_AGGRESSIVE;
				CLANG_CXX_LANGUAGE_STANDARD = "gnu++14";
				CLANG_CXX_LIBRARY = "libc++";
				CLANG_ENABLE_MODULES = YES;
				CLANG_ENABLE_OBJC_ARC = YES;
				CLANG_ENABLE_OBJC_WEAK = YES;
				CLANG_WARN_BLOCK_CAPTURE_AUTORELEASING = YES;
				CLANG_WARN_BOOL_CONVERSION = YES;
				CLANG_WARN_COMMA = YES;
				CLANG_WARN_CONSTANT_CONVERSION = YES;
				CLANG_WARN_DEPRECATED_OBJC_IMPLEMENTATIONS = YES;
				CLANG_WARN_DIRECT_OBJC_ISA_USAGE = YES_ERROR;
				CLANG_WARN_DOCUMENTATION_COMMENTS = YES;
				CLANG_WARN_EMPTY_BODY = YES;
				CLANG_WARN_ENUM_CONVERSION = YES;
				CLANG_WARN_INFINITE_RECURSION = YES;
				CLANG_WARN_INT_CONVERSION = YES;
				CLANG_WARN_NON_LITERAL_NULL_CONVERSION = YES;
				CLANG_WARN_OBJC_IMPLICIT_RETAIN_SELF = YES;
				CLANG_WARN_OBJC_LITERAL_CONVERSION = YES;
				CLANG_WARN_OBJC_ROOT_CLASS = YES_ERROR;
				CLANG_WARN_QUOTED_INCLUDE_IN_FRAMEWORK_HEADER = YES;
				CLANG_WARN_RANGE_LOOP_ANALYSIS = YES;
				CLANG_WARN_STRICT_PROTOTYPES = YES;
				CLANG_WARN_SUSPICIOUS_MOVE = YES;
				CLANG_WARN_UNGUARDED_AVAILABILITY = YES_AGGRESSIVE;
				CLANG_WARN_UNREACHABLE_CODE = YES;
				CLANG_WARN__DUPLICATE_METHOD_MATCH = YES;
				COPY_PHASE_STRIP = NO;
				DEBUG_INFORMATION_FORMAT = dwarf;
				ENABLE_STRICT_OBJC_MSGSEND = YES;
				ENABLE_TESTABILITY = YES;
				GCC_C_LANGUAGE_STANDARD = gnu11;
				GCC_DYNAMIC_NO_PIC = NO;
				GCC_NO_COMMON_BLOCKS = YES;
				GCC_OPTIMIZATION_LEVEL = 0;
				GCC_PREPROCESSOR_DEFINITIONS = (
					"$(inherited)",
					"DEBUG=1",
				);
				GCC_WARN_64_TO_32_BIT_CONVERSION = YES;
				GCC_WARN_ABOUT_RETURN_TYPE = YES_ERROR;
				GCC_WARN_UNDECLARED_SELECTOR = YES;
				GCC_WARN_UNINITIALIZED_AUTOS = YES_AGGRESSIVE;
				GCC_WARN_UNUSED_FUNCTION = YES;
				GCC_WARN_UNUSED_VARIABLE = YES;
				IPHONEOS_DEPLOYMENT_TARGET = 26.0;
				MTL_ENABLE_DEBUG_INFO = INCLUDE_SOURCE;
				MTL_FAST_MATH = YES;
				ONLY_ACTIVE_ARCH = YES;
				PRODUCT_NAME = "$(TARGET_NAME)";
				SDKROOT = iphoneos;
				SWIFT_ACTIVE_COMPILATION_CONDITIONS = DEBUG;
				SWIFT_OPTIMIZATION_LEVEL = "-Onone";
				SWIFT_VERSION = 5.0;
			};
			name = Debug;
		};
		6EAB3D147DE52473B9B322F0 /* Release */ = {
			isa = XCBuildConfiguration;
			buildSettings = {
				BUNDLE_LOADER = "$(TEST_HOST)";
				GENERATE_INFOPLIST_FILE = YES;
				IPHONEOS_DEPLOYMENT_TARGET = 26.0;
				LD_RUNPATH_SEARCH_PATHS = (
					"$(inherited)",
					"@executable_path/Frameworks",
					"@loader_path/Frameworks",
				);
				PRODUCT_BUNDLE_IDENTIFIER = com.ryanmcintire.TrinketUITests;
				SDKROOT = iphoneos;
				TARGETED_DEVICE_FAMILY = "1,2";
				TEST_TARGET_NAME = Trinket;
			};
			name = Release;
		};
		74517C7E8D9948485B1CF0DE /* Debug */ = {
			isa = XCBuildConfiguration;
			buildSettings = {
				ASSETCATALOG_COMPILER_APPICON_NAME = AppIcon;
				CODE_SIGN_ENTITLEMENTS = Trinket/Trinket.entitlements;
				CODE_SIGN_IDENTITY = "iPhone Developer";
				GENERATE_INFOPLIST_FILE = YES;
				INFOPLIST_KEY_UIApplicationSceneManifest_Generation = YES;
				INFOPLIST_KEY_UIApplicationSupportsIndirectInputEvents = YES;
				INFOPLIST_KEY_UIBackgroundModes = "remote-notification";
				INFOPLIST_KEY_UILaunchScreen_Generation = YES;
				INFOPLIST_KEY_UISupportedInterfaceOrientations_iPhone = UIInterfaceOrientationPortrait;
				IPHONEOS_DEPLOYMENT_TARGET = 26.0;
				LD_RUNPATH_SEARCH_PATHS = (
					"$(inherited)",
					"@executable_path/Frameworks",
				);
				PRODUCT_BUNDLE_IDENTIFIER = com.ryanmcintire.Trinket;
				SDKROOT = iphoneos;
				TARGETED_DEVICE_FAMILY = "1,2";
			};
			name = Debug;
		};
		8E1C9E62068F1F4DE5D05A70 /* Release */ = {
			isa = XCBuildConfiguration;
			buildSettings = {
				BUNDLE_LOADER = "$(TEST_HOST)";
				GENERATE_INFOPLIST_FILE = YES;
				IPHONEOS_DEPLOYMENT_TARGET = 26.0;
				LD_RUNPATH_SEARCH_PATHS = (
					"$(inherited)",
					"@executable_path/Frameworks",
					"@loader_path/Frameworks",
				);
				PRODUCT_BUNDLE_IDENTIFIER = com.ryanmcintire.TrinketTests;
				SDKROOT = iphoneos;
				TARGETED_DEVICE_FAMILY = "1,2";
				TEST_HOST = "$(BUILT_PRODUCTS_DIR)/Trinket.app/Trinket";
			};
			name = Release;
		};
		ABA78B53EFA8C8FF26C7A2DE /* Release */ = {
			isa = XCBuildConfiguration;
			buildSettings = {
				ALWAYS_SEARCH_USER_PATHS = NO;
				CLANG_ANALYZER_NONNULL = YES;
				CLANG_ANALYZER_NUMBER_OBJECT_CONVERSION = YES_AGGRESSIVE;
				CLANG_CXX_LANGUAGE_STANDARD = "gnu++14";
				CLANG_CXX_LIBRARY = "libc++";
				CLANG_ENABLE_MODULES = YES;
				CLANG_ENABLE_OBJC_ARC = YES;
				CLANG_ENABLE_OBJC_WEAK = YES;
				CLANG_WARN_BLOCK_CAPTURE_AUTORELEASING = YES;
				CLANG_WARN_BOOL_CONVERSION = YES;
				CLANG_WARN_COMMA = YES;
				CLANG_WARN_CONSTANT_CONVERSION = YES;
				CLANG_WARN_DEPRECATED_OBJC_IMPLEMENTATIONS = YES;
				CLANG_WARN_DIRECT_OBJC_ISA_USAGE = YES_ERROR;
				CLANG_WARN_DOCUMENTATION_COMMENTS = YES;
				CLANG_WARN_EMPTY_BODY = YES;
				CLANG_WARN_ENUM_CONVERSION = YES;
				CLANG_WARN_INFINITE_RECURSION = YES;
				CLANG_WARN_INT_CONVERSION = YES;
				CLANG_WARN_NON_LITERAL_NULL_CONVERSION = YES;
				CLANG_WARN_OBJC_IMPLICIT_RETAIN_SELF = YES;
				CLANG_WARN_OBJC_LITERAL_CONVERSION = YES;
				CLANG_WARN_OBJC_ROOT_CLASS = YES_ERROR;
				CLANG_WARN_QUOTED_INCLUDE_IN_FRAMEWORK_HEADER = YES;
				CLANG_WARN_RANGE_LOOP_ANALYSIS = YES;
				CLANG_WARN_STRICT_PROTOTYPES = YES;
				CLANG_WARN_SUSPICIOUS_MOVE = YES;
				CLANG_WARN_UNGUARDED_AVAILABILITY = YES_AGGRESSIVE;
				CLANG_WARN_UNREACHABLE_CODE = YES;
				CLANG_WARN__DUPLICATE_METHOD_MATCH = YES;
				COPY_PHASE_STRIP = NO;
				DEBUG_INFORMATION_FORMAT = "dwarf-with-dsym";
				ENABLE_NS_ASSERTIONS = NO;
				ENABLE_STRICT_OBJC_MSGSEND = YES;
				GCC_C_LANGUAGE_STANDARD = gnu11;
				GCC_NO_COMMON_BLOCKS = YES;
				GCC_WARN_64_TO_32_BIT_CONVERSION = YES;
				GCC_WARN_ABOUT_RETURN_TYPE = YES_ERROR;
				GCC_WARN_UNDECLARED_SELECTOR = YES;
				GCC_WARN_UNINITIALIZED_AUTOS = YES_AGGRESSIVE;
				GCC_WARN_UNUSED_FUNCTION = YES;
				GCC_WARN_UNUSED_VARIABLE = YES;
				IPHONEOS_DEPLOYMENT_TARGET = 26.0;
				MTL_ENABLE_DEBUG_INFO = NO;
				MTL_FAST_MATH = YES;
				PRODUCT_NAME = "$(TARGET_NAME)";
				SDKROOT = iphoneos;
				SWIFT_COMPILATION_MODE = wholemodule;
				SWIFT_OPTIMIZATION_LEVEL = "-O";
				SWIFT_VERSION = 5.0;
			};
			name = Release;
		};
		C65C78F0357E03675BADC4DA /* Debug */ = {
			isa = XCBuildConfiguration;
			buildSettings = {
				BUNDLE_LOADER = "$(TEST_HOST)";
				GENERATE_INFOPLIST_FILE = YES;
				IPHONEOS_DEPLOYMENT_TARGET = 26.0;
				LD_RUNPATH_SEARCH_PATHS = (
					"$(inherited)",
					"@executable_path/Frameworks",
					"@loader_path/Frameworks",
				);
				PRODUCT_BUNDLE_IDENTIFIER = com.ryanmcintire.TrinketTests;
				SDKROOT = iphoneos;
				TARGETED_DEVICE_FAMILY = "1,2";
				TEST_HOST = "$(BUILT_PRODUCTS_DIR)/Trinket.app/Trinket";
			};
			name = Debug;
		};
/* End XCBuildConfiguration section */

/* Begin XCConfigurationList section */
		1B0FB207A2FFB556F374E1B9 /* Build configuration list for PBXNativeTarget "TrinketUITests" */ = {
			isa = XCConfigurationList;
			buildConfigurations = (
				42E56EE548A8A318A0FB6A10 /* Debug */,
				6EAB3D147DE52473B9B322F0 /* Release */,
			);
			defaultConfigurationIsVisible = 0;
			defaultConfigurationName = Debug;
		};
		1FF29020ABDCFBE86CBD8C78 /* Build configuration list for PBXProject "Trinket" */ = {
			isa = XCConfigurationList;
			buildConfigurations = (
				61DFBA4B8F7C3DE9B6FF4D35 /* Debug */,
				ABA78B53EFA8C8FF26C7A2DE /* Release */,
			);
			defaultConfigurationIsVisible = 0;
			defaultConfigurationName = Debug;
		};
		6547600BB0ED4B74D39B3A78 /* Build configuration list for PBXNativeTarget "Trinket" */ = {
			isa = XCConfigurationList;
			buildConfigurations = (
				74517C7E8D9948485B1CF0DE /* Debug */,
				0EFC7BF9EFF176F64263BA73 /* Release */,
			);
			defaultConfigurationIsVisible = 0;
			defaultConfigurationName = Debug;
		};
		F942381B1944E78647339F8B /* Build configuration list for PBXNativeTarget "TrinketTests" */ = {
			isa = XCConfigurationList;
			buildConfigurations = (
				C65C78F0357E03675BADC4DA /* Debug */,
				8E1C9E62068F1F4DE5D05A70 /* Release */,
			);
			defaultConfigurationIsVisible = 0;
			defaultConfigurationName = Debug;
		};
/* End XCConfigurationList section */
	};
	rootObject = 5A9D4A823D9A51FFDE88B050 /* Project object */;
}
