// !$*UTF8*$!
{
	archiveVersion = 1;
	classes = {
	};
	objectVersion = 77;
	objects = {

/* Begin PBXBuildFile section */
		0D4C24AF88C43BD9C35FCA14 /* CollectionViews.swift in Sources */ = {isa = PBXBuildFile; fileRef = F043F906EC9C3E2575BED8DE /* CollectionViews.swift */; };
		10420DB76B7753231EF5981D /* SearchSmokeTests.swift in Sources */ = {isa = PBXBuildFile; fileRef = 06E1A20AE7C8994B1A8D47C5 /* SearchSmokeTests.swift */; };
		1FBA166114FA95B589384BBA /* PlayerRosterStore.swift in Sources */ = {isa = PBXBuildFile; fileRef = 6E05148A596023F71EC6F7C3 /* PlayerRosterStore.swift */; };
		2779168B15191088A3B97C78 /* CollectionSmokeTests.swift in Sources */ = {isa = PBXBuildFile; fileRef = 24A588423B8C52AF3D9FA851 /* CollectionSmokeTests.swift */; };
		2A0E6AAEB50A8DFB7A7F3845 /* BattleSmokeTests.swift in Sources */ = {isa = PBXBuildFile; fileRef = F84F536115F01471A0ED9BC2 /* BattleSmokeTests.swift */; };
		2EDD73A66D323E6267C56A25 /* KeywordViews.swift in Sources */ = {isa = PBXBuildFile; fileRef = 0BC14E3CFDFC2C1E7F11B63E /* KeywordViews.swift */; };
		3300AE189FC1CA8B733509D2 /* AppEnvironment.swift in Sources */ = {isa = PBXBuildFile; fileRef = 8F4F5008156859F661347AEE /* AppEnvironment.swift */; };
		3EA350DD55A50160329B310C /* PlayViews.swift in Sources */ = {isa = PBXBuildFile; fileRef = 28F6ED6DA12D506A19307A7C /* PlayViews.swift */; };
		5FF44064C8DFDB57EDCED7E5 /* BattleFlowUITests.swift in Sources */ = {isa = PBXBuildFile; fileRef = 51450F5568FC102C62BE459D /* BattleFlowUITests.swift */; };
		62EA2B3C00AA6E22255E0306 /* PlaySmokeTests.swift in Sources */ = {isa = PBXBuildFile; fileRef = A9BAF344DA6508B76C0355DB /* PlaySmokeTests.swift */; };
		639A44A41549791D37F09EF9 /* OptionsViews.swift in Sources */ = {isa = PBXBuildFile; fileRef = BD4CA1F017AD35C2008A3EFE /* OptionsViews.swift */; };
		64E2DFFA7591EC1F9581D2C8 /* BattleStateTests.swift in Sources */ = {isa = PBXBuildFile; fileRef = 11333C6EF4CF18ECF05B59BF /* BattleStateTests.swift */; };
		6D1EE9C6AFEC6E4608BB0BCB /* HomesteadSmokeTests.swift in Sources */ = {isa = PBXBuildFile; fileRef = 1869BF8BD4946DDA87CE066E /* HomesteadSmokeTests.swift */; };
		705F9FB3D1D8B29BC9FB1693 /* CardViews.swift in Sources */ = {isa = PBXBuildFile; fileRef = B8ECE80501496BE4667A6691 /* CardViews.swift */; };
		70A9B13C5A40602175E3BAC7 /* TabNavigationUITests.swift in Sources */ = {isa = PBXBuildFile; fileRef = B6DB6E4E21780CF00DC3CC2B /* TabNavigationUITests.swift */; };
		70C01EF50D38348CAED72FAF /* PlayerInventoryStore.swift in Sources */ = {isa = PBXBuildFile; fileRef = 7B798B754E4D0AD974583C21 /* PlayerInventoryStore.swift */; };
		715AF42073745528AF1D93BA /* ItemViews.swift in Sources */ = {isa = PBXBuildFile; fileRef = F86390BDE7F14CD4871091E4 /* ItemViews.swift */; };
		76E82C01E9E1D8478547C4D3 /* AppTypes.swift in Sources */ = {isa = PBXBuildFile; fileRef = 86E45F04BF076FEE8AF6123D /* AppTypes.swift */; };
		89A9FC7452C718D9578C45AB /* OptionsSmokeTests.swift in Sources */ = {isa = PBXBuildFile; fileRef = 30B234F2C3D2BB67AE3BB31D /* OptionsSmokeTests.swift */; };
		92134E776FED10205E117B2B /* ActiveBattleConfiguration.swift in Sources */ = {isa = PBXBuildFile; fileRef = FF1AFE0AAD07B995F2D781B5 /* ActiveBattleConfiguration.swift */; };
		9880306A28B13BDE77B68F20 /* TrinketUITestCase.swift in Sources */ = {isa = PBXBuildFile; fileRef = 5A78D4906737C37A4BF10D10 /* TrinketUITestCase.swift */; };
		A499447131CC39DB9255ACA8 /* TrinketDesign.swift in Sources */ = {isa = PBXBuildFile; fileRef = BCA51735A5B73B55C602985B /* TrinketDesign.swift */; };
		B23C39B8E9A413269913DF5A /* BattleSubviews.swift in Sources */ = {isa = PBXBuildFile; fileRef = 47F7E4BE52697AB762D21587 /* BattleSubviews.swift */; };
		BC9C45ECBB823F9356789E87 /* ContentView.swift in Sources */ = {isa = PBXBuildFile; fileRef = 32679C1A9BAE8ADE74DBFD34 /* ContentView.swift */; };
		BDA7CBE0B3361AD6D46CBECD /* BattleModels.swift in Sources */ = {isa = PBXBuildFile; fileRef = 2FCD6D471585E0AC83039CE2 /* BattleModels.swift */; };
		C3E58F33099DD44C027B4EF2 /* BattleView.swift in Sources */ = {isa = PBXBuildFile; fileRef = F5D3EF948D89460BB07123D6 /* BattleView.swift */; };
		C5E0C9B4A62F0F758A820E15 /* AppState.swift in Sources */ = {isa = PBXBuildFile; fileRef = 46AC8420C0B4328F5187B55D /* AppState.swift */; };
		C5E487CC286D93FF516EA957 /* TrinketApp.swift in Sources */ = {isa = PBXBuildFile; fileRef = 9EB54342F6A6FD993F1FBFCF /* TrinketApp.swift */; };
		C824DFB9E0008923C348463C /* HomesteadViews.swift in Sources */ = {isa = PBXBuildFile; fileRef = 119CDAFF9B2AFC8F0F7384BE /* HomesteadViews.swift */; };
		D0DDE6991E24D3987E005B92 /* SearchUITests.swift in Sources */ = {isa = PBXBuildFile; fileRef = 4E2E15F44FC6AF78054CB63E /* SearchUITests.swift */; };
		D78954FC66153D11DB8496CE /* BattleSession.swift in Sources */ = {isa = PBXBuildFile; fileRef = E54669B75A4E2ED6D6E1D3FF /* BattleSession.swift */; };
		D806C521BDB981AC5FF1153D /* SearchViews.swift in Sources */ = {isa = PBXBuildFile; fileRef = E8EDB79E9AD82B55D0B85936 /* SearchViews.swift */; };
		DB43434C1290C0EFD6BDD271 /* ArtCatalog.generated.swift in Sources */ = {isa = PBXBuildFile; fileRef = 28B17566A405416D98A55797 /* ArtCatalog.generated.swift */; };
		E26E5FA638A772E43CD13A2E /* CollectionDetailViews.swift in Sources */ = {isa = PBXBuildFile; fileRef = 6E6F966D7FFDA913EC43EFD7 /* CollectionDetailViews.swift */; };
		F9D95B8C131F9E36ECEA7C11 /* Assets.xcassets in Resources */ = {isa = PBXBuildFile; fileRef = 8241DDA3B7612A6E5B8B9EDF /* Assets.xcassets */; };
		FAA47725F11C48BC843A3EFD /* OptionsStore.swift in Sources */ = {isa = PBXBuildFile; fileRef = E4B491A0A9519D754A3DAAF9 /* OptionsStore.swift */; };
/* End PBXBuildFile section */

/* Begin PBXContainerItemProxy section */
		7B7B9DC370A5716BDB7204FA /* PBXContainerItemProxy */ = {
			isa = PBXContainerItemProxy;
			containerPortal = 5A9D4A823D9A51FFDE88B050 /* Project object */;
			proxyType = 1;
			remoteGlobalIDString = 86015561E99105F8A5BDDC7D;
			remoteInfo = Trinket;
		};
		CC19ED7A0742D49E50D7ACA3 /* PBXContainerItemProxy */ = {
			isa = PBXContainerItemProxy;
			containerPortal = 5A9D4A823D9A51FFDE88B050 /* Project object */;
			proxyType = 1;
			remoteGlobalIDString = 86015561E99105F8A5BDDC7D;
			remoteInfo = Trinket;
		};
/* End PBXContainerItemProxy section */

/* Begin PBXFileReference section */
		06E1A20AE7C8994B1A8D47C5 /* SearchSmokeTests.swift */ = {isa = PBXFileReference; lastKnownFileType = sourcecode.swift; path = SearchSmokeTests.swift; sourceTree = "<group>"; };
		0BC14E3CFDFC2C1E7F11B63E /* KeywordViews.swift */ = {isa = PBXFileReference; lastKnownFileType = sourcecode.swift; path = KeywordViews.swift; sourceTree = "<group>"; };
		0EE632E24DC0BBC45CF233E6 /* TrinketUITests.xctest */ = {isa = PBXFileReference; includeInIndex = 0; lastKnownFileType = wrapper.cfbundle; path = TrinketUITests.xctest; sourceTree = BUILT_PRODUCTS_DIR; };
		11333C6EF4CF18ECF05B59BF /* BattleStateTests.swift */ = {isa = PBXFileReference; lastKnownFileType = sourcecode.swift; path = BattleStateTests.swift; sourceTree = "<group>"; };
		119CDAFF9B2AFC8F0F7384BE /* HomesteadViews.swift */ = {isa = PBXFileReference; lastKnownFileType = sourcecode.swift; path = HomesteadViews.swift; sourceTree = "<group>"; };
		1524241C62BF8C54E3A7CDF8 /* Trinket.app */ = {isa = PBXFileReference; includeInIndex = 0; lastKnownFileType = wrapper.application; path = Trinket.app; sourceTree = BUILT_PRODUCTS_DIR; };
		1869BF8BD4946DDA87CE066E /* HomesteadSmokeTests.swift */ = {isa = PBXFileReference; lastKnownFileType = sourcecode.swift; path = HomesteadSmokeTests.swift; sourceTree = "<group>"; };
		24A588423B8C52AF3D9FA851 /* CollectionSmokeTests.swift */ = {isa = PBXFileReference; lastKnownFileType = sourcecode.swift; path = CollectionSmokeTests.swift; sourceTree = "<group>"; };
		28B17566A405416D98A55797 /* ArtCatalog.generated.swift */ = {isa = PBXFileReference; lastKnownFileType = sourcecode.swift; path = ArtCatalog.generated.swift; sourceTree = "<group>"; };
		28F6ED6DA12D506A19307A7C /* PlayViews.swift */ = {isa = PBXFileReference; lastKnownFileType = sourcecode.swift; path = PlayViews.swift; sourceTree = "<group>"; };
		2FCD6D471585E0AC83039CE2 /* BattleModels.swift */ = {isa = PBXFileReference; lastKnownFileType = sourcecode.swift; path = BattleModels.swift; sourceTree = "<group>"; };
		30B234F2C3D2BB67AE3BB31D /* OptionsSmokeTests.swift */ = {isa = PBXFileReference; lastKnownFileType = sourcecode.swift; path = OptionsSmokeTests.swift; sourceTree = "<group>"; };
		32679C1A9BAE8ADE74DBFD34 /* ContentView.swift */ = {isa = PBXFileReference; lastKnownFileType = sourcecode.swift; path = ContentView.swift; sourceTree = "<group>"; };
		46AC8420C0B4328F5187B55D /* AppState.swift */ = {isa = PBXFileReference; lastKnownFileType = sourcecode.swift; path = AppState.swift; sourceTree = "<group>"; };
		47F7E4BE52697AB762D21587 /* BattleSubviews.swift */ = {isa = PBXFileReference; lastKnownFileType = sourcecode.swift; path = BattleSubviews.swift; sourceTree = "<group>"; };
		4E2E15F44FC6AF78054CB63E /* SearchUITests.swift */ = {isa = PBXFileReference; lastKnownFileType = sourcecode.swift; path = SearchUITests.swift; sourceTree = "<group>"; };
		51450F5568FC102C62BE459D /* BattleFlowUITests.swift */ = {isa = PBXFileReference; lastKnownFileType = sourcecode.swift; path = BattleFlowUITests.swift; sourceTree = "<group>"; };
		5A78D4906737C37A4BF10D10 /* TrinketUITestCase.swift */ = {isa = PBXFileReference; lastKnownFileType = sourcecode.swift; path = TrinketUITestCase.swift; sourceTree = "<group>"; };
		6E05148A596023F71EC6F7C3 /* PlayerRosterStore.swift */ = {isa = PBXFileReference; lastKnownFileType = sourcecode.swift; path = PlayerRosterStore.swift; sourceTree = "<group>"; };
		6E6F966D7FFDA913EC43EFD7 /* CollectionDetailViews.swift */ = {isa = PBXFileReference; lastKnownFileType = sourcecode.swift; path = CollectionDetailViews.swift; sourceTree = "<group>"; };
		7B798B754E4D0AD974583C21 /* PlayerInventoryStore.swift */ = {isa = PBXFileReference; lastKnownFileType = sourcecode.swift; path = PlayerInventoryStore.swift; sourceTree = "<group>"; };
		8241DDA3B7612A6E5B8B9EDF /* Assets.xcassets */ = {isa = PBXFileReference; lastKnownFileType = folder.assetcatalog; path = Assets.xcassets; sourceTree = "<group>"; };
		86E45F04BF076FEE8AF6123D /* AppTypes.swift */ = {isa = PBXFileReference; lastKnownFileType = sourcecode.swift; path = AppTypes.swift; sourceTree = "<group>"; };
		8F4F5008156859F661347AEE /* AppEnvironment.swift */ = {isa = PBXFileReference; lastKnownFileType = sourcecode.swift; path = AppEnvironment.swift; sourceTree = "<group>"; };
		9EB54342F6A6FD993F1FBFCF /* TrinketApp.swift */ = {isa = PBXFileReference; lastKnownFileType = sourcecode.swift; path = TrinketApp.swift; sourceTree = "<group>"; };
		A9BAF344DA6508B76C0355DB /* PlaySmokeTests.swift */ = {isa = PBXFileReference; lastKnownFileType = sourcecode.swift; path = PlaySmokeTests.swift; sourceTree = "<group>"; };
		B6DB6E4E21780CF00DC3CC2B /* TabNavigationUITests.swift */ = {isa = PBXFileReference; lastKnownFileType = sourcecode.swift; path = TabNavigationUITests.swift; sourceTree = "<group>"; };
		B8ECE80501496BE4667A6691 /* CardViews.swift */ = {isa = PBXFileReference; lastKnownFileType = sourcecode.swift; path = CardViews.swift; sourceTree = "<group>"; };
		BCA51735A5B73B55C602985B /* TrinketDesign.swift */ = {isa = PBXFileReference; lastKnownFileType = sourcecode.swift; path = TrinketDesign.swift; sourceTree = "<group>"; };
		BD4CA1F017AD35C2008A3EFE /* OptionsViews.swift */ = {isa = PBXFileReference; lastKnownFileType = sourcecode.swift; path = OptionsViews.swift; sourceTree = "<group>"; };
		DE85C30567FD7EAF410152C1 /* TrinketTests.xctest */ = {isa = PBXFileReference; includeInIndex = 0; lastKnownFileType = wrapper.cfbundle; path = TrinketTests.xctest; sourceTree = BUILT_PRODUCTS_DIR; };
		E4B491A0A9519D754A3DAAF9 /* OptionsStore.swift */ = {isa = PBXFileReference; lastKnownFileType = sourcecode.swift; path = OptionsStore.swift; sourceTree = "<group>"; };
		E54669B75A4E2ED6D6E1D3FF /* BattleSession.swift */ = {isa = PBXFileReference; lastKnownFileType = sourcecode.swift; path = BattleSession.swift; sourceTree = "<group>"; };
		E8EDB79E9AD82B55D0B85936 /* SearchViews.swift */ = {isa = PBXFileReference; lastKnownFileType = sourcecode.swift; path = SearchViews.swift; sourceTree = "<group>"; };
		F043F906EC9C3E2575BED8DE /* CollectionViews.swift */ = {isa = PBXFileReference; lastKnownFileType = sourcecode.swift; path = CollectionViews.swift; sourceTree = "<group>"; };
		F5D3EF948D89460BB07123D6 /* BattleView.swift */ = {isa = PBXFileReference; lastKnownFileType = sourcecode.swift; path = BattleView.swift; sourceTree = "<group>"; };
		F84F536115F01471A0ED9BC2 /* BattleSmokeTests.swift */ = {isa = PBXFileReference; lastKnownFileType = sourcecode.swift; path = BattleSmokeTests.swift; sourceTree = "<group>"; };
		F86390BDE7F14CD4871091E4 /* ItemViews.swift */ = {isa = PBXFileReference; lastKnownFileType = sourcecode.swift; path = ItemViews.swift; sourceTree = "<group>"; };
		FF1AFE0AAD07B995F2D781B5 /* ActiveBattleConfiguration.swift */ = {isa = PBXFileReference; lastKnownFileType = sourcecode.swift; path = ActiveBattleConfiguration.swift; sourceTree = "<group>"; };
/* End PBXFileReference section */

/* Begin PBXGroup section */
		0CCF8A73EF600C8A4D5E49CC /* Battle */ = {
			isa = PBXGroup;
			children = (
				47F7E4BE52697AB762D21587 /* BattleSubviews.swift */,
				F5D3EF948D89460BB07123D6 /* BattleView.swift */,
			);
			path = Battle;
			sourceTree = "<group>";
		};
		29D89DB75BE088E52681572E /* Battle */ = {
			isa = PBXGroup;
			children = (
				51450F5568FC102C62BE459D /* BattleFlowUITests.swift */,
			);
			path = Battle;
			sourceTree = "<group>";
		};
		34E76F1E0275AF5606A8CE2F /* Products */ = {
			isa = PBXGroup;
			children = (
				1524241C62BF8C54E3A7CDF8 /* Trinket.app */,
				DE85C30567FD7EAF410152C1 /* TrinketTests.xctest */,
				0EE632E24DC0BBC45CF233E6 /* TrinketUITests.xctest */,
			);
			name = Products;
			sourceTree = "<group>";
		};
		38B7CC31799C2F3746FDBC58 /* Search */ = {
			isa = PBXGroup;
			children = (
				E8EDB79E9AD82B55D0B85936 /* SearchViews.swift */,
			);
			path = Search;
			sourceTree = "<group>";
		};
		453D010DA38215C39831E9B1 /* DesignSystem */ = {
			isa = PBXGroup;
			children = (
				BCA51735A5B73B55C602985B /* TrinketDesign.swift */,
			);
			path = DesignSystem;
			sourceTree = "<group>";
		};
		4C496176F4614A5DBFEF2CFF = {
			isa = PBXGroup;
			children = (
				A4012463DD954CE8411DA9EE /* Trinket */,
				B49A29077FD105628976E325 /* TrinketTests */,
				A76BC34F8DE0E1847F8183C5 /* TrinketUITests */,
				34E76F1E0275AF5606A8CE2F /* Products */,
			);
			sourceTree = "<group>";
		};
		4D3DFE07636D315C007EA262 /* Support */ = {
			isa = PBXGroup;
			children = (
				5A78D4906737C37A4BF10D10 /* TrinketUITestCase.swift */,
			);
			path = Support;
			sourceTree = "<group>";
		};
		8EFD36283A19BFF4238E7E3F /* Collection */ = {
			isa = PBXGroup;
			children = (
				B6DB6E4E21780CF00DC3CC2B /* TabNavigationUITests.swift */,
			);
			path = Collection;
			sourceTree = "<group>";
		};
		9A319AA1F360D3E46B77B417 /* Shared */ = {
			isa = PBXGroup;
			children = (
				0BC14E3CFDFC2C1E7F11B63E /* KeywordViews.swift */,
			);
			path = Shared;
			sourceTree = "<group>";
		};
		A4012463DD954CE8411DA9EE /* Trinket */ = {
			isa = PBXGroup;
			children = (
				8241DDA3B7612A6E5B8B9EDF /* Assets.xcassets */,
				2FCD6D471585E0AC83039CE2 /* BattleModels.swift */,
				BE7643485C5460654D5C3A04 /* App */,
				453D010DA38215C39831E9B1 /* DesignSystem */,
				D3870F28231D26C51A9BEF55 /* Features */,
				D041615996606263A09BB671 /* Generated */,
				9A319AA1F360D3E46B77B417 /* Shared */,
				D5CD742C5932F0CB061764C1 /* State */,
			);
			path = Trinket;
			sourceTree = "<group>";
		};
		A76BC34F8DE0E1847F8183C5 /* TrinketUITests */ = {
			isa = PBXGroup;
			children = (
				4E2E15F44FC6AF78054CB63E /* SearchUITests.swift */,
				29D89DB75BE088E52681572E /* Battle */,
				8EFD36283A19BFF4238E7E3F /* Collection */,
				D9CDD70F6D13AF227D4B727A /* Smoke */,
				4D3DFE07636D315C007EA262 /* Support */,
			);
			path = TrinketUITests;
			sourceTree = "<group>";
		};
		B49A29077FD105628976E325 /* TrinketTests */ = {
			isa = PBXGroup;
			children = (
				11333C6EF4CF18ECF05B59BF /* BattleStateTests.swift */,
			);
			path = TrinketTests;
			sourceTree = "<group>";
		};
		BE7643485C5460654D5C3A04 /* App */ = {
			isa = PBXGroup;
			children = (
				8F4F5008156859F661347AEE /* AppEnvironment.swift */,
				86E45F04BF076FEE8AF6123D /* AppTypes.swift */,
				32679C1A9BAE8ADE74DBFD34 /* ContentView.swift */,
				9EB54342F6A6FD993F1FBFCF /* TrinketApp.swift */,
			);
			path = App;
			sourceTree = "<group>";
		};
		C7B68272BE6EE2D9861FCFFD /* Play */ = {
			isa = PBXGroup;
			children = (
				28F6ED6DA12D506A19307A7C /* PlayViews.swift */,
			);
			path = Play;
			sourceTree = "<group>";
		};
		D041615996606263A09BB671 /* Generated */ = {
			isa = PBXGroup;
			children = (
				28B17566A405416D98A55797 /* ArtCatalog.generated.swift */,
			);
			path = Generated;
			sourceTree = "<group>";
		};
		D3870F28231D26C51A9BEF55 /* Features */ = {
			isa = PBXGroup;
			children = (
				0CCF8A73EF600C8A4D5E49CC /* Battle */,
				E28D9B2CB7ED8660A6CC1D0C /* Collection */,
				FE037146D87F9EB400F6563A /* Homestead */,
				DFB3E38C23DEEB65A2D3CA23 /* Options */,
				C7B68272BE6EE2D9861FCFFD /* Play */,
				38B7CC31799C2F3746FDBC58 /* Search */,
			);
			path = Features;
			sourceTree = "<group>";
		};
		D5CD742C5932F0CB061764C1 /* State */ = {
			isa = PBXGroup;
			children = (
				FF1AFE0AAD07B995F2D781B5 /* ActiveBattleConfiguration.swift */,
				46AC8420C0B4328F5187B55D /* AppState.swift */,
				E54669B75A4E2ED6D6E1D3FF /* BattleSession.swift */,
				E4B491A0A9519D754A3DAAF9 /* OptionsStore.swift */,
				7B798B754E4D0AD974583C21 /* PlayerInventoryStore.swift */,
				6E05148A596023F71EC6F7C3 /* PlayerRosterStore.swift */,
			);
			path = State;
			sourceTree = "<group>";
		};
		D9CDD70F6D13AF227D4B727A /* Smoke */ = {
			isa = PBXGroup;
			children = (
				F84F536115F01471A0ED9BC2 /* BattleSmokeTests.swift */,
				24A588423B8C52AF3D9FA851 /* CollectionSmokeTests.swift */,
				1869BF8BD4946DDA87CE066E /* HomesteadSmokeTests.swift */,
				30B234F2C3D2BB67AE3BB31D /* OptionsSmokeTests.swift */,
				A9BAF344DA6508B76C0355DB /* PlaySmokeTests.swift */,
				06E1A20AE7C8994B1A8D47C5 /* SearchSmokeTests.swift */,
			);
			path = Smoke;
			sourceTree = "<group>";
		};
		DFB3E38C23DEEB65A2D3CA23 /* Options */ = {
			isa = PBXGroup;
			children = (
				BD4CA1F017AD35C2008A3EFE /* OptionsViews.swift */,
			);
			path = Options;
			sourceTree = "<group>";
		};
		E28D9B2CB7ED8660A6CC1D0C /* Collection */ = {
			isa = PBXGroup;
			children = (
				B8ECE80501496BE4667A6691 /* CardViews.swift */,
				6E6F966D7FFDA913EC43EFD7 /* CollectionDetailViews.swift */,
				F043F906EC9C3E2575BED8DE /* CollectionViews.swift */,
				F86390BDE7F14CD4871091E4 /* ItemViews.swift */,
			);
			path = Collection;
			sourceTree = "<group>";
		};
		FE037146D87F9EB400F6563A /* Homestead */ = {
			isa = PBXGroup;
			children = (
				119CDAFF9B2AFC8F0F7384BE /* HomesteadViews.swift */,
			);
			path = Homestead;
			sourceTree = "<group>";
		};
/* End PBXGroup section */

/* Begin PBXNativeTarget section */
		2B112CD93B7BA74516E26AC2 /* TrinketUITests */ = {
			isa = PBXNativeTarget;
			buildConfigurationList = 1B0FB207A2FFB556F374E1B9 /* Build configuration list for PBXNativeTarget "TrinketUITests" */;
			buildPhases = (
				9BAF02F2F9AB43DD87FC4C7C /* Sources */,
			);
			buildRules = (
			);
			dependencies = (
				A8D206298A54DA4621EDEA88 /* PBXTargetDependency */,
			);
			name = TrinketUITests;
			packageProductDependencies = (
			);
			productName = TrinketUITests;
			productReference = 0EE632E24DC0BBC45CF233E6 /* TrinketUITests.xctest */;
			productType = "com.apple.product-type.bundle.ui-testing";
		};
		86015561E99105F8A5BDDC7D /* Trinket */ = {
			isa = PBXNativeTarget;
			buildConfigurationList = 6547600BB0ED4B74D39B3A78 /* Build configuration list for PBXNativeTarget "Trinket" */;
			buildPhases = (
				21E3B7E2E58C6DE18FB70E68 /* Sources */,
				C807398A97BBF4785CD32DAD /* Resources */,
			);
			buildRules = (
			);
			dependencies = (
			);
			name = Trinket;
			packageProductDependencies = (
			);
			productName = Trinket;
			productReference = 1524241C62BF8C54E3A7CDF8 /* Trinket.app */;
			productType = "com.apple.product-type.application";
		};
		F4E69EC44A81B8942F321B2F /* TrinketTests */ = {
			isa = PBXNativeTarget;
			buildConfigurationList = F942381B1944E78647339F8B /* Build configuration list for PBXNativeTarget "TrinketTests" */;
			buildPhases = (
				4479C389B51D310F83EADE2C /* Sources */,
			);
			buildRules = (
			);
			dependencies = (
				A599320A30D893F77C9E9083 /* PBXTargetDependency */,
			);
			name = TrinketTests;
			packageProductDependencies = (
			);
			productName = TrinketTests;
			productReference = DE85C30567FD7EAF410152C1 /* TrinketTests.xctest */;
			productType = "com.apple.product-type.bundle.unit-test";
		};
/* End PBXNativeTarget section */

/* Begin PBXProject section */
		5A9D4A823D9A51FFDE88B050 /* Project object */ = {
			isa = PBXProject;
			attributes = {
				BuildIndependentTargetsInParallel = YES;
				LastUpgradeCheck = 1430;
				TargetAttributes = {
					2B112CD93B7BA74516E26AC2 = {
						TestTargetID = 86015561E99105F8A5BDDC7D;
					};
				};
			};
			buildConfigurationList = 1FF29020ABDCFBE86CBD8C78 /* Build configuration list for PBXProject "Trinket" */;
			developmentRegion = en;
			hasScannedForEncodings = 0;
			knownRegions = (
				Base,
				en,
			);
			mainGroup = 4C496176F4614A5DBFEF2CFF;
			minimizedProjectReferenceProxies = 1;
			preferredProjectObjectVersion = 77;
			productRefGroup = 34E76F1E0275AF5606A8CE2F /* Products */;
			projectDirPath = "";
			projectRoot = "";
			targets = (
				86015561E99105F8A5BDDC7D /* Trinket */,
				F4E69EC44A81B8942F321B2F /* TrinketTests */,
				2B112CD93B7BA74516E26AC2 /* TrinketUITests */,
			);
		};
/* End PBXProject section */

/* Begin PBXResourcesBuildPhase section */
		C807398A97BBF4785CD32DAD /* Resources */ = {
			isa = PBXResourcesBuildPhase;
			buildActionMask = 2147483647;
			files = (
				F9D95B8C131F9E36ECEA7C11 /* Assets.xcassets in Resources */,
			);
			runOnlyForDeploymentPostprocessing = 0;
		};
/* End PBXResourcesBuildPhase section */

/* Begin PBXSourcesBuildPhase section */
		21E3B7E2E58C6DE18FB70E68 /* Sources */ = {
			isa = PBXSourcesBuildPhase;
			buildActionMask = 2147483647;
			files = (
				92134E776FED10205E117B2B /* ActiveBattleConfiguration.swift in Sources */,
				3300AE189FC1CA8B733509D2 /* AppEnvironment.swift in Sources */,
				C5E0C9B4A62F0F758A820E15 /* AppState.swift in Sources */,
				76E82C01E9E1D8478547C4D3 /* AppTypes.swift in Sources */,
				DB43434C1290C0EFD6BDD271 /* ArtCatalog.generated.swift in Sources */,
				BDA7CBE0B3361AD6D46CBECD /* BattleModels.swift in Sources */,
				D78954FC66153D11DB8496CE /* BattleSession.swift in Sources */,
				B23C39B8E9A413269913DF5A /* BattleSubviews.swift in Sources */,
				C3E58F33099DD44C027B4EF2 /* BattleView.swift in Sources */,
				705F9FB3D1D8B29BC9FB1693 /* CardViews.swift in Sources */,
				E26E5FA638A772E43CD13A2E /* CollectionDetailViews.swift in Sources */,
				0D4C24AF88C43BD9C35FCA14 /* CollectionViews.swift in Sources */,
				BC9C45ECBB823F9356789E87 /* ContentView.swift in Sources */,
				C824DFB9E0008923C348463C /* HomesteadViews.swift in Sources */,
				715AF42073745528AF1D93BA /* ItemViews.swift in Sources */,
				2EDD73A66D323E6267C56A25 /* KeywordViews.swift in Sources */,
				FAA47725F11C48BC843A3EFD /* OptionsStore.swift in Sources */,
				639A44A41549791D37F09EF9 /* OptionsViews.swift in Sources */,
				3EA350DD55A50160329B310C /* PlayViews.swift in Sources */,
				70C01EF50D38348CAED72FAF /* PlayerInventoryStore.swift in Sources */,
				1FBA166114FA95B589384BBA /* PlayerRosterStore.swift in Sources */,
				D806C521BDB981AC5FF1153D /* SearchViews.swift in Sources */,
				C5E487CC286D93FF516EA957 /* TrinketApp.swift in Sources */,
				A499447131CC39DB9255ACA8 /* TrinketDesign.swift in Sources */,
			);
			runOnlyForDeploymentPostprocessing = 0;
		};
		4479C389B51D310F83EADE2C /* Sources */ = {
			isa = PBXSourcesBuildPhase;
			buildActionMask = 2147483647;
			files = (
				64E2DFFA7591EC1F9581D2C8 /* BattleStateTests.swift in Sources */,
			);
			runOnlyForDeploymentPostprocessing = 0;
		};
		9BAF02F2F9AB43DD87FC4C7C /* Sources */ = {
			isa = PBXSourcesBuildPhase;
			buildActionMask = 2147483647;
			files = (
				5FF44064C8DFDB57EDCED7E5 /* BattleFlowUITests.swift in Sources */,
				2A0E6AAEB50A8DFB7A7F3845 /* BattleSmokeTests.swift in Sources */,
				2779168B15191088A3B97C78 /* CollectionSmokeTests.swift in Sources */,
				6D1EE9C6AFEC6E4608BB0BCB /* HomesteadSmokeTests.swift in Sources */,
				89A9FC7452C718D9578C45AB /* OptionsSmokeTests.swift in Sources */,
				62EA2B3C00AA6E22255E0306 /* PlaySmokeTests.swift in Sources */,
				10420DB76B7753231EF5981D /* SearchSmokeTests.swift in Sources */,
				D0DDE6991E24D3987E005B92 /* SearchUITests.swift in Sources */,
				70A9B13C5A40602175E3BAC7 /* TabNavigationUITests.swift in Sources */,
				9880306A28B13BDE77B68F20 /* TrinketUITestCase.swift in Sources */,
			);
			runOnlyForDeploymentPostprocessing = 0;
		};
/* End PBXSourcesBuildPhase section */

/* Begin PBXTargetDependency section */
		A599320A30D893F77C9E9083 /* PBXTargetDependency */ = {
			isa = PBXTargetDependency;
			target = 86015561E99105F8A5BDDC7D /* Trinket */;
			targetProxy = 7B7B9DC370A5716BDB7204FA /* PBXContainerItemProxy */;
		};
		A8D206298A54DA4621EDEA88 /* PBXTargetDependency */ = {
			isa = PBXTargetDependency;
			target = 86015561E99105F8A5BDDC7D /* Trinket */;
			targetProxy = CC19ED7A0742D49E50D7ACA3 /* PBXContainerItemProxy */;
		};
/* End PBXTargetDependency section */

/* Begin XCBuildConfiguration section */
		0EFC7BF9EFF176F64263BA73 /* Release */ = {
			isa = XCBuildConfiguration;
			buildSettings = {
				ASSETCATALOG_COMPILER_APPICON_NAME = AppIcon;
				CODE_SIGN_IDENTITY = "iPhone Developer";
				GENERATE_INFOPLIST_FILE = YES;
				INFOPLIST_KEY_UIApplicationSceneManifest_Generation = YES;
				INFOPLIST_KEY_UIApplicationSupportsIndirectInputEvents = YES;
				INFOPLIST_KEY_UILaunchScreen_Generation = YES;
				INFOPLIST_KEY_UISupportedInterfaceOrientations_iPhone = UIInterfaceOrientationPortrait;
				IPHONEOS_DEPLOYMENT_TARGET = 26.0;
				LD_RUNPATH_SEARCH_PATHS = (
					"$(inherited)",
					"@executable_path/Frameworks",
				);
				PRODUCT_BUNDLE_IDENTIFIER = com.ryanmcintire.Trinket;
				SDKROOT = iphoneos;
				TARGETED_DEVICE_FAMILY = "1,2";
			};
			name = Release;
		};
		42E56EE548A8A318A0FB6A10 /* Debug */ = {
			isa = XCBuildConfiguration;
			buildSettings = {
				BUNDLE_LOADER = "$(TEST_HOST)";
				GENERATE_INFOPLIST_FILE = YES;
				IPHONEOS_DEPLOYMENT_TARGET = 26.0;
				LD_RUNPATH_SEARCH_PATHS = (
					"$(inherited)",
					"@executable_path/Frameworks",
					"@loader_path/Frameworks",
				);
				PRODUCT_BUNDLE_IDENTIFIER = com.ryanmcintire.TrinketUITests;
				SDKROOT = iphoneos;
				TARGETED_DEVICE_FAMILY = "1,2";
				TEST_TARGET_NAME = Trinket;
			};
			name = Debug;
		};
		61DFBA4B8F7C3DE9B6FF4D35 /* Debug */ = {
			isa = XCBuildConfiguration;
			buildSettings = {
				ALWAYS_SEARCH_USER_PATHS = NO;
				CLANG_ANALYZER_NONNULL = YES;
				CLANG_ANALYZER_NUMBER_OBJECT_CONVERSION = YES_AGGRESSIVE;
				CLANG_CXX_LANGUAGE_STANDARD = "gnu++14";
				CLANG_CXX_LIBRARY = "libc++";
				CLANG_ENABLE_MODULES = YES;
				CLANG_ENABLE_OBJC_ARC = YES;
				CLANG_ENABLE_OBJC_WEAK = YES;
				CLANG_WARN_BLOCK_CAPTURE_AUTORELEASING = YES;
				CLANG_WARN_BOOL_CONVERSION = YES;
				CLANG_WARN_COMMA = YES;
				CLANG_WARN_CONSTANT_CONVERSION = YES;
				CLANG_WARN_DEPRECATED_OBJC_IMPLEMENTATIONS = YES;
				CLANG_WARN_DIRECT_OBJC_ISA_USAGE = YES_ERROR;
				CLANG_WARN_DOCUMENTATION_COMMENTS = YES;
				CLANG_WARN_EMPTY_BODY = YES;
				CLANG_WARN_ENUM_CONVERSION = YES;
				CLANG_WARN_INFINITE_RECURSION = YES;
				CLANG_WARN_INT_CONVERSION = YES;
				CLANG_WARN_NON_LITERAL_NULL_CONVERSION = YES;
				CLANG_WARN_OBJC_IMPLICIT_RETAIN_SELF = YES;
				CLANG_WARN_OBJC_LITERAL_CONVERSION = YES;
				CLANG_WARN_OBJC_ROOT_CLASS = YES_ERROR;
				CLANG_WARN_QUOTED_INCLUDE_IN_FRAMEWORK_HEADER = YES;
				CLANG_WARN_RANGE_LOOP_ANALYSIS = YES;
				CLANG_WARN_STRICT_PROTOTYPES = YES;
				CLANG_WARN_SUSPICIOUS_MOVE = YES;
				CLANG_WARN_UNGUARDED_AVAILABILITY = YES_AGGRESSIVE;
				CLANG_WARN_UNREACHABLE_CODE = YES;
				CLANG_WARN__DUPLICATE_METHOD_MATCH = YES;
				COPY_PHASE_STRIP = NO;
				DEBUG_INFORMATION_FORMAT = dwarf;
				ENABLE_STRICT_OBJC_MSGSEND = YES;
				ENABLE_TESTABILITY = YES;
				GCC_C_LANGUAGE_STANDARD = gnu11;
				GCC_DYNAMIC_NO_PIC = NO;
				GCC_NO_COMMON_BLOCKS = YES;
				GCC_OPTIMIZATION_LEVEL = 0;
				GCC_PREPROCESSOR_DEFINITIONS = (
					"$(inherited)",
					"DEBUG=1",
				);
				GCC_WARN_64_TO_32_BIT_CONVERSION = YES;
				GCC_WARN_ABOUT_RETURN_TYPE = YES_ERROR;
				GCC_WARN_UNDECLARED_SELECTOR = YES;
				GCC_WARN_UNINITIALIZED_AUTOS = YES_AGGRESSIVE;
				GCC_WARN_UNUSED_FUNCTION = YES;
				GCC_WARN_UNUSED_VARIABLE = YES;
				IPHONEOS_DEPLOYMENT_TARGET = 26.0;
				MTL_ENABLE_DEBUG_INFO = INCLUDE_SOURCE;
				MTL_FAST_MATH = YES;
				ONLY_ACTIVE_ARCH = YES;
				PRODUCT_NAME = "$(TARGET_NAME)";
				SDKROOT = iphoneos;
				SWIFT_ACTIVE_COMPILATION_CONDITIONS = DEBUG;
				SWIFT_OPTIMIZATION_LEVEL = "-Onone";
				SWIFT_VERSION = 5.0;
			};
			name = Debug;
		};
		6EAB3D147DE52473B9B322F0 /* Release */ = {
			isa = XCBuildConfiguration;
			buildSettings = {
				BUNDLE_LOADER = "$(TEST_HOST)";
				GENERATE_INFOPLIST_FILE = YES;
				IPHONEOS_DEPLOYMENT_TARGET = 26.0;
				LD_RUNPATH_SEARCH_PATHS = (
					"$(inherited)",
					"@executable_path/Frameworks",
					"@loader_path/Frameworks",
				);
				PRODUCT_BUNDLE_IDENTIFIER = com.ryanmcintire.TrinketUITests;
				SDKROOT = iphoneos;
				TARGETED_DEVICE_FAMILY = "1,2";
				TEST_TARGET_NAME = Trinket;
			};
			name = Release;
		};
		74517C7E8D9948485B1CF0DE /* Debug */ = {
			isa = XCBuildConfiguration;
			buildSettings = {
				ASSETCATALOG_COMPILER_APPICON_NAME = AppIcon;
				CODE_SIGN_IDENTITY = "iPhone Developer";
				GENERATE_INFOPLIST_FILE = YES;
				INFOPLIST_KEY_UIApplicationSceneManifest_Generation = YES;
				INFOPLIST_KEY_UIApplicationSupportsIndirectInputEvents = YES;
				INFOPLIST_KEY_UILaunchScreen_Generation = YES;
				INFOPLIST_KEY_UISupportedInterfaceOrientations_iPhone = UIInterfaceOrientationPortrait;
				IPHONEOS_DEPLOYMENT_TARGET = 26.0;
				LD_RUNPATH_SEARCH_PATHS = (
					"$(inherited)",
					"@executable_path/Frameworks",
				);
				PRODUCT_BUNDLE_IDENTIFIER = com.ryanmcintire.Trinket;
				SDKROOT = iphoneos;
				TARGETED_DEVICE_FAMILY = "1,2";
			};
			name = Debug;
		};
		8E1C9E62068F1F4DE5D05A70 /* Release */ = {
			isa = XCBuildConfiguration;
			buildSettings = {
				BUNDLE_LOADER = "$(TEST_HOST)";
				GENERATE_INFOPLIST_FILE = YES;
				IPHONEOS_DEPLOYMENT_TARGET = 26.0;
				LD_RUNPATH_SEARCH_PATHS = (
					"$(inherited)",
					"@executable_path/Frameworks",
					"@loader_path/Frameworks",
				);
				PRODUCT_BUNDLE_IDENTIFIER = com.ryanmcintire.TrinketTests;
				SDKROOT = iphoneos;
				TARGETED_DEVICE_FAMILY = "1,2";
				TEST_HOST = "$(BUILT_PRODUCTS_DIR)/Trinket.app/Trinket";
			};
			name = Release;
		};
		ABA78B53EFA8C8FF26C7A2DE /* Release */ = {
			isa = XCBuildConfiguration;
			buildSettings = {
				ALWAYS_SEARCH_USER_PATHS = NO;
				CLANG_ANALYZER_NONNULL = YES;
				CLANG_ANALYZER_NUMBER_OBJECT_CONVERSION = YES_AGGRESSIVE;
				CLANG_CXX_LANGUAGE_STANDARD = "gnu++14";
				CLANG_CXX_LIBRARY = "libc++";
				CLANG_ENABLE_MODULES = YES;
				CLANG_ENABLE_OBJC_ARC = YES;
				CLANG_ENABLE_OBJC_WEAK = YES;
				CLANG_WARN_BLOCK_CAPTURE_AUTORELEASING = YES;
				CLANG_WARN_BOOL_CONVERSION = YES;
				CLANG_WARN_COMMA = YES;
				CLANG_WARN_CONSTANT_CONVERSION = YES;
				CLANG_WARN_DEPRECATED_OBJC_IMPLEMENTATIONS = YES;
				CLANG_WARN_DIRECT_OBJC_ISA_USAGE = YES_ERROR;
				CLANG_WARN_DOCUMENTATION_COMMENTS = YES;
				CLANG_WARN_EMPTY_BODY = YES;
				CLANG_WARN_ENUM_CONVERSION = YES;
				CLANG_WARN_INFINITE_RECURSION = YES;
				CLANG_WARN_INT_CONVERSION = YES;
				CLANG_WARN_NON_LITERAL_NULL_CONVERSION = YES;
				CLANG_WARN_OBJC_IMPLICIT_RETAIN_SELF = YES;
				CLANG_WARN_OBJC_LITERAL_CONVERSION = YES;
				CLANG_WARN_OBJC_ROOT_CLASS = YES_ERROR;
				CLANG_WARN_QUOTED_INCLUDE_IN_FRAMEWORK_HEADER = YES;
				CLANG_WARN_RANGE_LOOP_ANALYSIS = YES;
				CLANG_WARN_STRICT_PROTOTYPES = YES;
				CLANG_WARN_SUSPICIOUS_MOVE = YES;
				CLANG_WARN_UNGUARDED_AVAILABILITY = YES_AGGRESSIVE;
				CLANG_WARN_UNREACHABLE_CODE = YES;
				CLANG_WARN__DUPLICATE_METHOD_MATCH = YES;
				COPY_PHASE_STRIP = NO;
				DEBUG_INFORMATION_FORMAT = "dwarf-with-dsym";
				ENABLE_NS_ASSERTIONS = NO;
				ENABLE_STRICT_OBJC_MSGSEND = YES;
				GCC_C_LANGUAGE_STANDARD = gnu11;
				GCC_NO_COMMON_BLOCKS = YES;
				GCC_WARN_64_TO_32_BIT_CONVERSION = YES;
				GCC_WARN_ABOUT_RETURN_TYPE = YES_ERROR;
				GCC_WARN_UNDECLARED_SELECTOR = YES;
				GCC_WARN_UNINITIALIZED_AUTOS = YES_AGGRESSIVE;
				GCC_WARN_UNUSED_FUNCTION = YES;
				GCC_WARN_UNUSED_VARIABLE = YES;
				IPHONEOS_DEPLOYMENT_TARGET = 26.0;
				MTL_ENABLE_DEBUG_INFO = NO;
				MTL_FAST_MATH = YES;
				PRODUCT_NAME = "$(TARGET_NAME)";
				SDKROOT = iphoneos;
				SWIFT_COMPILATION_MODE = wholemodule;
				SWIFT_OPTIMIZATION_LEVEL = "-O";
				SWIFT_VERSION = 5.0;
			};
			name = Release;
		};
		C65C78F0357E03675BADC4DA /* Debug */ = {
			isa = XCBuildConfiguration;
			buildSettings = {
				BUNDLE_LOADER = "$(TEST_HOST)";
				GENERATE_INFOPLIST_FILE = YES;
				IPHONEOS_DEPLOYMENT_TARGET = 26.0;
				LD_RUNPATH_SEARCH_PATHS = (
					"$(inherited)",
					"@executable_path/Frameworks",
					"@loader_path/Frameworks",
				);
				PRODUCT_BUNDLE_IDENTIFIER = com.ryanmcintire.TrinketTests;
				SDKROOT = iphoneos;
				TARGETED_DEVICE_FAMILY = "1,2";
				TEST_HOST = "$(BUILT_PRODUCTS_DIR)/Trinket.app/Trinket";
			};
			name = Debug;
		};
/* End XCBuildConfiguration section */

/* Begin XCConfigurationList section */
		1B0FB207A2FFB556F374E1B9 /* Build configuration list for PBXNativeTarget "TrinketUITests" */ = {
			isa = XCConfigurationList;
			buildConfigurations = (
				42E56EE548A8A318A0FB6A10 /* Debug */,
				6EAB3D147DE52473B9B322F0 /* Release */,
			);
			defaultConfigurationIsVisible = 0;
			defaultConfigurationName = Debug;
		};
		1FF29020ABDCFBE86CBD8C78 /* Build configuration list for PBXProject "Trinket" */ = {
			isa = XCConfigurationList;
			buildConfigurations = (
				61DFBA4B8F7C3DE9B6FF4D35 /* Debug */,
				ABA78B53EFA8C8FF26C7A2DE /* Release */,
			);
			defaultConfigurationIsVisible = 0;
			defaultConfigurationName = Debug;
		};
		6547600BB0ED4B74D39B3A78 /* Build configuration list for PBXNativeTarget "Trinket" */ = {
			isa = XCConfigurationList;
			buildConfigurations = (
				74517C7E8D9948485B1CF0DE /* Debug */,
				0EFC7BF9EFF176F64263BA73 /* Release */,
			);
			defaultConfigurationIsVisible = 0;
			defaultConfigurationName = Debug;
		};
		F942381B1944E78647339F8B /* Build configuration list for PBXNativeTarget "TrinketTests" */ = {
			isa = XCConfigurationList;
			buildConfigurations = (
				C65C78F0357E03675BADC4DA /* Debug */,
				8E1C9E62068F1F4DE5D05A70 /* Release */,
			);
			defaultConfigurationIsVisible = 0;
			defaultConfigurationName = Debug;
		};
/* End XCConfigurationList section */
	};
	rootObject = 5A9D4A823D9A51FFDE88B050 /* Project object */;
}
