// !$*UTF8*$!
{
	archiveVersion = 1;
	classes = {
	};
	objectVersion = 77;
	objects = {

/* Begin PBXBuildFile section */
		04756BA870D817DE941130BE /* BattleEngine in Frameworks */ = {isa = PBXBuildFile; productRef = B3AD0325BDFDDF4BF3DA8A6C /* BattleEngine */; };
		1ECE5CD5F3410FAD07078BE2 /* TrinketFeatureSupport in Frameworks */ = {isa = PBXBuildFile; productRef = E80FBAF52B5EB42A22B02FA1 /* TrinketFeatureSupport */; };
		2E22C3058F029F47541490D7 /* TrinketAppState in Frameworks */ = {isa = PBXBuildFile; productRef = 497F7B6C4E5FF415E2B9D423 /* TrinketAppState */; };
		3DCD84503075799C11209A63 /* TrinketCore in Frameworks */ = {isa = PBXBuildFile; productRef = 518FFFBA8469A3C8E72AB6A3 /* TrinketCore */; };
		3F9145F17317B18C900AE4BA /* PrivacyInfo.xcprivacy in Resources */ = {isa = PBXBuildFile; fileRef = B16CD0B73E69AB7EEA6213A0 /* PrivacyInfo.xcprivacy */; };
		46AE900FE2517E1571C3FA33 /* TrinketFeatureSupport in Frameworks */ = {isa = PBXBuildFile; productRef = C5E66B439BE6F8AFD5341C46 /* TrinketFeatureSupport */; };
		4BEF56B8E7150AD4FC45E71F /* AppIcon.icon in Resources */ = {isa = PBXBuildFile; fileRef = 1CDE25AF095036F687FA72F9 /* AppIcon.icon */; };
		4FCFCA2836B67147182BB17A /* TrinketPersistence in Frameworks */ = {isa = PBXBuildFile; productRef = 5BD989F3FF9F61080A11F449 /* TrinketPersistence */; };
		58964BED59FF6AEEC43856CB /* TrinketContent in Frameworks */ = {isa = PBXBuildFile; productRef = 16AE1F6E42FEAB883DB2CB3E /* TrinketContent */; };
		59AAE7DF2D0399B11EB5D77C /* TrinketBattleFeature in Frameworks */ = {isa = PBXBuildFile; productRef = FD28F34AA44FA2D311826CDD /* TrinketBattleFeature */; };
		65E8239512AAFA1A1978065C /* TrinketTestSupport in Frameworks */ = {isa = PBXBuildFile; productRef = 358F30F0BFBE9CE012DB3432 /* TrinketTestSupport */; };
		825C777BA8AAF7B0578052E5 /* TrinketDesignSystem in Frameworks */ = {isa = PBXBuildFile; productRef = EE889EC677C36FCF5BB312FC /* TrinketDesignSystem */; };
		8C6BA4C1BBD73C030B19C18F /* TrinketBattleRuntime in Frameworks */ = {isa = PBXBuildFile; productRef = 18E78512186D7292031974E0 /* TrinketBattleRuntime */; };
		8DF07AB448EC3A763B41C3DE /* TrinketAppState in Frameworks */ = {isa = PBXBuildFile; productRef = 3A9FAC008934C69C357C2297 /* TrinketAppState */; };
		9628FFC3F13EBBFACC58AC4E /* TrinketFeatureAdapters in Frameworks */ = {isa = PBXBuildFile; productRef = 70AA74FBE912AB1EBC7CCDB4 /* TrinketFeatureAdapters */; };
		984598EB5CC911953BC4F96F /* TrinketBattleRuntime in Frameworks */ = {isa = PBXBuildFile; productRef = BD6359D761EAC98AF53BF3C0 /* TrinketBattleRuntime */; };
		A820ABCA7BAB450E5EAAA8D4 /* TrinketContent in Frameworks */ = {isa = PBXBuildFile; productRef = 955549F8D15605E7E9D1DDAA /* TrinketContent */; };
		B7599007C02C89BBFD9CB989 /* TrinketFeatureContracts in Frameworks */ = {isa = PBXBuildFile; productRef = B272982FB6EC9592050EDC80 /* TrinketFeatureContracts */; };
		BFC3CE982AB3EB307C0E5578 /* Media in Resources */ = {isa = PBXBuildFile; fileRef = ADA42E5A1490B3683FC93B52 /* Media */; };
		C6E80F80F414B3EB960B3DF9 /* BattleEngine in Frameworks */ = {isa = PBXBuildFile; productRef = 2AA0B90E0358E0B20FD2400D /* BattleEngine */; };
		D069EA9D8B0FC83BD641A500 /* TrinketPersistence in Frameworks */ = {isa = PBXBuildFile; productRef = 9658964970EAA7409EF39951 /* TrinketPersistence */; };
		D590E6C02282D88DAE05949C /* TrinketBattleFeature in Frameworks */ = {isa = PBXBuildFile; productRef = C8EA905F0353F12131822072 /* TrinketBattleFeature */; };
		F617A3BED12187C4A935CFFF /* TrinketDesignSystem in Frameworks */ = {isa = PBXBuildFile; productRef = 32051286CDB32D00CC65B576 /* TrinketDesignSystem */; };
		F8CC3ED7216627F7C5B3F8BD /* TrinketBattleContracts in Frameworks */ = {isa = PBXBuildFile; productRef = 88B00721337C68683ED9A2BE /* TrinketBattleContracts */; };
		F9D95B8C131F9E36ECEA7C11 /* Assets.xcassets in Resources */ = {isa = PBXBuildFile; fileRef = 8241DDA3B7612A6E5B8B9EDF /* Assets.xcassets */; };
		FA5C757C3D32F14239BD0F1C /* TrinketCore in Frameworks */ = {isa = PBXBuildFile; productRef = DEEACF4ECF5EFFFE57C7E6FA /* TrinketCore */; };
/* End PBXBuildFile section */

/* Begin PBXContainerItemProxy section */
		7B7B9DC370A5716BDB7204FA /* PBXContainerItemProxy */ = {
			isa = PBXContainerItemProxy;
			containerPortal = 5A9D4A823D9A51FFDE88B050 /* Project object */;
			proxyType = 1;
			remoteGlobalIDString = 86015561E99105F8A5BDDC7D;
			remoteInfo = Trinket;
		};
		CC19ED7A0742D49E50D7ACA3 /* PBXContainerItemProxy */ = {
			isa = PBXContainerItemProxy;
			containerPortal = 5A9D4A823D9A51FFDE88B050 /* Project object */;
			proxyType = 1;
			remoteGlobalIDString = 86015561E99105F8A5BDDC7D;
			remoteInfo = Trinket;
		};
/* End PBXContainerItemProxy section */

/* Begin PBXFileReference section */
		0EE632E24DC0BBC45CF233E6 /* TrinketUITests.xctest */ = {isa = PBXFileReference; includeInIndex = 0; lastKnownFileType = wrapper.cfbundle; path = TrinketUITests.xctest; sourceTree = BUILT_PRODUCTS_DIR; };
		1524241C62BF8C54E3A7CDF8 /* Trinket.app */ = {isa = PBXFileReference; includeInIndex = 0; lastKnownFileType = wrapper.application; path = Trinket.app; sourceTree = BUILT_PRODUCTS_DIR; };
		1CDE25AF095036F687FA72F9 /* AppIcon.icon */ = {isa = PBXFileReference; lastKnownFileType = wrapper.icon; path = AppIcon.icon; sourceTree = "<group>"; };
		2038380B9FA35C2B4DB4B598 /* TrinketCore */ = {isa = PBXFileReference; lastKnownFileType = folder; name = TrinketCore; path = Packages/TrinketCore; sourceTree = SOURCE_ROOT; };
		3301AA31D98CDD220CFDF5FF /* TrinketDesignSystem */ = {isa = PBXFileReference; lastKnownFileType = folder; name = TrinketDesignSystem; path = Packages/TrinketDesignSystem; sourceTree = SOURCE_ROOT; };
		4058BC1CE8ECD030168E8758 /* Integration.xctestplan */ = {isa = PBXFileReference; path = Integration.xctestplan; sourceTree = "<group>"; };
		591A93FAF4E4831728073D5B /* Unit.xctestplan */ = {isa = PBXFileReference; path = Unit.xctestplan; sourceTree = "<group>"; };
		61DAE383D9127ED4E5EE169F /* TrinketFeatureSupport */ = {isa = PBXFileReference; lastKnownFileType = folder; name = TrinketFeatureSupport; path = Packages/TrinketFeatureSupport; sourceTree = SOURCE_ROOT; };
		8241DDA3B7612A6E5B8B9EDF /* Assets.xcassets */ = {isa = PBXFileReference; lastKnownFileType = folder.assetcatalog; path = Assets.xcassets; sourceTree = "<group>"; };
		8D80BAE3DD95D195DC723862 /* TrinketPersistence */ = {isa = PBXFileReference; lastKnownFileType = folder; name = TrinketPersistence; path = Packages/TrinketPersistence; sourceTree = SOURCE_ROOT; };
		929F7A06B8C849A87066F3DE /* TrinketTestSupport */ = {isa = PBXFileReference; lastKnownFileType = folder; name = TrinketTestSupport; path = Packages/TrinketTestSupport; sourceTree = SOURCE_ROOT; };
		9C0890BB8BE4806E4AEDBE9B /* TrinketAppState */ = {isa = PBXFileReference; lastKnownFileType = folder; name = TrinketAppState; path = Packages/TrinketAppState; sourceTree = SOURCE_ROOT; };
		ADA42E5A1490B3683FC93B52 /* Media */ = {isa = PBXFileReference; lastKnownFileType = folder; name = Media; path = Trinket/Media; sourceTree = SOURCE_ROOT; };
		B16CD0B73E69AB7EEA6213A0 /* PrivacyInfo.xcprivacy */ = {isa = PBXFileReference; path = PrivacyInfo.xcprivacy; sourceTree = "<group>"; };
		C0FBF8545A8DB4F45528068B /* TrinketBattleRuntime */ = {isa = PBXFileReference; lastKnownFileType = folder; name = TrinketBattleRuntime; path = Packages/TrinketBattleRuntime; sourceTree = SOURCE_ROOT; };
		C8EFA27866F6BA45C26D504E /* TrinketBattleFeature */ = {isa = PBXFileReference; lastKnownFileType = folder; name = TrinketBattleFeature; path = Packages/TrinketBattleFeature; sourceTree = SOURCE_ROOT; };
		D77B1B572840FE4B65134F04 /* Smoke.xctestplan */ = {isa = PBXFileReference; path = Smoke.xctestplan; sourceTree = "<group>"; };
		DE85C30567FD7EAF410152C1 /* TrinketTests.xctest */ = {isa = PBXFileReference; includeInIndex = 0; lastKnownFileType = wrapper.cfbundle; path = TrinketTests.xctest; sourceTree = BUILT_PRODUCTS_DIR; };
		E43AF427DA2725C7880E05D0 /* BattleEngine */ = {isa = PBXFileReference; lastKnownFileType = folder; name = BattleEngine; path = Packages/BattleEngine; sourceTree = SOURCE_ROOT; };
		E89691B00998EAF137303F2E /* FullUI.xctestplan */ = {isa = PBXFileReference; path = FullUI.xctestplan; sourceTree = "<group>"; };
		F860CF8731633D08940B8C94 /* QuickSmoke.xctestplan */ = {isa = PBXFileReference; path = QuickSmoke.xctestplan; sourceTree = "<group>"; };
		FB2F3612614E891F44DD2597 /* TrinketContent */ = {isa = PBXFileReference; lastKnownFileType = folder; name = TrinketContent; path = Packages/TrinketContent; sourceTree = SOURCE_ROOT; };
		FCEFEE1788152B3F8E259A13 /* BattlePerformance.xctestplan */ = {isa = PBXFileReference; path = BattlePerformance.xctestplan; sourceTree = "<group>"; };
/* End PBXFileReference section */

/* Begin PBXFileSystemSynchronizedBuildFileExceptionSet section */
		F123AF17EB848F3F64E10FC1 /* PBXFileSystemSynchronizedBuildFileExceptionSet */ = {
			isa = PBXFileSystemSynchronizedBuildFileExceptionSet;
			membershipExceptions = (
				AGENTS.md,
			);
			target = 86015561E99105F8A5BDDC7D /* Trinket */;
		};
/* End PBXFileSystemSynchronizedBuildFileExceptionSet section */

/* Begin PBXFileSystemSynchronizedRootGroup section */
		20206A96AF5435A31C3C85EA /* Trinket/Features */ = {
			isa = PBXFileSystemSynchronizedRootGroup;
			exceptions = (
				F123AF17EB848F3F64E10FC1 /* PBXFileSystemSynchronizedBuildFileExceptionSet */,
			);
			explicitFileTypes = {
			};
			explicitFolders = (
			);
			path = Trinket/Features;
			sourceTree = "<group>";
		};
		46F2F0FEC690D270EF784AF6 /* TrinketTests */ = {
			isa = PBXFileSystemSynchronizedRootGroup;
			explicitFileTypes = {
			};
			explicitFolders = (
			);
			path = TrinketTests;
			sourceTree = "<group>";
		};
		4B97B7A08C91F1C36701801E /* Trinket/App */ = {
			isa = PBXFileSystemSynchronizedRootGroup;
			explicitFileTypes = {
			};
			explicitFolders = (
			);
			path = Trinket/App;
			sourceTree = "<group>";
		};
		BEEC1715CF8233C71D0F54CB /* TrinketUITests */ = {
			isa = PBXFileSystemSynchronizedRootGroup;
			explicitFileTypes = {
			};
			explicitFolders = (
			);
			path = TrinketUITests;
			sourceTree = "<group>";
		};
/* End PBXFileSystemSynchronizedRootGroup section */

/* Begin PBXFrameworksBuildPhase section */
		080CA3DB4757F0194D9C64A6 /* Frameworks */ = {
			isa = PBXFrameworksBuildPhase;
			buildActionMask = 2147483647;
			files = (
				1ECE5CD5F3410FAD07078BE2 /* TrinketFeatureSupport in Frameworks */,
			);
			runOnlyForDeploymentPostprocessing = 0;
		};
		79E6F37A5917EE6EF6C6D80D /* Frameworks */ = {
			isa = PBXFrameworksBuildPhase;
			buildActionMask = 2147483647;
			files = (
				3DCD84503075799C11209A63 /* TrinketCore in Frameworks */,
				A820ABCA7BAB450E5EAAA8D4 /* TrinketContent in Frameworks */,
				04756BA870D817DE941130BE /* BattleEngine in Frameworks */,
				8C6BA4C1BBD73C030B19C18F /* TrinketBattleRuntime in Frameworks */,
				4FCFCA2836B67147182BB17A /* TrinketPersistence in Frameworks */,
				825C777BA8AAF7B0578052E5 /* TrinketDesignSystem in Frameworks */,
				65E8239512AAFA1A1978065C /* TrinketTestSupport in Frameworks */,
				46AE900FE2517E1571C3FA33 /* TrinketFeatureSupport in Frameworks */,
				59AAE7DF2D0399B11EB5D77C /* TrinketBattleFeature in Frameworks */,
				2E22C3058F029F47541490D7 /* TrinketAppState in Frameworks */,
			);
			runOnlyForDeploymentPostprocessing = 0;
		};
		A5089F61087193017EC7CCF2 /* Frameworks */ = {
			isa = PBXFrameworksBuildPhase;
			buildActionMask = 2147483647;
			files = (
				FA5C757C3D32F14239BD0F1C /* TrinketCore in Frameworks */,
				58964BED59FF6AEEC43856CB /* TrinketContent in Frameworks */,
				C6E80F80F414B3EB960B3DF9 /* BattleEngine in Frameworks */,
				984598EB5CC911953BC4F96F /* TrinketBattleRuntime in Frameworks */,
				D069EA9D8B0FC83BD641A500 /* TrinketPersistence in Frameworks */,
				F617A3BED12187C4A935CFFF /* TrinketDesignSystem in Frameworks */,
				B7599007C02C89BBFD9CB989 /* TrinketFeatureContracts in Frameworks */,
				F8CC3ED7216627F7C5B3F8BD /* TrinketBattleContracts in Frameworks */,
				9628FFC3F13EBBFACC58AC4E /* TrinketFeatureAdapters in Frameworks */,
				D590E6C02282D88DAE05949C /* TrinketBattleFeature in Frameworks */,
				8DF07AB448EC3A763B41C3DE /* TrinketAppState in Frameworks */,
			);
			runOnlyForDeploymentPostprocessing = 0;
		};
/* End PBXFrameworksBuildPhase section */

/* Begin PBXGroup section */
		2844A738FB32D14BF53C79FF /* Packages */ = {
			isa = PBXGroup;
			children = (
				E43AF427DA2725C7880E05D0 /* BattleEngine */,
				9C0890BB8BE4806E4AEDBE9B /* TrinketAppState */,
				C8EFA27866F6BA45C26D504E /* TrinketBattleFeature */,
				C0FBF8545A8DB4F45528068B /* TrinketBattleRuntime */,
				FB2F3612614E891F44DD2597 /* TrinketContent */,
				2038380B9FA35C2B4DB4B598 /* TrinketCore */,
				3301AA31D98CDD220CFDF5FF /* TrinketDesignSystem */,
				61DAE383D9127ED4E5EE169F /* TrinketFeatureSupport */,
				8D80BAE3DD95D195DC723862 /* TrinketPersistence */,
				929F7A06B8C849A87066F3DE /* TrinketTestSupport */,
			);
			path = Packages;
			sourceTree = "<group>";
		};
		34E76F1E0275AF5606A8CE2F /* Products */ = {
			isa = PBXGroup;
			children = (
				1524241C62BF8C54E3A7CDF8 /* Trinket.app */,
				DE85C30567FD7EAF410152C1 /* TrinketTests.xctest */,
				0EE632E24DC0BBC45CF233E6 /* TrinketUITests.xctest */,
			);
			name = Products;
			sourceTree = "<group>";
		};
		4C496176F4614A5DBFEF2CFF = {
			isa = PBXGroup;
			children = (
				FCEFEE1788152B3F8E259A13 /* BattlePerformance.xctestplan */,
				E89691B00998EAF137303F2E /* FullUI.xctestplan */,
				4058BC1CE8ECD030168E8758 /* Integration.xctestplan */,
				ADA42E5A1490B3683FC93B52 /* Media */,
				F860CF8731633D08940B8C94 /* QuickSmoke.xctestplan */,
				D77B1B572840FE4B65134F04 /* Smoke.xctestplan */,
				591A93FAF4E4831728073D5B /* Unit.xctestplan */,
				2844A738FB32D14BF53C79FF /* Packages */,
				A4012463DD954CE8411DA9EE /* Trinket */,
				4B97B7A08C91F1C36701801E /* Trinket/App */,
				20206A96AF5435A31C3C85EA /* Trinket/Features */,
				46F2F0FEC690D270EF784AF6 /* TrinketTests */,
				BEEC1715CF8233C71D0F54CB /* TrinketUITests */,
				34E76F1E0275AF5606A8CE2F /* Products */,
			);
			sourceTree = "<group>";
		};
		A4012463DD954CE8411DA9EE /* Trinket */ = {
			isa = PBXGroup;
			children = (
				1CDE25AF095036F687FA72F9 /* AppIcon.icon */,
				8241DDA3B7612A6E5B8B9EDF /* Assets.xcassets */,
				B16CD0B73E69AB7EEA6213A0 /* PrivacyInfo.xcprivacy */,
			);
			path = Trinket;
			sourceTree = "<group>";
		};
/* End PBXGroup section */

/* Begin PBXNativeTarget section */
		2B112CD93B7BA74516E26AC2 /* TrinketUITests */ = {
			isa = PBXNativeTarget;
			buildConfigurationList = 1B0FB207A2FFB556F374E1B9 /* Build configuration list for PBXNativeTarget "TrinketUITests" */;
			buildPhases = (
				9BAF02F2F9AB43DD87FC4C7C /* Sources */,
				9FB85E613248B035E6FBB081 /* Resources */,
				080CA3DB4757F0194D9C64A6 /* Frameworks */,
			);
			buildRules = (
			);
			dependencies = (
				A8D206298A54DA4621EDEA88 /* PBXTargetDependency */,
			);
			fileSystemSynchronizedGroups = (
				BEEC1715CF8233C71D0F54CB /* TrinketUITests */,
			);
			name = TrinketUITests;
			packageProductDependencies = (
				E80FBAF52B5EB42A22B02FA1 /* TrinketFeatureSupport */,
			);
			productName = TrinketUITests;
			productReference = 0EE632E24DC0BBC45CF233E6 /* TrinketUITests.xctest */;
			productType = "com.apple.product-type.bundle.ui-testing";
		};
		86015561E99105F8A5BDDC7D /* Trinket */ = {
			isa = PBXNativeTarget;
			buildConfigurationList = 6547600BB0ED4B74D39B3A78 /* Build configuration list for PBXNativeTarget "Trinket" */;
			buildPhases = (
				21E3B7E2E58C6DE18FB70E68 /* Sources */,
				C807398A97BBF4785CD32DAD /* Resources */,
				A5089F61087193017EC7CCF2 /* Frameworks */,
			);
			buildRules = (
			);
			dependencies = (
			);
			fileSystemSynchronizedGroups = (
				4B97B7A08C91F1C36701801E /* Trinket/App */,
				20206A96AF5435A31C3C85EA /* Trinket/Features */,
			);
			name = Trinket;
			packageProductDependencies = (
				DEEACF4ECF5EFFFE57C7E6FA /* TrinketCore */,
				16AE1F6E42FEAB883DB2CB3E /* TrinketContent */,
				2AA0B90E0358E0B20FD2400D /* BattleEngine */,
				BD6359D761EAC98AF53BF3C0 /* TrinketBattleRuntime */,
				9658964970EAA7409EF39951 /* TrinketPersistence */,
				32051286CDB32D00CC65B576 /* TrinketDesignSystem */,
				B272982FB6EC9592050EDC80 /* TrinketFeatureContracts */,
				88B00721337C68683ED9A2BE /* TrinketBattleContracts */,
				70AA74FBE912AB1EBC7CCDB4 /* TrinketFeatureAdapters */,
				C8EA905F0353F12131822072 /* TrinketBattleFeature */,
				3A9FAC008934C69C357C2297 /* TrinketAppState */,
			);
			productName = Trinket;
			productReference = 1524241C62BF8C54E3A7CDF8 /* Trinket.app */;
			productType = "com.apple.product-type.application";
		};
		F4E69EC44A81B8942F321B2F /* TrinketTests */ = {
			isa = PBXNativeTarget;
			buildConfigurationList = F942381B1944E78647339F8B /* Build configuration list for PBXNativeTarget "TrinketTests" */;
			buildPhases = (
				4479C389B51D310F83EADE2C /* Sources */,
				BBF9B39B631D5F8E0E16C071 /* Resources */,
				79E6F37A5917EE6EF6C6D80D /* Frameworks */,
			);
			buildRules = (
			);
			dependencies = (
				A599320A30D893F77C9E9083 /* PBXTargetDependency */,
			);
			fileSystemSynchronizedGroups = (
				46F2F0FEC690D270EF784AF6 /* TrinketTests */,
			);
			name = TrinketTests;
			packageProductDependencies = (
				518FFFBA8469A3C8E72AB6A3 /* TrinketCore */,
				955549F8D15605E7E9D1DDAA /* TrinketContent */,
				B3AD0325BDFDDF4BF3DA8A6C /* BattleEngine */,
				18E78512186D7292031974E0 /* TrinketBattleRuntime */,
				5BD989F3FF9F61080A11F449 /* TrinketPersistence */,
				EE889EC677C36FCF5BB312FC /* TrinketDesignSystem */,
				358F30F0BFBE9CE012DB3432 /* TrinketTestSupport */,
				C5E66B439BE6F8AFD5341C46 /* TrinketFeatureSupport */,
				FD28F34AA44FA2D311826CDD /* TrinketBattleFeature */,
				497F7B6C4E5FF415E2B9D423 /* TrinketAppState */,
			);
			productName = TrinketTests;
			productReference = DE85C30567FD7EAF410152C1 /* TrinketTests.xctest */;
			productType = "com.apple.product-type.bundle.unit-test";
		};
/* End PBXNativeTarget section */

/* Begin PBXProject section */
		5A9D4A823D9A51FFDE88B050 /* Project object */ = {
			isa = PBXProject;
			attributes = {
				BuildIndependentTargetsInParallel = YES;
				LastUpgradeCheck = 1430;
				TargetAttributes = {
					2B112CD93B7BA74516E26AC2 = {
						TestTargetID = 86015561E99105F8A5BDDC7D;
					};
				};
			};
			buildConfigurationList = 1FF29020ABDCFBE86CBD8C78 /* Build configuration list for PBXProject "Trinket" */;
			developmentRegion = en;
			hasScannedForEncodings = 0;
			knownRegions = (
				Base,
				en,
			);
			mainGroup = 4C496176F4614A5DBFEF2CFF;
			minimizedProjectReferenceProxies = 1;
			packageReferences = (
				B8F57CFCADA520AB194C8BED /* XCLocalSwiftPackageReference "Packages/BattleEngine" */,
				096C6982EC2447F60910550A /* XCLocalSwiftPackageReference "Packages/TrinketAppState" */,
				EA210CC58478BEC431965D78 /* XCLocalSwiftPackageReference "Packages/TrinketBattleFeature" */,
				CD5683D443F88697A4974863 /* XCLocalSwiftPackageReference "Packages/TrinketBattleRuntime" */,
				355F0B06AED548C005142BD6 /* XCLocalSwiftPackageReference "Packages/TrinketContent" */,
				5E1DE20763EC52DE81FE7B72 /* XCLocalSwiftPackageReference "Packages/TrinketCore" */,
				67B181382CCFAFEB2A60F327 /* XCLocalSwiftPackageReference "Packages/TrinketDesignSystem" */,
				07A2D09A8B924C5A7E9A1EC1 /* XCLocalSwiftPackageReference "Packages/TrinketFeatureSupport" */,
				28CA298E56ABA2E9AE051727 /* XCLocalSwiftPackageReference "Packages/TrinketPersistence" */,
				595EFA13D311CAC556EE8594 /* XCLocalSwiftPackageReference "Packages/TrinketTestSupport" */,
			);
			preferredProjectObjectVersion = 77;
			productRefGroup = 34E76F1E0275AF5606A8CE2F /* Products */;
			projectDirPath = "";
			projectRoot = "";
			targets = (
				86015561E99105F8A5BDDC7D /* Trinket */,
				F4E69EC44A81B8942F321B2F /* TrinketTests */,
				2B112CD93B7BA74516E26AC2 /* TrinketUITests */,
			);
		};
/* End PBXProject section */

/* Begin PBXResourcesBuildPhase section */
		9FB85E613248B035E6FBB081 /* Resources */ = {
			isa = PBXResourcesBuildPhase;
			buildActionMask = 2147483647;
			files = (
			);
			runOnlyForDeploymentPostprocessing = 0;
		};
		BBF9B39B631D5F8E0E16C071 /* Resources */ = {
			isa = PBXResourcesBuildPhase;
			buildActionMask = 2147483647;
			files = (
			);
			runOnlyForDeploymentPostprocessing = 0;
		};
		C807398A97BBF4785CD32DAD /* Resources */ = {
			isa = PBXResourcesBuildPhase;
			buildActionMask = 2147483647;
			files = (
				4BEF56B8E7150AD4FC45E71F /* AppIcon.icon in Resources */,
				F9D95B8C131F9E36ECEA7C11 /* Assets.xcassets in Resources */,
				BFC3CE982AB3EB307C0E5578 /* Media in Resources */,
				3F9145F17317B18C900AE4BA /* PrivacyInfo.xcprivacy in Resources */,
			);
			runOnlyForDeploymentPostprocessing = 0;
		};
/* End PBXResourcesBuildPhase section */

/* Begin PBXSourcesBuildPhase section */
		21E3B7E2E58C6DE18FB70E68 /* Sources */ = {
			isa = PBXSourcesBuildPhase;
			buildActionMask = 2147483647;
			files = (
			);
			runOnlyForDeploymentPostprocessing = 0;
		};
		4479C389B51D310F83EADE2C /* Sources */ = {
			isa = PBXSourcesBuildPhase;
			buildActionMask = 2147483647;
			files = (
			);
			runOnlyForDeploymentPostprocessing = 0;
		};
		9BAF02F2F9AB43DD87FC4C7C /* Sources */ = {
			isa = PBXSourcesBuildPhase;
			buildActionMask = 2147483647;
			files = (
			);
			runOnlyForDeploymentPostprocessing = 0;
		};
/* End PBXSourcesBuildPhase section */

/* Begin PBXTargetDependency section */
		A599320A30D893F77C9E9083 /* PBXTargetDependency */ = {
			isa = PBXTargetDependency;
			target = 86015561E99105F8A5BDDC7D /* Trinket */;
			targetProxy = 7B7B9DC370A5716BDB7204FA /* PBXContainerItemProxy */;
		};
		A8D206298A54DA4621EDEA88 /* PBXTargetDependency */ = {
			isa = PBXTargetDependency;
			target = 86015561E99105F8A5BDDC7D /* Trinket */;
			targetProxy = CC19ED7A0742D49E50D7ACA3 /* PBXContainerItemProxy */;
		};
/* End PBXTargetDependency section */

/* Begin XCBuildConfiguration section */
		0EFC7BF9EFF176F64263BA73 /* Release */ = {
			isa = XCBuildConfiguration;
			buildSettings = {
				ASSETCATALOG_COMPILER_APPICON_NAME = AppIcon;
				CODE_SIGN_ENTITLEMENTS = Trinket/Trinket.entitlements;
				CODE_SIGN_IDENTITY = "iPhone Developer";
				GENERATE_INFOPLIST_FILE = YES;
				INFOPLIST_KEY_CADisableMinimumFrameDurationOnPhone = YES;
				INFOPLIST_KEY_UIApplicationSceneManifest_Generation = YES;
				INFOPLIST_KEY_UIApplicationSupportsIndirectInputEvents = YES;
				INFOPLIST_KEY_UILaunchScreen_Generation = YES;
				INFOPLIST_KEY_UISupportedInterfaceOrientations_iPhone = UIInterfaceOrientationPortrait;
				IPHONEOS_DEPLOYMENT_TARGET = 26.0;
				LD_RUNPATH_SEARCH_PATHS = (
					"$(inherited)",
					"@executable_path/Frameworks",
				);
				PRODUCT_BUNDLE_IDENTIFIER = com.ryanmcintire.Trinket;
				SDKROOT = iphoneos;
				TARGETED_DEVICE_FAMILY = 1;
			};
			name = Release;
		};
		42E56EE548A8A318A0FB6A10 /* Debug */ = {
			isa = XCBuildConfiguration;
			buildSettings = {
				BUNDLE_LOADER = "$(TEST_HOST)";
				GENERATE_INFOPLIST_FILE = YES;
				IPHONEOS_DEPLOYMENT_TARGET = 26.0;
				LD_RUNPATH_SEARCH_PATHS = (
					"$(inherited)",
					"@executable_path/Frameworks",
					"@loader_path/Frameworks",
				);
				PRODUCT_BUNDLE_IDENTIFIER = com.ryanmcintire.TrinketUITests;
				SDKROOT = iphoneos;
				TARGETED_DEVICE_FAMILY = 1;
				TEST_TARGET_NAME = Trinket;
			};
			name = Debug;
		};
		61DFBA4B8F7C3DE9B6FF4D35 /* Debug */ = {
			isa = XCBuildConfiguration;
			buildSettings = {
				ALWAYS_SEARCH_USER_PATHS = NO;
				ASSETCATALOG_COMPILER_OPTIMIZATION = time;
				CLANG_ANALYZER_NONNULL = YES;
				CLANG_ANALYZER_NUMBER_OBJECT_CONVERSION = YES_AGGRESSIVE;
				CLANG_CXX_LANGUAGE_STANDARD = "gnu++14";
				CLANG_CXX_LIBRARY = "libc++";
				CLANG_ENABLE_MODULES = YES;
				CLANG_ENABLE_OBJC_ARC = YES;
				CLANG_ENABLE_OBJC_WEAK = YES;
				CLANG_WARN_BLOCK_CAPTURE_AUTORELEASING = YES;
				CLANG_WARN_BOOL_CONVERSION = YES;
				CLANG_WARN_COMMA = YES;
				CLANG_WARN_CONSTANT_CONVERSION = YES;
				CLANG_WARN_DEPRECATED_OBJC_IMPLEMENTATIONS = YES;
				CLANG_WARN_DIRECT_OBJC_ISA_USAGE = YES_ERROR;
				CLANG_WARN_DOCUMENTATION_COMMENTS = YES;
				CLANG_WARN_EMPTY_BODY = YES;
				CLANG_WARN_ENUM_CONVERSION = YES;
				CLANG_WARN_INFINITE_RECURSION = YES;
				CLANG_WARN_INT_CONVERSION = YES;
				CLANG_WARN_NON_LITERAL_NULL_CONVERSION = YES;
				CLANG_WARN_OBJC_IMPLICIT_RETAIN_SELF = YES;
				CLANG_WARN_OBJC_LITERAL_CONVERSION = YES;
				CLANG_WARN_OBJC_ROOT_CLASS = YES_ERROR;
				CLANG_WARN_QUOTED_INCLUDE_IN_FRAMEWORK_HEADER = YES;
				CLANG_WARN_RANGE_LOOP_ANALYSIS = YES;
				CLANG_WARN_STRICT_PROTOTYPES = YES;
				CLANG_WARN_SUSPICIOUS_MOVE = YES;
				CLANG_WARN_UNGUARDED_AVAILABILITY = YES_AGGRESSIVE;
				CLANG_WARN_UNREACHABLE_CODE = YES;
				CLANG_WARN__DUPLICATE_METHOD_MATCH = YES;
				COPY_PHASE_STRIP = NO;
				CURRENT_PROJECT_VERSION = 1;
				DEBUG_INFORMATION_FORMAT = dwarf;
				ENABLE_STRICT_OBJC_MSGSEND = YES;
				ENABLE_TESTABILITY = YES;
				GCC_C_LANGUAGE_STANDARD = gnu11;
				GCC_DYNAMIC_NO_PIC = NO;
				GCC_NO_COMMON_BLOCKS = YES;
				GCC_OPTIMIZATION_LEVEL = 0;
				GCC_PREPROCESSOR_DEFINITIONS = (
					"$(inherited)",
					"DEBUG=1",
				);
				GCC_WARN_64_TO_32_BIT_CONVERSION = YES;
				GCC_WARN_ABOUT_RETURN_TYPE = YES_ERROR;
				GCC_WARN_UNDECLARED_SELECTOR = YES;
				GCC_WARN_UNINITIALIZED_AUTOS = YES_AGGRESSIVE;
				GCC_WARN_UNUSED_FUNCTION = YES;
				GCC_WARN_UNUSED_VARIABLE = YES;
				IPHONEOS_DEPLOYMENT_TARGET = 26.0;
				MARKETING_VERSION = 0.1.0;
				MTL_ENABLE_DEBUG_INFO = INCLUDE_SOURCE;
				MTL_FAST_MATH = YES;
				ONLY_ACTIVE_ARCH = YES;
				PRODUCT_NAME = "$(TARGET_NAME)";
				SDKROOT = iphoneos;
				SWIFT_ACTIVE_COMPILATION_CONDITIONS = DEBUG;
				SWIFT_OPTIMIZATION_LEVEL = "-Onone";
				SWIFT_STRICT_CONCURRENCY = complete;
				SWIFT_VERSION = 6.0;
			};
			name = Debug;
		};
		6EAB3D147DE52473B9B322F0 /* Release */ = {
			isa = XCBuildConfiguration;
			buildSettings = {
				BUNDLE_LOADER = "$(TEST_HOST)";
				GENERATE_INFOPLIST_FILE = YES;
				IPHONEOS_DEPLOYMENT_TARGET = 26.0;
				LD_RUNPATH_SEARCH_PATHS = (
					"$(inherited)",
					"@executable_path/Frameworks",
					"@loader_path/Frameworks",
				);
				PRODUCT_BUNDLE_IDENTIFIER = com.ryanmcintire.TrinketUITests;
				SDKROOT = iphoneos;
				TARGETED_DEVICE_FAMILY = 1;
				TEST_TARGET_NAME = Trinket;
			};
			name = Release;
		};
		74517C7E8D9948485B1CF0DE /* Debug */ = {
			isa = XCBuildConfiguration;
			buildSettings = {
				ASSETCATALOG_COMPILER_APPICON_NAME = AppIcon;
				CODE_SIGN_ENTITLEMENTS = Trinket/Trinket.entitlements;
				CODE_SIGN_IDENTITY = "iPhone Developer";
				GENERATE_INFOPLIST_FILE = YES;
				INFOPLIST_KEY_CADisableMinimumFrameDurationOnPhone = YES;
				INFOPLIST_KEY_UIApplicationSceneManifest_Generation = YES;
				INFOPLIST_KEY_UIApplicationSupportsIndirectInputEvents = YES;
				INFOPLIST_KEY_UILaunchScreen_Generation = YES;
				INFOPLIST_KEY_UISupportedInterfaceOrientations_iPhone = UIInterfaceOrientationPortrait;
				IPHONEOS_DEPLOYMENT_TARGET = 26.0;
				LD_RUNPATH_SEARCH_PATHS = (
					"$(inherited)",
					"@executable_path/Frameworks",
				);
				PRODUCT_BUNDLE_IDENTIFIER = com.ryanmcintire.Trinket;
				SDKROOT = iphoneos;
				TARGETED_DEVICE_FAMILY = 1;
			};
			name = Debug;
		};
		8E1C9E62068F1F4DE5D05A70 /* Release */ = {
			isa = XCBuildConfiguration;
			buildSettings = {
				BUNDLE_LOADER = "$(TEST_HOST)";
				GENERATE_INFOPLIST_FILE = YES;
				IPHONEOS_DEPLOYMENT_TARGET = 26.0;
				LD_RUNPATH_SEARCH_PATHS = (
					"$(inherited)",
					"@executable_path/Frameworks",
					"@loader_path/Frameworks",
				);
				PRODUCT_BUNDLE_IDENTIFIER = com.ryanmcintire.TrinketTests;
				SDKROOT = iphoneos;
				TARGETED_DEVICE_FAMILY = 1;
				TEST_HOST = "$(BUILT_PRODUCTS_DIR)/Trinket.app/Trinket";
			};
			name = Release;
		};
		ABA78B53EFA8C8FF26C7A2DE /* Release */ = {
			isa = XCBuildConfiguration;
			buildSettings = {
				ALWAYS_SEARCH_USER_PATHS = NO;
				ASSETCATALOG_COMPILER_OPTIMIZATION = space;
				CLANG_ANALYZER_NONNULL = YES;
				CLANG_ANALYZER_NUMBER_OBJECT_CONVERSION = YES_AGGRESSIVE;
				CLANG_CXX_LANGUAGE_STANDARD = "gnu++14";
				CLANG_CXX_LIBRARY = "libc++";
				CLANG_ENABLE_MODULES = YES;
				CLANG_ENABLE_OBJC_ARC = YES;
				CLANG_ENABLE_OBJC_WEAK = YES;
				CLANG_WARN_BLOCK_CAPTURE_AUTORELEASING = YES;
				CLANG_WARN_BOOL_CONVERSION = YES;
				CLANG_WARN_COMMA = YES;
				CLANG_WARN_CONSTANT_CONVERSION = YES;
				CLANG_WARN_DEPRECATED_OBJC_IMPLEMENTATIONS = YES;
				CLANG_WARN_DIRECT_OBJC_ISA_USAGE = YES_ERROR;
				CLANG_WARN_DOCUMENTATION_COMMENTS = YES;
				CLANG_WARN_EMPTY_BODY = YES;
				CLANG_WARN_ENUM_CONVERSION = YES;
				CLANG_WARN_INFINITE_RECURSION = YES;
				CLANG_WARN_INT_CONVERSION = YES;
				CLANG_WARN_NON_LITERAL_NULL_CONVERSION = YES;
				CLANG_WARN_OBJC_IMPLICIT_RETAIN_SELF = YES;
				CLANG_WARN_OBJC_LITERAL_CONVERSION = YES;
				CLANG_WARN_OBJC_ROOT_CLASS = YES_ERROR;
				CLANG_WARN_QUOTED_INCLUDE_IN_FRAMEWORK_HEADER = YES;
				CLANG_WARN_RANGE_LOOP_ANALYSIS = YES;
				CLANG_WARN_STRICT_PROTOTYPES = YES;
				CLANG_WARN_SUSPICIOUS_MOVE = YES;
				CLANG_WARN_UNGUARDED_AVAILABILITY = YES_AGGRESSIVE;
				CLANG_WARN_UNREACHABLE_CODE = YES;
				CLANG_WARN__DUPLICATE_METHOD_MATCH = YES;
				COPY_PHASE_STRIP = NO;
				CURRENT_PROJECT_VERSION = 1;
				DEBUG_INFORMATION_FORMAT = "dwarf-with-dsym";
				ENABLE_NS_ASSERTIONS = NO;
				ENABLE_STRICT_OBJC_MSGSEND = YES;
				GCC_C_LANGUAGE_STANDARD = gnu11;
				GCC_NO_COMMON_BLOCKS = YES;
				GCC_WARN_64_TO_32_BIT_CONVERSION = YES;
				GCC_WARN_ABOUT_RETURN_TYPE = YES_ERROR;
				GCC_WARN_UNDECLARED_SELECTOR = YES;
				GCC_WARN_UNINITIALIZED_AUTOS = YES_AGGRESSIVE;
				GCC_WARN_UNUSED_FUNCTION = YES;
				GCC_WARN_UNUSED_VARIABLE = YES;
				IPHONEOS_DEPLOYMENT_TARGET = 26.0;
				MARKETING_VERSION = 0.1.0;
				MTL_ENABLE_DEBUG_INFO = NO;
				MTL_FAST_MATH = YES;
				PRODUCT_NAME = "$(TARGET_NAME)";
				SDKROOT = iphoneos;
				SWIFT_COMPILATION_MODE = wholemodule;
				SWIFT_OPTIMIZATION_LEVEL = "-O";
				SWIFT_STRICT_CONCURRENCY = complete;
				SWIFT_VERSION = 6.0;
			};
			name = Release;
		};
		C65C78F0357E03675BADC4DA /* Debug */ = {
			isa = XCBuildConfiguration;
			buildSettings = {
				BUNDLE_LOADER = "$(TEST_HOST)";
				GENERATE_INFOPLIST_FILE = YES;
				IPHONEOS_DEPLOYMENT_TARGET = 26.0;
				LD_RUNPATH_SEARCH_PATHS = (
					"$(inherited)",
					"@executable_path/Frameworks",
					"@loader_path/Frameworks",
				);
				PRODUCT_BUNDLE_IDENTIFIER = com.ryanmcintire.TrinketTests;
				SDKROOT = iphoneos;
				TARGETED_DEVICE_FAMILY = 1;
				TEST_HOST = "$(BUILT_PRODUCTS_DIR)/Trinket.app/Trinket";
			};
			name = Debug;
		};
/* End XCBuildConfiguration section */

/* Begin XCConfigurationList section */
		1B0FB207A2FFB556F374E1B9 /* Build configuration list for PBXNativeTarget "TrinketUITests" */ = {
			isa = XCConfigurationList;
			buildConfigurations = (
				42E56EE548A8A318A0FB6A10 /* Debug */,
				6EAB3D147DE52473B9B322F0 /* Release */,
			);
			defaultConfigurationIsVisible = 0;
			defaultConfigurationName = Debug;
		};
		1FF29020ABDCFBE86CBD8C78 /* Build configuration list for PBXProject "Trinket" */ = {
			isa = XCConfigurationList;
			buildConfigurations = (
				61DFBA4B8F7C3DE9B6FF4D35 /* Debug */,
				ABA78B53EFA8C8FF26C7A2DE /* Release */,
			);
			defaultConfigurationIsVisible = 0;
			defaultConfigurationName = Debug;
		};
		6547600BB0ED4B74D39B3A78 /* Build configuration list for PBXNativeTarget "Trinket" */ = {
			isa = XCConfigurationList;
			buildConfigurations = (
				74517C7E8D9948485B1CF0DE /* Debug */,
				0EFC7BF9EFF176F64263BA73 /* Release */,
			);
			defaultConfigurationIsVisible = 0;
			defaultConfigurationName = Debug;
		};
		F942381B1944E78647339F8B /* Build configuration list for PBXNativeTarget "TrinketTests" */ = {
			isa = XCConfigurationList;
			buildConfigurations = (
				C65C78F0357E03675BADC4DA /* Debug */,
				8E1C9E62068F1F4DE5D05A70 /* Release */,
			);
			defaultConfigurationIsVisible = 0;
			defaultConfigurationName = Debug;
		};
/* End XCConfigurationList section */

/* Begin XCLocalSwiftPackageReference section */
		07A2D09A8B924C5A7E9A1EC1 /* XCLocalSwiftPackageReference "Packages/TrinketFeatureSupport" */ = {
			isa = XCLocalSwiftPackageReference;
			relativePath = Packages/TrinketFeatureSupport;
		};
		096C6982EC2447F60910550A /* XCLocalSwiftPackageReference "Packages/TrinketAppState" */ = {
			isa = XCLocalSwiftPackageReference;
			relativePath = Packages/TrinketAppState;
		};
		28CA298E56ABA2E9AE051727 /* XCLocalSwiftPackageReference "Packages/TrinketPersistence" */ = {
			isa = XCLocalSwiftPackageReference;
			relativePath = Packages/TrinketPersistence;
		};
		355F0B06AED548C005142BD6 /* XCLocalSwiftPackageReference "Packages/TrinketContent" */ = {
			isa = XCLocalSwiftPackageReference;
			relativePath = Packages/TrinketContent;
		};
		595EFA13D311CAC556EE8594 /* XCLocalSwiftPackageReference "Packages/TrinketTestSupport" */ = {
			isa = XCLocalSwiftPackageReference;
			relativePath = Packages/TrinketTestSupport;
		};
		5E1DE20763EC52DE81FE7B72 /* XCLocalSwiftPackageReference "Packages/TrinketCore" */ = {
			isa = XCLocalSwiftPackageReference;
			relativePath = Packages/TrinketCore;
		};
		67B181382CCFAFEB2A60F327 /* XCLocalSwiftPackageReference "Packages/TrinketDesignSystem" */ = {
			isa = XCLocalSwiftPackageReference;
			relativePath = Packages/TrinketDesignSystem;
		};
		B8F57CFCADA520AB194C8BED /* XCLocalSwiftPackageReference "Packages/BattleEngine" */ = {
			isa = XCLocalSwiftPackageReference;
			relativePath = Packages/BattleEngine;
		};
		CD5683D443F88697A4974863 /* XCLocalSwiftPackageReference "Packages/TrinketBattleRuntime" */ = {
			isa = XCLocalSwiftPackageReference;
			relativePath = Packages/TrinketBattleRuntime;
		};
		EA210CC58478BEC431965D78 /* XCLocalSwiftPackageReference "Packages/TrinketBattleFeature" */ = {
			isa = XCLocalSwiftPackageReference;
			relativePath = Packages/TrinketBattleFeature;
		};
/* End XCLocalSwiftPackageReference section */

/* Begin XCSwiftPackageProductDependency section */
		16AE1F6E42FEAB883DB2CB3E /* TrinketContent */ = {
			isa = XCSwiftPackageProductDependency;
			productName = TrinketContent;
		};
		18E78512186D7292031974E0 /* TrinketBattleRuntime */ = {
			isa = XCSwiftPackageProductDependency;
			productName = TrinketBattleRuntime;
		};
		2AA0B90E0358E0B20FD2400D /* BattleEngine */ = {
			isa = XCSwiftPackageProductDependency;
			productName = BattleEngine;
		};
		32051286CDB32D00CC65B576 /* TrinketDesignSystem */ = {
			isa = XCSwiftPackageProductDependency;
			productName = TrinketDesignSystem;
		};
		358F30F0BFBE9CE012DB3432 /* TrinketTestSupport */ = {
			isa = XCSwiftPackageProductDependency;
			productName = TrinketTestSupport;
		};
		3A9FAC008934C69C357C2297 /* TrinketAppState */ = {
			isa = XCSwiftPackageProductDependency;
			productName = TrinketAppState;
		};
		497F7B6C4E5FF415E2B9D423 /* TrinketAppState */ = {
			isa = XCSwiftPackageProductDependency;
			productName = TrinketAppState;
		};
		518FFFBA8469A3C8E72AB6A3 /* TrinketCore */ = {
			isa = XCSwiftPackageProductDependency;
			productName = TrinketCore;
		};
		5BD989F3FF9F61080A11F449 /* TrinketPersistence */ = {
			isa = XCSwiftPackageProductDependency;
			productName = TrinketPersistence;
		};
		70AA74FBE912AB1EBC7CCDB4 /* TrinketFeatureAdapters */ = {
			isa = XCSwiftPackageProductDependency;
			productName = TrinketFeatureAdapters;
		};
		88B00721337C68683ED9A2BE /* TrinketBattleContracts */ = {
			isa = XCSwiftPackageProductDependency;
			productName = TrinketBattleContracts;
		};
		955549F8D15605E7E9D1DDAA /* TrinketContent */ = {
			isa = XCSwiftPackageProductDependency;
			productName = TrinketContent;
		};
		9658964970EAA7409EF39951 /* TrinketPersistence */ = {
			isa = XCSwiftPackageProductDependency;
			productName = TrinketPersistence;
		};
		B272982FB6EC9592050EDC80 /* TrinketFeatureContracts */ = {
			isa = XCSwiftPackageProductDependency;
			productName = TrinketFeatureContracts;
		};
		B3AD0325BDFDDF4BF3DA8A6C /* BattleEngine */ = {
			isa = XCSwiftPackageProductDependency;
			productName = BattleEngine;
		};
		BD6359D761EAC98AF53BF3C0 /* TrinketBattleRuntime */ = {
			isa = XCSwiftPackageProductDependency;
			productName = TrinketBattleRuntime;
		};
		C5E66B439BE6F8AFD5341C46 /* TrinketFeatureSupport */ = {
			isa = XCSwiftPackageProductDependency;
			productName = TrinketFeatureSupport;
		};
		C8EA905F0353F12131822072 /* TrinketBattleFeature */ = {
			isa = XCSwiftPackageProductDependency;
			productName = TrinketBattleFeature;
		};
		DEEACF4ECF5EFFFE57C7E6FA /* TrinketCore */ = {
			isa = XCSwiftPackageProductDependency;
			productName = TrinketCore;
		};
		E80FBAF52B5EB42A22B02FA1 /* TrinketFeatureSupport */ = {
			isa = XCSwiftPackageProductDependency;
			productName = TrinketFeatureSupport;
		};
		EE889EC677C36FCF5BB312FC /* TrinketDesignSystem */ = {
			isa = XCSwiftPackageProductDependency;
			productName = TrinketDesignSystem;
		};
		FD28F34AA44FA2D311826CDD /* TrinketBattleFeature */ = {
			isa = XCSwiftPackageProductDependency;
			productName = TrinketBattleFeature;
		};
/* End XCSwiftPackageProductDependency section */
	};
	rootObject = 5A9D4A823D9A51FFDE88B050 /* Project object */;
}
